{
  "originHash" : "cb7d9ba9fd1fc5f276acc5299cfb736cd23c5d2105f676e5387fe443484702d9",
  "pins" : [
    {
      "identity" : "codeeditor",
      "kind" : "remoteSourceControl",
      "location" : "https://github.com/ZeeZide/CodeEditor",
      "state" : {
        "revision" : "f5c076b94f4ceb05abff88ba91d75a8d57143f0c",
        "version" : "1.2.6"
      }
    },
    {
      "identity" : "faviconfinder",
      "kind" : "remoteSourceControl",
      "location" : "https://github.com/will-lumley/FaviconFinder/",
      "state" : {
        "revision" : "c87a6d27d472a2013506c3c173a8768f8e7521ee",
        "version" : "5.0.2"
      }
    },
    {
      "identity" : "gravatar-sdk-ios",
      "kind" : "remoteSourceControl",
      "location" : "https://github.com/Automattic/Gravatar-SDK-iOS",
      "state" : {
        "revision" : "c6a115f5b44c99634d4361cff04db1e9e7ac0baa",
        "version" : "1.0.1"
      }
    },
    {
      "identity" : "highlightr",
      "kind" : "remoteSourceControl",
      "location" : "https://github.com/helje5/Highlightr",
      "state" : {
        "revision" : "bd0358056ff1f12ea83833a9fc1b3b5a396a9da0",
        "version" : "3.0.2"
      }
    },
    {
      "identity" : "networkimage",
      "kind" : "remoteSourceControl",
      "location" : "https://github.com/gonzalezreal/NetworkImage",
      "state" : {
        "revision" : "7aff8d1b31148d32c5933d75557d42f6323ee3d1",
        "version" : "6.0.0"
      }
    },
    {
      "identity" : "sdwebimage",
      "kind" : "remoteSourceControl",
      "location" : "https://github.com/SDWebImage/SDWebImage.git",
      "state" : {
        "revision" : "be0bcd7823ce56629948491f2eaeaa19979514f7",
        "version" : "5.19.4"
      }
    },
    {
      "identity" : "sdwebimageswiftui",
      "kind" : "remoteSourceControl",
      "location" : "https://github.com/SDWebImage/SDWebImageSwiftUI",
      "state" : {
        "revision" : "5d462f7530677ae0c2b9510c26383aa25ba48751",
        "version" : "3.1.1"
      }
    },
    {
      "identity" : "swift-markdown-ui",
      "kind" : "remoteSourceControl",
      "location" : "https://github.com/gonzalezreal/swift-markdown-ui",
      "state" : {
        "revision" : "9a8119b37e09a770367eeb26e05267c75d854053",
        "version" : "2.3.1"
      }
    },
    {
      "identity" : "swiftsoup",
      "kind" : "remoteSourceControl",
      "location" : "https://github.com/scinfu/SwiftSoup.git",
      "state" : {
        "revision" : "028487d4a8a291b2fe1b4392b5425b6172056148",
        "version" : "2.7.2"
      }
    },
    {
      "identity" : "webviewswiftui-aura",
      "kind" : "remoteSourceControl",
      "location" : "https://github.com/doorhinge-apps/WebViewSwiftUI-Aura",
      "state" : {
        "branch" : "main",
        "revision" : "63e16e0d755d239228d8c0a33ce752d0c8030185"
      }
    },
    {
      "identity" : "wkdownloadhelper",
      "kind" : "remoteSourceControl",
      "location" : "https://github.com/gualtierofrigerio/WKDownloadHelper",
      "state" : {
        "revision" : "3a13843e37a4bdcbeca9f9357c17fec77893fa3a",
        "version" : "0.3.1"
      }
    },
    {
      "identity" : "youtubeplayerkit",
      "kind" : "remoteSourceControl",
      "location" : "https://github.com/SvenTiigi/YouTubePlayerKit",
      "state" : {
        "revision" : "5ade0dfbabaf7456069b4e8f604de261bf6d7c67",
        "version" : "1.8.0"
      }
    }
  ],
  "version" : 3
}
