{
  "originHash" : "23c530cbbf41fe08642afbf55a164f8d70a052a9fe4c1fb4e9e7039411206a80",
  "pins" : [
    {
      "identity" : "codeeditor",
      "kind" : "remoteSourceControl",
      "location" : "https://github.com/ZeeZide/CodeEditor",
      "state" : {
        "revision" : "f5c076b94f4ceb05abff88ba91d75a8d57143f0c",
        "version" : "1.2.6"
      }
    },
    {
      "identity" : "faviconfinder",
      "kind" : "remoteSourceControl",
      "location" : "https://github.com/will-lumley/FaviconFinder/",
      "state" : {
        "revision" : "9279f4371f4877ca302ba3bf1015f3f58ae4a56c",
        "version" : "5.1.4"
      }
    },
    {
      "identity" : "highlightr",
      "kind" : "remoteSourceControl",
      "location" : "https://github.com/helje5/Highlightr",
      "state" : {
        "revision" : "bd0358056ff1f12ea83833a9fc1b3b5a396a9da0",
        "version" : "3.0.2"
      }
    },
    {
      "identity" : "networkimage",
      "kind" : "remoteSourceControl",
      "location" : "https://github.com/gonzalezreal/NetworkImage",
      "state" : {
        "revision" : "2849f5323265386e200484b0d0f896e73c3411b9",
        "version" : "6.0.1"
      }
    },
    {
      "identity" : "openai",
      "kind" : "remoteSourceControl",
      "location" : "https://github.com/MacPaw/OpenAI",
      "state" : {
        "revision" : "12ba7f40085c45058ec0b4556a56bc84e97ff382",
        "version" : "0.2.0"
      }
    },
    {
      "identity" : "sdwebimage",
      "kind" : "remoteSourceControl",
      "location" : "https://github.com/SDWebImage/SDWebImage.git",
      "state" : {
        "revision" : "cac9a55a3ae92478a2c95042dcc8d9695d2129ca",
        "version" : "5.21.0"
      }
    },
    {
      "identity" : "sdwebimageswiftui",
      "kind" : "remoteSourceControl",
      "location" : "https://github.com/SDWebImage/SDWebImageSwiftUI",
      "state" : {
        "revision" : "451c6dfd5ecec2cf626d1d9ca81c2d4a60355172",
        "version" : "3.1.3"
      }
    },
    {
      "identity" : "swift-cmark",
      "kind" : "remoteSourceControl",
      "location" : "https://github.com/swiftlang/swift-cmark",
      "state" : {
        "revision" : "b022b08312decdc46585e0b3440d97f6f22ef703",
        "version" : "0.6.0"
      }
    },
    {
      "identity" : "swift-markdown-ui",
      "kind" : "remoteSourceControl",
      "location" : "https://github.com/gonzalezreal/swift-markdown-ui",
      "state" : {
        "revision" : "5f613358148239d0292c0cef674a3c2314737f9e",
        "version" : "2.4.1"
      }
    },
    {
      "identity" : "swiftsoup",
      "kind" : "remoteSourceControl",
      "location" : "https://github.com/scinfu/SwiftSoup.git",
      "state" : {
        "revision" : "bba848db50462894e7fc0891d018dfecad4ef11e",
        "version" : "2.8.7"
      }
    },
    {
      "identity" : "wkdownloadhelper",
      "kind" : "remoteSourceControl",
      "location" : "https://github.com/gualtierofrigerio/WKDownloadHelper",
      "state" : {
        "revision" : "3a13843e37a4bdcbeca9f9357c17fec77893fa3a",
        "version" : "0.3.1"
      }
    },
    {
      "identity" : "youtubeplayerkit",
      "kind" : "remoteSourceControl",
      "location" : "https://github.com/SvenTiigi/YouTubePlayerKit",
      "state" : {
        "revision" : "fe1c1ec340f6d79866131432ecaa190fd6bbc4cb",
        "version" : "1.9.0"
      }
    }
  ],
  "version" : 3
}
