{
  "originHash" : "0aaeb044550b4065bca91c88fbcd6e3b103e7f58c8fa59276813b911fd9db4bc",
  "pins" : [
    {
      "identity" : "codeeditor",
      "kind" : "remoteSourceControl",
      "location" : "https://github.com/ZeeZide/CodeEditor",
      "state" : {
        "revision" : "f5c076b94f4ceb05abff88ba91d75a8d57143f0c",
        "version" : "1.2.6"
      }
    },
    {
      "identity" : "faviconfinder",
      "kind" : "remoteSourceControl",
      "location" : "https://github.com/will-lumley/FaviconFinder/",
      "state" : {
        "revision" : "21e00c75fe364f37b5ba89424d38a607db1df2d1",
        "version" : "5.0.4"
      }
    },
    {
      "identity" : "gravatar-sdk-ios",
      "kind" : "remoteSourceControl",
      "location" : "https://github.com/Automattic/Gravatar-SDK-iOS",
      "state" : {
        "revision" : "c6a115f5b44c99634d4361cff04db1e9e7ac0baa",
        "version" : "1.0.1"
      }
    },
    {
      "identity" : "highlightr",
      "kind" : "remoteSourceControl",
      "location" : "https://github.com/helje5/Highlightr",
      "state" : {
        "revision" : "bd0358056ff1f12ea83833a9fc1b3b5a396a9da0",
        "version" : "3.0.2"
      }
    },
    {
      "identity" : "networkimage",
      "kind" : "remoteSourceControl",
      "location" : "https://github.com/gonzalezreal/NetworkImage",
      "state" : {
        "revision" : "7aff8d1b31148d32c5933d75557d42f6323ee3d1",
        "version" : "6.0.0"
      }
    },
    {
      "identity" : "openai",
      "kind" : "remoteSourceControl",
      "location" : "https://github.com/MacPaw/OpenAI",
      "state" : {
        "revision" : "35afc9a6ee127b8f22a85a31aec2036a987478af",
        "version" : "0.2.6"
      }
    },
    {
      "identity" : "sdwebimage",
      "kind" : "remoteSourceControl",
      "location" : "https://github.com/SDWebImage/SDWebImage.git",
      "state" : {
        "revision" : "8a1be70a625683bc04d6903e2935bf23f3c6d609",
        "version" : "5.19.7"
      }
    },
    {
      "identity" : "sdwebimageswiftui",
      "kind" : "remoteSourceControl",
      "location" : "https://github.com/SDWebImage/SDWebImageSwiftUI",
      "state" : {
        "revision" : "5aa947356f4ea49a0c3b9968564267f6ea5abea7",
        "version" : "3.1.2"
      }
    },
    {
      "identity" : "swift-markdown-ui",
      "kind" : "remoteSourceControl",
      "location" : "https://github.com/gonzalezreal/swift-markdown-ui",
      "state" : {
        "revision" : "55441810c0f678c78ed7e2ebd46dde89228e02fc",
        "version" : "2.4.0"
      }
    },
    {
      "identity" : "swiftlintplugins",
      "kind" : "remoteSourceControl",
      "location" : "https://github.com/SimplyDanny/SwiftLintPlugins",
      "state" : {
        "revision" : "6c3d6c32a37224179dc290f21e03d1238f3d963b",
        "version" : "0.56.2"
      }
    },
    {
      "identity" : "swiftsoup",
      "kind" : "remoteSourceControl",
      "location" : "https://github.com/scinfu/SwiftSoup.git",
      "state" : {
        "revision" : "3c2c7e1e72b8abd96eafbae80323c5c1e5317437",
        "version" : "2.7.5"
      }
    },
    {
      "identity" : "wkdownloadhelper",
      "kind" : "remoteSourceControl",
      "location" : "https://github.com/gualtierofrigerio/WKDownloadHelper",
      "state" : {
        "revision" : "3a13843e37a4bdcbeca9f9357c17fec77893fa3a",
        "version" : "0.3.1"
      }
    },
    {
      "identity" : "youtubeplayerkit",
      "kind" : "remoteSourceControl",
      "location" : "https://github.com/SvenTiigi/YouTubePlayerKit",
      "state" : {
        "revision" : "fe1c1ec340f6d79866131432ecaa190fd6bbc4cb",
        "version" : "1.9.0"
      }
    }
  ],
  "version" : 3
}
