// !$*UTF8*$!
{
	archiveVersion = 1;
	classes = {
	};
	objectVersion = 56;
	objects = {

/* Begin PBXBuildFile section */
		B90213732AAFDEE200AB708D /* Button Styles.swift in Sources */ = {isa = PBXBuildFile; fileRef = B90213722AAFDEE200AB708D /* Button Styles.swift */; };
		B90213752AB0174F00AB708D /* SizedSpacer.swift in Sources */ = {isa = PBXBuildFile; fileRef = B90213742AB0174F00AB708D /* SizedSpacer.swift */; };
		B90294512C325C07005DB4CA /* Browse for Me Mobile.swift in Sources */ = {isa = PBXBuildFile; fileRef = B90294502C325C07005DB4CA /* Browse for Me Mobile.swift */; };
		B90644122C40F3B00056C5D3 /* History.swift in Sources */ = {isa = PBXBuildFile; fileRef = B90644112C40F3AF0056C5D3 /* History.swift */; };
		B90644142C40F3B50056C5D3 /* HistoryObservable.swift in Sources */ = {isa = PBXBuildFile; fileRef = B90644132C40F3B50056C5D3 /* HistoryObservable.swift */; };
		B90670CA2CCD7FAB00DE3B76 /* ToolbarButtonStyle.swift in Sources */ = {isa = PBXBuildFile; fileRef = B90670C92CCD7FAB00DE3B76 /* ToolbarButtonStyle.swift */; };
		B90670E62CCDD95500DE3B76 /* WebPreview.swift in Sources */ = {isa = PBXBuildFile; fileRef = B90670E52CCDD95500DE3B76 /* WebPreview.swift */; };
		B90670E92CCDD9BC00DE3B76 /* TabList.swift in Sources */ = {isa = PBXBuildFile; fileRef = B90670E82CCDD9BC00DE3B76 /* TabList.swift */; };
		B90670EB2CCDD9FD00DE3B76 /* MobileTabsModel.swift in Sources */ = {isa = PBXBuildFile; fileRef = B90670EA2CCDD9FD00DE3B76 /* MobileTabsModel.swift */; };
		B91BCF412C3F1AED0031581D /* SearchEngine.swift in Sources */ = {isa = PBXBuildFile; fileRef = B91BCF402C3F1AED0031581D /* SearchEngine.swift */; };
		B91BCF442C3F1B740031581D /* someKey.swift in Sources */ = {isa = PBXBuildFile; fileRef = B91BCF432C3F1B740031581D /* someKey.swift */; };
		B91BCF462C3F1FDE0031581D /* Removing Duplicates.swift in Sources */ = {isa = PBXBuildFile; fileRef = B91BCF452C3F1FDE0031581D /* Removing Duplicates.swift */; };
		B91BCF622C3F36420031581D /* NetworkMonitor.swift in Sources */ = {isa = PBXBuildFile; fileRef = B91BCF612C3F36420031581D /* NetworkMonitor.swift */; };
		B91BCF642C3F367A0031581D /* NoWifi.swift in Sources */ = {isa = PBXBuildFile; fileRef = B91BCF632C3F367A0031581D /* NoWifi.swift */; };
		B91BCF692C3F54940031581D /* ShortcutSettings.swift in Sources */ = {isa = PBXBuildFile; fileRef = B91BCF682C3F54940031581D /* ShortcutSettings.swift */; };
		B91BCF6B2C3F5ECF0031581D /* AISettings.swift in Sources */ = {isa = PBXBuildFile; fileRef = B91BCF6A2C3F5ECF0031581D /* AISettings.swift */; };
		B91FBF952BC8EB0C001C317C /* Tab Bar.swift in Sources */ = {isa = PBXBuildFile; fileRef = B91FBF942BC8EB0C001C317C /* Tab Bar.swift */; };
		B9230FFA2BBD36740032C950 /* TopDomains.json in Resources */ = {isa = PBXBuildFile; fileRef = B9230FF92BBD36740032C950 /* TopDomains.json */; };
		B9230FFC2BBD36FC0032C950 /* public_suffix_list.txt in Resources */ = {isa = PBXBuildFile; fileRef = B9230FFB2BBD36FC0032C950 /* public_suffix_list.txt */; };
		B923BA622CD89FA90000C09C /* TabTypeSwitcher.swift in Sources */ = {isa = PBXBuildFile; fileRef = B923BA612CD89FA90000C09C /* TabTypeSwitcher.swift */; };
		B92652E62C3C9E3700DA2241 /* CodeEditor in Frameworks */ = {isa = PBXBuildFile; productRef = B92652E52C3C9E3700DA2241 /* CodeEditor */; };
		B9272D342C240DDD00B014D8 /* Browse for Me.swift in Sources */ = {isa = PBXBuildFile; fileRef = B9272D312C240DDD00B014D8 /* Browse for Me.swift */; };
		B9272D352C240DDD00B014D8 /* MarkdownParser.swift in Sources */ = {isa = PBXBuildFile; fileRef = B9272D332C240DDD00B014D8 /* MarkdownParser.swift */; };
		B9272D362C240DDD00B014D8 /* PerplexityRequest.swift in Sources */ = {isa = PBXBuildFile; fileRef = B9272D322C240DDD00B014D8 /* PerplexityRequest.swift */; };
		B9272D3B2C250A9D00B014D8 /* MarkdownUI in Frameworks */ = {isa = PBXBuildFile; productRef = B9272D3A2C250A9D00B014D8 /* MarkdownUI */; };
		B9272D3D2C250CDD00B014D8 /* Adaway.json in Resources */ = {isa = PBXBuildFile; fileRef = B9272D3C2C250CDD00B014D8 /* Adaway.json */; };
		B9272D472C26A52300B014D8 /* VGrid.swift in Sources */ = {isa = PBXBuildFile; fileRef = B9272D462C26A52300B014D8 /* VGrid.swift */; };
		B9272D4A2C26AA7A00B014D8 /* WaveTextEffect.swift in Sources */ = {isa = PBXBuildFile; fileRef = B9272D492C26AA7A00B014D8 /* WaveTextEffect.swift */; };
		B9272D4D2C26B59C00B014D8 /* YouTubePlayerKit in Frameworks */ = {isa = PBXBuildFile; productRef = B9272D4C2C26B59C00B014D8 /* YouTubePlayerKit */; };
		B92FDE1B2C2E642900B07703 /* TabLocations.swift in Sources */ = {isa = PBXBuildFile; fileRef = B92FDE1A2C2E642900B07703 /* TabLocations.swift */; };
		B93440E62C486A8100D6BA35 /* HorizontalSidebar.swift in Sources */ = {isa = PBXBuildFile; fileRef = B93440E52C486A8100D6BA35 /* HorizontalSidebar.swift */; };
		B93440E82C48C7E300D6BA35 /* Sharing.swift in Sources */ = {isa = PBXBuildFile; fileRef = B93440E72C48C7E300D6BA35 /* Sharing.swift */; };
		B934410A2C4C7FA300D6BA35 /* WebViewStore+JS.swift in Sources */ = {isa = PBXBuildFile; fileRef = B93441082C4C7FA300D6BA35 /* WebViewStore+JS.swift */; };
		B934410B2C4C7FA300D6BA35 /* WebViewStore.swift in Sources */ = {isa = PBXBuildFile; fileRef = B93441072C4C7FA300D6BA35 /* WebViewStore.swift */; };
		B934410C2C4C7FA300D6BA35 /* Utils.swift in Sources */ = {isa = PBXBuildFile; fileRef = B93441062C4C7FA300D6BA35 /* Utils.swift */; };
		B934410D2C4C7FA300D6BA35 /* WebViewStore+Links.swift in Sources */ = {isa = PBXBuildFile; fileRef = B93441092C4C7FA300D6BA35 /* WebViewStore+Links.swift */; };
		B934410E2C4C7FA300D6BA35 /* BrowserView.swift in Sources */ = {isa = PBXBuildFile; fileRef = B93441052C4C7FA300D6BA35 /* BrowserView.swift */; };
		B934410F2C4C7FA300D6BA35 /* ActivityIndicator.swift in Sources */ = {isa = PBXBuildFile; fileRef = B93441042C4C7FA300D6BA35 /* ActivityIndicator.swift */; };
		B93441112C4CD90700D6BA35 /* Menu Space Picker.swift in Sources */ = {isa = PBXBuildFile; fileRef = B93441102C4CD90700D6BA35 /* Menu Space Picker.swift */; };
		B934413B2C51EC4000D6BA35 /* ChatGPT.swift in Sources */ = {isa = PBXBuildFile; fileRef = B934413A2C51EC4000D6BA35 /* ChatGPT.swift */; };
		B934413E2C51F88A00D6BA35 /* Reader.swift in Sources */ = {isa = PBXBuildFile; fileRef = B934413D2C51F88A00D6BA35 /* Reader.swift */; };
		B93AE9302C2A3EBF003D0E88 /* Launch Animation.swift in Sources */ = {isa = PBXBuildFile; fileRef = B93AE92F2C2A3EBF003D0E88 /* Launch Animation.swift */; };
		B93AE9332C2AA10A003D0E88 /* HoverButtonDisabled.swift in Sources */ = {isa = PBXBuildFile; fileRef = B93AE9322C2AA10A003D0E88 /* HoverButtonDisabled.swift */; };
		B93D9D2C2BDF31A80002D01B /* Today Tab.swift in Sources */ = {isa = PBXBuildFile; fileRef = B93D9D2B2BDF31A80002D01B /* Today Tab.swift */; };
		B93D9D2E2BDF34C90002D01B /* Pinned Tab.swift in Sources */ = {isa = PBXBuildFile; fileRef = B93D9D2D2BDF34C90002D01B /* Pinned Tab.swift */; };
		B93D9D312BDF36130002D01B /* SuggestionsURLs.swift in Sources */ = {isa = PBXBuildFile; fileRef = B93D9D302BDF36130002D01B /* SuggestionsURLs.swift */; };
		B943038E2C2D330000D787A4 /* Haptics.swift in Sources */ = {isa = PBXBuildFile; fileRef = B943038D2C2D330000D787A4 /* Haptics.swift */; };
		B94303922C2D347C00D787A4 /* CurrentWebView.swift in Sources */ = {isa = PBXBuildFile; fileRef = B94303912C2D347C00D787A4 /* CurrentWebView.swift */; };
		B94303942C2D34B900D787A4 /* LoadingIndicators.swift in Sources */ = {isa = PBXBuildFile; fileRef = B94303932C2D34B900D787A4 /* LoadingIndicators.swift */; };
		B94ADB1E2C3EDFB60054899D /* averageHex.swift in Sources */ = {isa = PBXBuildFile; fileRef = B94ADB1D2C3EDFB60054899D /* averageHex.swift */; };
		B94ADB212C3EE0060054899D /* hexString.swift in Sources */ = {isa = PBXBuildFile; fileRef = B94ADB202C3EE0060054899D /* hexString.swift */; };
		B94ADB242C3EE0780054899D /* InnerShadow.swift in Sources */ = {isa = PBXBuildFile; fileRef = B94ADB232C3EE0780054899D /* InnerShadow.swift */; };
		B94ADB282C3EFCE00054899D /* Icons Arrays.swift in Sources */ = {isa = PBXBuildFile; fileRef = B94ADB272C3EFCE00054899D /* Icons Arrays.swift */; };
		B94CA91A2C28C27500AD3921 /* SwiftUISidebar.swift in Sources */ = {isa = PBXBuildFile; fileRef = B94CA9192C28C27500AD3921 /* SwiftUISidebar.swift */; };
		B94CA91C2C28C33100AD3921 /* SwiftUISidebarWebView.swift in Sources */ = {isa = PBXBuildFile; fileRef = B94CA91B2C28C33100AD3921 /* SwiftUISidebarWebView.swift */; };
		B94CA91F2C28C73E00AD3921 /* BoostStorage.swift in Sources */ = {isa = PBXBuildFile; fileRef = B94CA91E2C28C73E00AD3921 /* BoostStorage.swift */; };
		B94CA9212C28C78200AD3921 /* BoostEditor.swift in Sources */ = {isa = PBXBuildFile; fileRef = B94CA9202C28C78200AD3921 /* BoostEditor.swift */; };
		B94CA9232C28E29700AD3921 /* Settings Images.xcassets in Resources */ = {isa = PBXBuildFile; fileRef = B94CA9222C28E29700AD3921 /* Settings Images.xcassets */; };
		B94CA9272C28EB7500AD3921 /* SkewIcon.swift in Sources */ = {isa = PBXBuildFile; fileRef = B94CA9262C28EB7500AD3921 /* SkewIcon.swift */; };
		B94CA9292C28EB9A00AD3921 /* MotionManager.swift in Sources */ = {isa = PBXBuildFile; fileRef = B94CA9282C28EB9A00AD3921 /* MotionManager.swift */; };
		B94CA92B2C290E7F00AD3921 /* General.swift in Sources */ = {isa = PBXBuildFile; fileRef = B94CA92A2C290E7F00AD3921 /* General.swift */; };
		B94CEA5E2C2F670900A62B70 /* WebSnapshot.swift in Sources */ = {isa = PBXBuildFile; fileRef = B94CEA5D2C2F670900A62B70 /* WebSnapshot.swift */; };
		B95A4F462CBA609A00A376BF /* TabbedPagedSidebar.swift in Sources */ = {isa = PBXBuildFile; fileRef = B95A4F452CBA609A00A376BF /* TabbedPagedSidebar.swift */; };
		B95A4F482CBA6C8500A376BF /* SidebarObservable.swift in Sources */ = {isa = PBXBuildFile; fileRef = B95A4F472CBA6C8500A376BF /* SidebarObservable.swift */; };
		B95A4F4A2CBB796B00A376BF /* BoostSettings.swift in Sources */ = {isa = PBXBuildFile; fileRef = B95A4F492CBB796B00A376BF /* BoostSettings.swift */; };
		B95B19E52AABBEE00013AC79 /* Aura_App.swift in Sources */ = {isa = PBXBuildFile; fileRef = B95B19E42AABBEE00013AC79 /* Aura_App.swift */; };
		B95B19E92AABBEE10013AC79 /* Assets.xcassets in Resources */ = {isa = PBXBuildFile; fileRef = B95B19E82AABBEE10013AC79 /* Assets.xcassets */; };
		B95B19EC2AABBEE10013AC79 /* Preview Assets.xcassets in Resources */ = {isa = PBXBuildFile; fileRef = B95B19EB2AABBEE10013AC79 /* Preview Assets.xcassets */; };
		B961B7AD2C2BA38600F43EBF /* TabOverview.swift in Sources */ = {isa = PBXBuildFile; fileRef = B961B7AC2C2BA38600F43EBF /* TabOverview.swift */; };
		B961B7AF2C2BA59200F43EBF /* iOS Webview.swift in Sources */ = {isa = PBXBuildFile; fileRef = B961B7AE2C2BA59200F43EBF /* iOS Webview.swift */; };
		B961B7B12C2BCDE700F43EBF /* adblock.json in Resources */ = {isa = PBXBuildFile; fileRef = B961B7B02C2BCDE000F43EBF /* adblock.json */; };
		B961B7B32C2BD9A800F43EBF /* MobileHomepage.swift in Sources */ = {isa = PBXBuildFile; fileRef = B961B7B22C2BD9A800F43EBF /* MobileHomepage.swift */; };
		B961B7B52C2BF1FA00F43EBF /* WebsiteView.swift in Sources */ = {isa = PBXBuildFile; fileRef = B961B7B42C2BF1FA00F43EBF /* WebsiteView.swift */; };
		B96DEFD62BDA908A00DB5C32 /* LoadingAnimations.swift in Sources */ = {isa = PBXBuildFile; fileRef = B96DEFD52BDA908A00DB5C32 /* LoadingAnimations.swift */; };
		B97724FE2C0094BB00A39E3A /* ScrollViewOffset.swift in Sources */ = {isa = PBXBuildFile; fileRef = B97724FD2C0094BB00A39E3A /* ScrollViewOffset.swift */; };
		B97725012C0116BA00A39E3A /* Space Picker.swift in Sources */ = {isa = PBXBuildFile; fileRef = B97725002C0116BA00A39E3A /* Space Picker.swift */; };
		B97725032C01292400A39E3A /* PagedSidebar.swift in Sources */ = {isa = PBXBuildFile; fileRef = B97725022C01292400A39E3A /* PagedSidebar.swift */; };
		B9798BFB2BF0AA4D0012D98E /* Dashboard.swift in Sources */ = {isa = PBXBuildFile; fileRef = B9798BFA2BF0AA4D0012D98E /* Dashboard.swift */; };
		B9798BFF2BF0B9460012D98E /* Tile Game.swift in Sources */ = {isa = PBXBuildFile; fileRef = B9798BFE2BF0B9460012D98E /* Tile Game.swift */; };
		B9798C412BF28EEB0012D98E /* WeatherManager.swift in Sources */ = {isa = PBXBuildFile; fileRef = B9798C402BF28EEB0012D98E /* WeatherManager.swift */; };
		B9798C432BF28F100012D98E /* WeatherWidgetView.swift in Sources */ = {isa = PBXBuildFile; fileRef = B9798C422BF28F100012D98E /* WeatherWidgetView.swift */; };
		B9798C452BF2908B0012D98E /* LocationManager.swift in Sources */ = {isa = PBXBuildFile; fileRef = B9798C442BF2908B0012D98E /* LocationManager.swift */; };
		B97A80802C3E5B6E00DB523B /* Sidebar.swift in Sources */ = {isa = PBXBuildFile; fileRef = B97A807F2C3E5B6E00DB523B /* Sidebar.swift */; };
		B98256CC2BD2E33200F997F5 /* DropViewDelegate.swift in Sources */ = {isa = PBXBuildFile; fileRef = B98256CB2BD2E33200F997F5 /* DropViewDelegate.swift */; };
		B98256CE2BD2E38D00F997F5 /* ThreeDots.swift in Sources */ = {isa = PBXBuildFile; fileRef = B98256CD2BD2E38D00F997F5 /* ThreeDots.swift */; };
		B98256D22BD2E40C00F997F5 /* Toolbar Buttons.swift in Sources */ = {isa = PBXBuildFile; fileRef = B98256D12BD2E40C00F997F5 /* Toolbar Buttons.swift */; };
		B98256D42BD2E78100F997F5 /* Themes.swift in Sources */ = {isa = PBXBuildFile; fileRef = B98256D32BD2E78100F997F5 /* Themes.swift */; };
		B98953A32AABCF7200EE3B42 /* GoogleService-Info.plist in Resources */ = {isa = PBXBuildFile; fileRef = B98953A22AABCF7200EE3B42 /* GoogleService-Info.plist */; };
		B98953A62AABE3CB00EE3B42 /* Hex.swift in Sources */ = {isa = PBXBuildFile; fileRef = B98953A52AABE3CB00EE3B42 /* Hex.swift */; };
		B98953A82AAC1F4B00EE3B42 /* ContentView.swift in Sources */ = {isa = PBXBuildFile; fileRef = B98953A72AAC1F4B00EE3B42 /* ContentView.swift */; };
		B98953AA2AAD686100EE3B42 /* LoginView.swift in Sources */ = {isa = PBXBuildFile; fileRef = B98953A92AAD686100EE3B42 /* LoginView.swift */; };
		B98A32F22BCDB62C00555AB9 /* README.md in Resources */ = {isa = PBXBuildFile; fileRef = B98A32F12BCDB62C00555AB9 /* README.md */; };
		B98A32F42BCDC59B00555AB9 /* urlFormatter.swift in Sources */ = {isa = PBXBuildFile; fileRef = B98A32F32BCDC59B00555AB9 /* urlFormatter.swift */; };
		B98A32F82BD01DCE00555AB9 /* IconsPicker.swift in Sources */ = {isa = PBXBuildFile; fileRef = B98A32F72BD01DCE00555AB9 /* IconsPicker.swift */; };
		B98A32FB2BD05CF000555AB9 /* FaviconFinder in Frameworks */ = {isa = PBXBuildFile; productRef = B98A32FA2BD05CF000555AB9 /* FaviconFinder */; };
		B99300DF2C309965000BBFA4 /* PlusButtonStyle.swift in Sources */ = {isa = PBXBuildFile; fileRef = B99300DE2C309965000BBFA4 /* PlusButtonStyle.swift */; };
		B9AFB65B2C3CF25A009B89C5 /* RemoveHead.swift in Sources */ = {isa = PBXBuildFile; fileRef = B9AFB65A2C3CF25A009B89C5 /* RemoveHead.swift */; };
		B9AFB65F2C3CF4DA009B89C5 /* ParseHTMLforAI.swift in Sources */ = {isa = PBXBuildFile; fileRef = B9AFB65E2C3CF4DA009B89C5 /* ParseHTMLforAI.swift */; };
		B9AFB6612C3CF4EE009B89C5 /* AIBoostGenerator.swift in Sources */ = {isa = PBXBuildFile; fileRef = B9AFB6602C3CF4EE009B89C5 /* AIBoostGenerator.swift */; };
		B9AFB6642C3CF58C009B89C5 /* OpenAI in Frameworks */ = {isa = PBXBuildFile; productRef = B9AFB6632C3CF58C009B89C5 /* OpenAI */; };
		B9C0ED802C0A532F00AF6E31 /* Clock.swift in Sources */ = {isa = PBXBuildFile; fileRef = B9C0ED7F2C0A532F00AF6E31 /* Clock.swift */; };
		B9C0ED822C0A60A800AF6E31 /* DigitalClock.swift in Sources */ = {isa = PBXBuildFile; fileRef = B9C0ED812C0A60A800AF6E31 /* DigitalClock.swift */; };
		B9C0ED842C0A60AF00AF6E31 /* AnalogClock.swift in Sources */ = {isa = PBXBuildFile; fileRef = B9C0ED832C0A60AF00AF6E31 /* AnalogClock.swift */; };
		B9C0ED882C0C07BF00AF6E31 /* PagedTabbedSidebar.swift in Sources */ = {isa = PBXBuildFile; fileRef = B9C0ED872C0C07BF00AF6E31 /* PagedTabbedSidebar.swift */; };
		B9C537FA2BED522200C7DB2B /* IconsArrayStorage.swift in Sources */ = {isa = PBXBuildFile; fileRef = B9C537F92BED522200C7DB2B /* IconsArrayStorage.swift */; };
		B9C537FC2BEF37C700C7DB2B /* CustomSwitch.swift in Sources */ = {isa = PBXBuildFile; fileRef = B9C537FB2BEF37C700C7DB2B /* CustomSwitch.swift */; };
		B9C6D0A12BF5E10E001DE904 /* DashboardWidgetStorage.swift in Sources */ = {isa = PBXBuildFile; fileRef = B9C6D0A02BF5E10E001DE904 /* DashboardWidgetStorage.swift */; };
		B9D47D072C27772C0059BE46 /* Settings.swift in Sources */ = {isa = PBXBuildFile; fileRef = B9D47D062C27772C0059BE46 /* Settings.swift */; };
		B9D47D0A2C27806C0059BE46 /* Favicons.swift in Sources */ = {isa = PBXBuildFile; fileRef = B9D47D092C27806C0059BE46 /* Favicons.swift */; };
		B9D47D0C2C282A150059BE46 /* Appearance.swift in Sources */ = {isa = PBXBuildFile; fileRef = B9D47D0B2C282A150059BE46 /* Appearance.swift */; };
		B9DDD2672C3C2AD900BC0CA4 /* WebsiteManager.swift in Sources */ = {isa = PBXBuildFile; fileRef = B9DDD2662C3C2AD900BC0CA4 /* WebsiteManager.swift */; };
		B9DDD2692C3C2AF300BC0CA4 /* ObservableVariables.swift in Sources */ = {isa = PBXBuildFile; fileRef = B9DDD2682C3C2AF300BC0CA4 /* ObservableVariables.swift */; };
		B9DDD26B2C3C2B0D00BC0CA4 /* LinkViewModel.swift in Sources */ = {isa = PBXBuildFile; fileRef = B9DDD26A2C3C2B0D00BC0CA4 /* LinkViewModel.swift */; };
		B9DDD26D2C3C2B2600BC0CA4 /* SettingsVariables.swift in Sources */ = {isa = PBXBuildFile; fileRef = B9DDD26C2C3C2B2600BC0CA4 /* SettingsVariables.swift */; };
		B9E474202C17EA800098C7C6 /* TestPlan.xctestplan in Resources */ = {isa = PBXBuildFile; fileRef = B9E4741F2C17EA800098C7C6 /* TestPlan.xctestplan */; };
		B9E474382C18052C0098C7C6 /* IconsArrayIOS18.swift in Sources */ = {isa = PBXBuildFile; fileRef = B9E474372C18052C0098C7C6 /* IconsArrayIOS18.swift */; };
		B9F7D6272BD851CC00E186B8 /* SDWebImageSwiftUI in Frameworks */ = {isa = PBXBuildFile; productRef = B9F7D6262BD851CC00E186B8 /* SDWebImageSwiftUI */; };
		B9FA63BD2C3C2E1D00D492E6 /* KeyboardShortcuts.swift in Sources */ = {isa = PBXBuildFile; fileRef = B9FA63BC2C3C2E1D00D492E6 /* KeyboardShortcuts.swift */; };
		B9FA63BF2C3C2E2400D492E6 /* BoostDataStorage.swift in Sources */ = {isa = PBXBuildFile; fileRef = B9FA63BE2C3C2E2400D492E6 /* BoostDataStorage.swift */; };
		B9FD6CE22BE2A98000A7D0B1 /* CommandBar.swift in Sources */ = {isa = PBXBuildFile; fileRef = B9FD6CE12BE2A98000A7D0B1 /* CommandBar.swift */; };
		B9FE53FD2BC8DFAC008E0434 /* Launch Screen.storyboard in Resources */ = {isa = PBXBuildFile; fileRef = B9FE53FC2BC8DFAC008E0434 /* Launch Screen.storyboard */; platformFilters = (ios, maccatalyst, xros, ); };
		B9FE8D172BDD884000BBF221 /* CircleAnimation.swift in Sources */ = {isa = PBXBuildFile; fileRef = B98A32ED2BCDA09C00555AB9 /* CircleAnimation.swift */; };
		C1BD7D1B2BDDF6A30078D7B3 /* SpaceStorage.swift in Sources */ = {isa = PBXBuildFile; fileRef = C1BD7D1A2BDDF6A30078D7B3 /* SpaceStorage.swift */; };
		C1BD7D232BDDF9C80078D7B3 /* ContentViewColor.swift in Sources */ = {isa = PBXBuildFile; fileRef = C1BD7D222BDDF9C80078D7B3 /* ContentViewColor.swift */; };
		C1BD7D2E2BDE05160078D7B3 /* navigationState.swift in Sources */ = {isa = PBXBuildFile; fileRef = C1BD7D2D2BDE05160078D7B3 /* navigationState.swift */; };
		C1BD7D302BDE052F0078D7B3 /* WebView.swift in Sources */ = {isa = PBXBuildFile; fileRef = C1BD7D2F2BDE052F0078D7B3 /* WebView.swift */; };
		C1BD7D332BDE05690078D7B3 /* DefaultsStorage.swift in Sources */ = {isa = PBXBuildFile; fileRef = C1BD7D322BDE05690078D7B3 /* DefaultsStorage.swift */; };
/* End PBXBuildFile section */

/* Begin PBXFileReference section */
		B90213722AAFDEE200AB708D /* Button Styles.swift */ = {isa = PBXFileReference; lastKnownFileType = sourcecode.swift; path = "Button Styles.swift"; sourceTree = "<group>"; };
		B90213742AB0174F00AB708D /* SizedSpacer.swift */ = {isa = PBXFileReference; lastKnownFileType = sourcecode.swift; path = SizedSpacer.swift; sourceTree = "<group>"; };
		B90294502C325C07005DB4CA /* Browse for Me Mobile.swift */ = {isa = PBXFileReference; lastKnownFileType = sourcecode.swift; path = "Browse for Me Mobile.swift"; sourceTree = "<group>"; };
		B90644112C40F3AF0056C5D3 /* History.swift */ = {isa = PBXFileReference; lastKnownFileType = sourcecode.swift; path = History.swift; sourceTree = "<group>"; };
		B90644132C40F3B50056C5D3 /* HistoryObservable.swift */ = {isa = PBXFileReference; lastKnownFileType = sourcecode.swift; path = HistoryObservable.swift; sourceTree = "<group>"; };
		B90670C92CCD7FAB00DE3B76 /* ToolbarButtonStyle.swift */ = {isa = PBXFileReference; lastKnownFileType = sourcecode.swift; path = ToolbarButtonStyle.swift; sourceTree = "<group>"; };
		B90670E52CCDD95500DE3B76 /* WebPreview.swift */ = {isa = PBXFileReference; lastKnownFileType = sourcecode.swift; path = WebPreview.swift; sourceTree = "<group>"; };
		B90670E82CCDD9BC00DE3B76 /* TabList.swift */ = {isa = PBXFileReference; lastKnownFileType = sourcecode.swift; path = TabList.swift; sourceTree = "<group>"; };
		B90670EA2CCDD9FD00DE3B76 /* MobileTabsModel.swift */ = {isa = PBXFileReference; lastKnownFileType = sourcecode.swift; path = MobileTabsModel.swift; sourceTree = "<group>"; };
		B91BCF402C3F1AED0031581D /* SearchEngine.swift */ = {isa = PBXFileReference; lastKnownFileType = sourcecode.swift; path = SearchEngine.swift; sourceTree = "<group>"; };
		B91BCF432C3F1B740031581D /* someKey.swift */ = {isa = PBXFileReference; lastKnownFileType = sourcecode.swift; path = someKey.swift; sourceTree = "<group>"; };
		B91BCF452C3F1FDE0031581D /* Removing Duplicates.swift */ = {isa = PBXFileReference; lastKnownFileType = sourcecode.swift; path = "Removing Duplicates.swift"; sourceTree = "<group>"; };
		B91BCF612C3F36420031581D /* NetworkMonitor.swift */ = {isa = PBXFileReference; lastKnownFileType = sourcecode.swift; path = NetworkMonitor.swift; sourceTree = "<group>"; };
		B91BCF632C3F367A0031581D /* NoWifi.swift */ = {isa = PBXFileReference; lastKnownFileType = sourcecode.swift; path = NoWifi.swift; sourceTree = "<group>"; };
		B91BCF682C3F54940031581D /* ShortcutSettings.swift */ = {isa = PBXFileReference; lastKnownFileType = sourcecode.swift; path = ShortcutSettings.swift; sourceTree = "<group>"; };
		B91BCF6A2C3F5ECF0031581D /* AISettings.swift */ = {isa = PBXFileReference; lastKnownFileType = sourcecode.swift; path = AISettings.swift; sourceTree = "<group>"; };
		B91FBF942BC8EB0C001C317C /* Tab Bar.swift */ = {isa = PBXFileReference; lastKnownFileType = sourcecode.swift; path = "Tab Bar.swift"; sourceTree = "<group>"; };
		B9230FF92BBD36740032C950 /* TopDomains.json */ = {isa = PBXFileReference; fileEncoding = 4; lastKnownFileType = text.json; path = TopDomains.json; sourceTree = "<group>"; };
		B9230FFB2BBD36FC0032C950 /* public_suffix_list.txt */ = {isa = PBXFileReference; fileEncoding = 4; lastKnownFileType = text; path = public_suffix_list.txt; sourceTree = "<group>"; };
		B923BA612CD89FA90000C09C /* TabTypeSwitcher.swift */ = {isa = PBXFileReference; lastKnownFileType = sourcecode.swift; path = TabTypeSwitcher.swift; sourceTree = "<group>"; };
		B9272D312C240DDD00B014D8 /* Browse for Me.swift */ = {isa = PBXFileReference; lastKnownFileType = sourcecode.swift; path = "Browse for Me.swift"; sourceTree = "<group>"; };
		B9272D322C240DDD00B014D8 /* PerplexityRequest.swift */ = {isa = PBXFileReference; lastKnownFileType = sourcecode.swift; path = PerplexityRequest.swift; sourceTree = "<group>"; };
		B9272D332C240DDD00B014D8 /* MarkdownParser.swift */ = {isa = PBXFileReference; lastKnownFileType = sourcecode.swift; path = MarkdownParser.swift; sourceTree = "<group>"; };
		B9272D3C2C250CDD00B014D8 /* Adaway.json */ = {isa = PBXFileReference; lastKnownFileType = text.json; path = Adaway.json; sourceTree = "<group>"; };
		B9272D462C26A52300B014D8 /* VGrid.swift */ = {isa = PBXFileReference; lastKnownFileType = sourcecode.swift; path = VGrid.swift; sourceTree = "<group>"; };
		B9272D492C26AA7A00B014D8 /* WaveTextEffect.swift */ = {isa = PBXFileReference; lastKnownFileType = sourcecode.swift; path = WaveTextEffect.swift; sourceTree = "<group>"; };
		B92FDE1A2C2E642900B07703 /* TabLocations.swift */ = {isa = PBXFileReference; lastKnownFileType = sourcecode.swift; path = TabLocations.swift; sourceTree = "<group>"; };
		B93440E52C486A8100D6BA35 /* HorizontalSidebar.swift */ = {isa = PBXFileReference; lastKnownFileType = sourcecode.swift; path = HorizontalSidebar.swift; sourceTree = "<group>"; };
		B93440E72C48C7E300D6BA35 /* Sharing.swift */ = {isa = PBXFileReference; lastKnownFileType = sourcecode.swift; path = Sharing.swift; sourceTree = "<group>"; };
		B93441042C4C7FA300D6BA35 /* ActivityIndicator.swift */ = {isa = PBXFileReference; lastKnownFileType = sourcecode.swift; path = ActivityIndicator.swift; sourceTree = "<group>"; };
		B93441052C4C7FA300D6BA35 /* BrowserView.swift */ = {isa = PBXFileReference; lastKnownFileType = sourcecode.swift; path = BrowserView.swift; sourceTree = "<group>"; };
		B93441062C4C7FA300D6BA35 /* Utils.swift */ = {isa = PBXFileReference; lastKnownFileType = sourcecode.swift; path = Utils.swift; sourceTree = "<group>"; };
		B93441072C4C7FA300D6BA35 /* WebViewStore.swift */ = {isa = PBXFileReference; lastKnownFileType = sourcecode.swift; path = WebViewStore.swift; sourceTree = "<group>"; };
		B93441082C4C7FA300D6BA35 /* WebViewStore+JS.swift */ = {isa = PBXFileReference; lastKnownFileType = sourcecode.swift; path = "WebViewStore+JS.swift"; sourceTree = "<group>"; };
		B93441092C4C7FA300D6BA35 /* WebViewStore+Links.swift */ = {isa = PBXFileReference; lastKnownFileType = sourcecode.swift; path = "WebViewStore+Links.swift"; sourceTree = "<group>"; };
		B93441102C4CD90700D6BA35 /* Menu Space Picker.swift */ = {isa = PBXFileReference; lastKnownFileType = sourcecode.swift; path = "Menu Space Picker.swift"; sourceTree = "<group>"; };
		B934413A2C51EC4000D6BA35 /* ChatGPT.swift */ = {isa = PBXFileReference; lastKnownFileType = sourcecode.swift; path = ChatGPT.swift; sourceTree = "<group>"; };
		B934413D2C51F88A00D6BA35 /* Reader.swift */ = {isa = PBXFileReference; lastKnownFileType = sourcecode.swift; path = Reader.swift; sourceTree = "<group>"; };
		B93AE92F2C2A3EBF003D0E88 /* Launch Animation.swift */ = {isa = PBXFileReference; lastKnownFileType = sourcecode.swift; path = "Launch Animation.swift"; sourceTree = "<group>"; };
		B93AE9322C2AA10A003D0E88 /* HoverButtonDisabled.swift */ = {isa = PBXFileReference; lastKnownFileType = sourcecode.swift; path = HoverButtonDisabled.swift; sourceTree = "<group>"; };
		B93D9D2B2BDF31A80002D01B /* Today Tab.swift */ = {isa = PBXFileReference; lastKnownFileType = sourcecode.swift; path = "Today Tab.swift"; sourceTree = "<group>"; };
		B93D9D2D2BDF34C90002D01B /* Pinned Tab.swift */ = {isa = PBXFileReference; lastKnownFileType = sourcecode.swift; path = "Pinned Tab.swift"; sourceTree = "<group>"; };
		B93D9D302BDF36130002D01B /* SuggestionsURLs.swift */ = {isa = PBXFileReference; lastKnownFileType = sourcecode.swift; path = SuggestionsURLs.swift; sourceTree = "<group>"; };
		B943038D2C2D330000D787A4 /* Haptics.swift */ = {isa = PBXFileReference; lastKnownFileType = sourcecode.swift; path = Haptics.swift; sourceTree = "<group>"; };
		B94303912C2D347C00D787A4 /* CurrentWebView.swift */ = {isa = PBXFileReference; lastKnownFileType = sourcecode.swift; path = CurrentWebView.swift; sourceTree = "<group>"; };
		B94303932C2D34B900D787A4 /* LoadingIndicators.swift */ = {isa = PBXFileReference; lastKnownFileType = sourcecode.swift; path = LoadingIndicators.swift; sourceTree = "<group>"; };
		B94ADB1D2C3EDFB60054899D /* averageHex.swift */ = {isa = PBXFileReference; lastKnownFileType = sourcecode.swift; path = averageHex.swift; sourceTree = "<group>"; };
		B94ADB202C3EE0060054899D /* hexString.swift */ = {isa = PBXFileReference; lastKnownFileType = sourcecode.swift; path = hexString.swift; sourceTree = "<group>"; };
		B94ADB232C3EE0780054899D /* InnerShadow.swift */ = {isa = PBXFileReference; lastKnownFileType = sourcecode.swift; path = InnerShadow.swift; sourceTree = "<group>"; };
		B94ADB272C3EFCE00054899D /* Icons Arrays.swift */ = {isa = PBXFileReference; lastKnownFileType = sourcecode.swift; path = "Icons Arrays.swift"; sourceTree = "<group>"; };
		B94CA9192C28C27500AD3921 /* SwiftUISidebar.swift */ = {isa = PBXFileReference; lastKnownFileType = sourcecode.swift; path = SwiftUISidebar.swift; sourceTree = "<group>"; };
		B94CA91B2C28C33100AD3921 /* SwiftUISidebarWebView.swift */ = {isa = PBXFileReference; lastKnownFileType = sourcecode.swift; path = SwiftUISidebarWebView.swift; sourceTree = "<group>"; };
		B94CA91E2C28C73E00AD3921 /* BoostStorage.swift */ = {isa = PBXFileReference; lastKnownFileType = sourcecode.swift; path = BoostStorage.swift; sourceTree = "<group>"; };
		B94CA9202C28C78200AD3921 /* BoostEditor.swift */ = {isa = PBXFileReference; lastKnownFileType = sourcecode.swift; path = BoostEditor.swift; sourceTree = "<group>"; };
		B94CA9222C28E29700AD3921 /* Settings Images.xcassets */ = {isa = PBXFileReference; lastKnownFileType = folder.assetcatalog; path = "Settings Images.xcassets"; sourceTree = "<group>"; };
		B94CA9262C28EB7500AD3921 /* SkewIcon.swift */ = {isa = PBXFileReference; lastKnownFileType = sourcecode.swift; path = SkewIcon.swift; sourceTree = "<group>"; };
		B94CA9282C28EB9A00AD3921 /* MotionManager.swift */ = {isa = PBXFileReference; lastKnownFileType = sourcecode.swift; path = MotionManager.swift; sourceTree = "<group>"; };
		B94CA92A2C290E7F00AD3921 /* General.swift */ = {isa = PBXFileReference; lastKnownFileType = sourcecode.swift; path = General.swift; sourceTree = "<group>"; };
		B94CEA5D2C2F670900A62B70 /* WebSnapshot.swift */ = {isa = PBXFileReference; lastKnownFileType = sourcecode.swift; path = WebSnapshot.swift; sourceTree = "<group>"; };
		B95A4F452CBA609A00A376BF /* TabbedPagedSidebar.swift */ = {isa = PBXFileReference; lastKnownFileType = sourcecode.swift; path = TabbedPagedSidebar.swift; sourceTree = "<group>"; };
		B95A4F472CBA6C8500A376BF /* SidebarObservable.swift */ = {isa = PBXFileReference; lastKnownFileType = sourcecode.swift; path = SidebarObservable.swift; sourceTree = "<group>"; };
		B95A4F492CBB796B00A376BF /* BoostSettings.swift */ = {isa = PBXFileReference; lastKnownFileType = sourcecode.swift; path = BoostSettings.swift; sourceTree = "<group>"; };
		B95B19E12AABBEE00013AC79 /* Aura.app */ = {isa = PBXFileReference; explicitFileType = wrapper.application; includeInIndex = 0; path = Aura.app; sourceTree = BUILT_PRODUCTS_DIR; };
		B95B19E42AABBEE00013AC79 /* Aura_App.swift */ = {isa = PBXFileReference; lastKnownFileType = sourcecode.swift; path = Aura_App.swift; sourceTree = "<group>"; };
		B95B19E82AABBEE10013AC79 /* Assets.xcassets */ = {isa = PBXFileReference; lastKnownFileType = folder.assetcatalog; path = Assets.xcassets; sourceTree = "<group>"; };
		B95B19EB2AABBEE10013AC79 /* Preview Assets.xcassets */ = {isa = PBXFileReference; lastKnownFileType = folder.assetcatalog; path = "Preview Assets.xcassets"; sourceTree = "<group>"; };
		B961B7AC2C2BA38600F43EBF /* TabOverview.swift */ = {isa = PBXFileReference; lastKnownFileType = sourcecode.swift; path = TabOverview.swift; sourceTree = "<group>"; };
		B961B7AE2C2BA59200F43EBF /* iOS Webview.swift */ = {isa = PBXFileReference; lastKnownFileType = sourcecode.swift; path = "iOS Webview.swift"; sourceTree = "<group>"; };
		B961B7B02C2BCDE000F43EBF /* adblock.json */ = {isa = PBXFileReference; lastKnownFileType = text.json; path = adblock.json; sourceTree = "<group>"; };
		B961B7B22C2BD9A800F43EBF /* MobileHomepage.swift */ = {isa = PBXFileReference; lastKnownFileType = sourcecode.swift; path = MobileHomepage.swift; sourceTree = "<group>"; };
		B961B7B42C2BF1FA00F43EBF /* WebsiteView.swift */ = {isa = PBXFileReference; lastKnownFileType = sourcecode.swift; path = WebsiteView.swift; sourceTree = "<group>"; };
		B96DEFD52BDA908A00DB5C32 /* LoadingAnimations.swift */ = {isa = PBXFileReference; lastKnownFileType = sourcecode.swift; path = LoadingAnimations.swift; sourceTree = "<group>"; };
		B97724FD2C0094BB00A39E3A /* ScrollViewOffset.swift */ = {isa = PBXFileReference; lastKnownFileType = sourcecode.swift; path = ScrollViewOffset.swift; sourceTree = "<group>"; };
		B97725002C0116BA00A39E3A /* Space Picker.swift */ = {isa = PBXFileReference; lastKnownFileType = sourcecode.swift; path = "Space Picker.swift"; sourceTree = "<group>"; };
		B97725022C01292400A39E3A /* PagedSidebar.swift */ = {isa = PBXFileReference; lastKnownFileType = sourcecode.swift; path = PagedSidebar.swift; sourceTree = "<group>"; };
		B9798BFA2BF0AA4D0012D98E /* Dashboard.swift */ = {isa = PBXFileReference; lastKnownFileType = sourcecode.swift; path = Dashboard.swift; sourceTree = "<group>"; };
		B9798BFE2BF0B9460012D98E /* Tile Game.swift */ = {isa = PBXFileReference; lastKnownFileType = sourcecode.swift; path = "Tile Game.swift"; sourceTree = "<group>"; };
		B9798C402BF28EEB0012D98E /* WeatherManager.swift */ = {isa = PBXFileReference; lastKnownFileType = sourcecode.swift; path = WeatherManager.swift; sourceTree = "<group>"; };
		B9798C422BF28F100012D98E /* WeatherWidgetView.swift */ = {isa = PBXFileReference; lastKnownFileType = sourcecode.swift; path = WeatherWidgetView.swift; sourceTree = "<group>"; };
		B9798C442BF2908B0012D98E /* LocationManager.swift */ = {isa = PBXFileReference; lastKnownFileType = sourcecode.swift; path = LocationManager.swift; sourceTree = "<group>"; };
		B97A807F2C3E5B6E00DB523B /* Sidebar.swift */ = {isa = PBXFileReference; lastKnownFileType = sourcecode.swift; path = Sidebar.swift; sourceTree = "<group>"; };
		B98256C72BD2A87200F997F5 /* iPad browser.entitlements */ = {isa = PBXFileReference; lastKnownFileType = text.plist.entitlements; path = "iPad browser.entitlements"; sourceTree = "<group>"; };
		B98256CB2BD2E33200F997F5 /* DropViewDelegate.swift */ = {isa = PBXFileReference; lastKnownFileType = sourcecode.swift; path = DropViewDelegate.swift; sourceTree = "<group>"; };
		B98256CD2BD2E38D00F997F5 /* ThreeDots.swift */ = {isa = PBXFileReference; lastKnownFileType = sourcecode.swift; path = ThreeDots.swift; sourceTree = "<group>"; };
		B98256D12BD2E40C00F997F5 /* Toolbar Buttons.swift */ = {isa = PBXFileReference; lastKnownFileType = sourcecode.swift; path = "Toolbar Buttons.swift"; sourceTree = "<group>"; };
		B98256D32BD2E78100F997F5 /* Themes.swift */ = {isa = PBXFileReference; lastKnownFileType = sourcecode.swift; path = Themes.swift; sourceTree = "<group>"; };
		B98953A22AABCF7200EE3B42 /* GoogleService-Info.plist */ = {isa = PBXFileReference; fileEncoding = 4; lastKnownFileType = text.plist.xml; path = "GoogleService-Info.plist"; sourceTree = "<group>"; };
		B98953A42AABD71300EE3B42 /* iPad-browser-Info.plist */ = {isa = PBXFileReference; lastKnownFileType = text.plist; path = "iPad-browser-Info.plist"; sourceTree = SOURCE_ROOT; };
		B98953A52AABE3CB00EE3B42 /* Hex.swift */ = {isa = PBXFileReference; lastKnownFileType = sourcecode.swift; path = Hex.swift; sourceTree = "<group>"; };
		B98953A72AAC1F4B00EE3B42 /* ContentView.swift */ = {isa = PBXFileReference; lastKnownFileType = sourcecode.swift; path = ContentView.swift; sourceTree = "<group>"; };
		B98953A92AAD686100EE3B42 /* LoginView.swift */ = {isa = PBXFileReference; lastKnownFileType = sourcecode.swift; path = LoginView.swift; sourceTree = "<group>"; };
		B98A32ED2BCDA09C00555AB9 /* CircleAnimation.swift */ = {isa = PBXFileReference; lastKnownFileType = sourcecode.swift; path = CircleAnimation.swift; sourceTree = "<group>"; };
		B98A32F12BCDB62C00555AB9 /* README.md */ = {isa = PBXFileReference; lastKnownFileType = net.daringfireball.markdown; path = README.md; sourceTree = "<group>"; };
		B98A32F32BCDC59B00555AB9 /* urlFormatter.swift */ = {isa = PBXFileReference; lastKnownFileType = sourcecode.swift; path = urlFormatter.swift; sourceTree = "<group>"; };
		B98A32F72BD01DCE00555AB9 /* IconsPicker.swift */ = {isa = PBXFileReference; lastKnownFileType = sourcecode.swift; path = IconsPicker.swift; sourceTree = "<group>"; };
		B99300DE2C309965000BBFA4 /* PlusButtonStyle.swift */ = {isa = PBXFileReference; lastKnownFileType = sourcecode.swift; path = PlusButtonStyle.swift; sourceTree = "<group>"; };
		B9AFB65A2C3CF25A009B89C5 /* RemoveHead.swift */ = {isa = PBXFileReference; lastKnownFileType = sourcecode.swift; path = RemoveHead.swift; sourceTree = "<group>"; };
		B9AFB65E2C3CF4DA009B89C5 /* ParseHTMLforAI.swift */ = {isa = PBXFileReference; lastKnownFileType = sourcecode.swift; path = ParseHTMLforAI.swift; sourceTree = "<group>"; };
		B9AFB6602C3CF4EE009B89C5 /* AIBoostGenerator.swift */ = {isa = PBXFileReference; lastKnownFileType = sourcecode.swift; path = AIBoostGenerator.swift; sourceTree = "<group>"; };
		B9C0ED7F2C0A532F00AF6E31 /* Clock.swift */ = {isa = PBXFileReference; lastKnownFileType = sourcecode.swift; path = Clock.swift; sourceTree = "<group>"; };
		B9C0ED812C0A60A800AF6E31 /* DigitalClock.swift */ = {isa = PBXFileReference; lastKnownFileType = sourcecode.swift; path = DigitalClock.swift; sourceTree = "<group>"; };
		B9C0ED832C0A60AF00AF6E31 /* AnalogClock.swift */ = {isa = PBXFileReference; lastKnownFileType = sourcecode.swift; path = AnalogClock.swift; sourceTree = "<group>"; };
		B9C0ED872C0C07BF00AF6E31 /* PagedTabbedSidebar.swift */ = {isa = PBXFileReference; lastKnownFileType = sourcecode.swift; path = PagedTabbedSidebar.swift; sourceTree = "<group>"; };
		B9C537F92BED522200C7DB2B /* IconsArrayStorage.swift */ = {isa = PBXFileReference; lastKnownFileType = sourcecode.swift; path = IconsArrayStorage.swift; sourceTree = "<group>"; };
		B9C537FB2BEF37C700C7DB2B /* CustomSwitch.swift */ = {isa = PBXFileReference; lastKnownFileType = sourcecode.swift; path = CustomSwitch.swift; sourceTree = "<group>"; };
		B9C6D0A02BF5E10E001DE904 /* DashboardWidgetStorage.swift */ = {isa = PBXFileReference; lastKnownFileType = sourcecode.swift; path = DashboardWidgetStorage.swift; sourceTree = "<group>"; };
		B9D47D062C27772C0059BE46 /* Settings.swift */ = {isa = PBXFileReference; lastKnownFileType = sourcecode.swift; path = Settings.swift; sourceTree = "<group>"; };
		B9D47D092C27806C0059BE46 /* Favicons.swift */ = {isa = PBXFileReference; lastKnownFileType = sourcecode.swift; path = Favicons.swift; sourceTree = "<group>"; };
		B9D47D0B2C282A150059BE46 /* Appearance.swift */ = {isa = PBXFileReference; lastKnownFileType = sourcecode.swift; path = Appearance.swift; sourceTree = "<group>"; };
		B9DDD2662C3C2AD900BC0CA4 /* WebsiteManager.swift */ = {isa = PBXFileReference; lastKnownFileType = sourcecode.swift; path = WebsiteManager.swift; sourceTree = "<group>"; };
		B9DDD2682C3C2AF300BC0CA4 /* ObservableVariables.swift */ = {isa = PBXFileReference; lastKnownFileType = sourcecode.swift; path = ObservableVariables.swift; sourceTree = "<group>"; };
		B9DDD26A2C3C2B0D00BC0CA4 /* LinkViewModel.swift */ = {isa = PBXFileReference; lastKnownFileType = sourcecode.swift; path = LinkViewModel.swift; sourceTree = "<group>"; };
		B9DDD26C2C3C2B2600BC0CA4 /* SettingsVariables.swift */ = {isa = PBXFileReference; lastKnownFileType = sourcecode.swift; path = SettingsVariables.swift; sourceTree = "<group>"; };
		B9E4741F2C17EA800098C7C6 /* TestPlan.xctestplan */ = {isa = PBXFileReference; lastKnownFileType = text; path = TestPlan.xctestplan; sourceTree = "<group>"; };
		B9E474322C17EDE80098C7C6 /* Aura_Tests.swift */ = {isa = PBXFileReference; lastKnownFileType = sourcecode.swift; path = Aura_Tests.swift; sourceTree = "<group>"; };
		B9E474372C18052C0098C7C6 /* IconsArrayIOS18.swift */ = {isa = PBXFileReference; lastKnownFileType = sourcecode.swift; path = IconsArrayIOS18.swift; sourceTree = "<group>"; };
		B9FA63BC2C3C2E1D00D492E6 /* KeyboardShortcuts.swift */ = {isa = PBXFileReference; lastKnownFileType = sourcecode.swift; path = KeyboardShortcuts.swift; sourceTree = "<group>"; };
		B9FA63BE2C3C2E2400D492E6 /* BoostDataStorage.swift */ = {isa = PBXFileReference; lastKnownFileType = sourcecode.swift; path = BoostDataStorage.swift; sourceTree = "<group>"; };
		B9FD6CE12BE2A98000A7D0B1 /* CommandBar.swift */ = {isa = PBXFileReference; lastKnownFileType = sourcecode.swift; path = CommandBar.swift; sourceTree = "<group>"; };
		B9FE53FC2BC8DFAC008E0434 /* Launch Screen.storyboard */ = {isa = PBXFileReference; lastKnownFileType = file.storyboard; path = "Launch Screen.storyboard"; sourceTree = "<group>"; };
		C1BD7D1A2BDDF6A30078D7B3 /* SpaceStorage.swift */ = {isa = PBXFileReference; lastKnownFileType = sourcecode.swift; path = SpaceStorage.swift; sourceTree = "<group>"; };
		C1BD7D222BDDF9C80078D7B3 /* ContentViewColor.swift */ = {isa = PBXFileReference; lastKnownFileType = sourcecode.swift; path = ContentViewColor.swift; sourceTree = "<group>"; };
		C1BD7D2D2BDE05160078D7B3 /* navigationState.swift */ = {isa = PBXFileReference; lastKnownFileType = sourcecode.swift; path = navigationState.swift; sourceTree = "<group>"; };
		C1BD7D2F2BDE052F0078D7B3 /* WebView.swift */ = {isa = PBXFileReference; lastKnownFileType = sourcecode.swift; path = WebView.swift; sourceTree = "<group>"; };
		C1BD7D322BDE05690078D7B3 /* DefaultsStorage.swift */ = {isa = PBXFileReference; lastKnownFileType = sourcecode.swift; path = DefaultsStorage.swift; sourceTree = "<group>"; };
/* End PBXFileReference section */

/* Begin PBXFrameworksBuildPhase section */
		B95B19DE2AABBEE00013AC79 /* Frameworks */ = {
			isa = PBXFrameworksBuildPhase;
			buildActionMask = 2147483647;
			files = (
				B9F7D6272BD851CC00E186B8 /* SDWebImageSwiftUI in Frameworks */,
				B9272D4D2C26B59C00B014D8 /* YouTubePlayerKit in Frameworks */,
				B98A32FB2BD05CF000555AB9 /* FaviconFinder in Frameworks */,
				B9AFB6642C3CF58C009B89C5 /* OpenAI in Frameworks */,
				B92652E62C3C9E3700DA2241 /* CodeEditor in Frameworks */,
				B9272D3B2C250A9D00B014D8 /* MarkdownUI in Frameworks */,
			);
			runOnlyForDeploymentPostprocessing = 0;
		};
/* End PBXFrameworksBuildPhase section */

/* Begin PBXGroup section */
		B90294522C3337A5005DB4CA /* WebViews */ = {
			isa = PBXGroup;
			children = (
				B94303912C2D347C00D787A4 /* CurrentWebView.swift */,
				B94303952C2D37FC00D787A4 /* AdBlock */,
				B94CA91D2C28C72E00AD3921 /* Boosts */,
				B93441032C4C7F1300D6BA35 /* WebView SwiftUI */,
			);
			path = WebViews;
			sourceTree = "<group>";
		};
		B90294532C333825005DB4CA /* Tile Game */ = {
			isa = PBXGroup;
			children = (
				B9798BFE2BF0B9460012D98E /* Tile Game.swift */,
			);
			path = "Tile Game";
			sourceTree = "<group>";
		};
		B90294542C333831005DB4CA /* Pinned Tabs */ = {
			isa = PBXGroup;
			children = (
			);
			path = "Pinned Tabs";
			sourceTree = "<group>";
		};
		B90294552C333839005DB4CA /* Chat-GPT */ = {
			isa = PBXGroup;
			children = (
				B934413A2C51EC4000D6BA35 /* ChatGPT.swift */,
			);
			path = "Chat-GPT";
			sourceTree = "<group>";
		};
		B90294562C333AA3005DB4CA /* Sidebar Adaptable Test */ = {
			isa = PBXGroup;
			children = (
				B94CA9192C28C27500AD3921 /* SwiftUISidebar.swift */,
				B94CA91B2C28C33100AD3921 /* SwiftUISidebarWebView.swift */,
			);
			path = "Sidebar Adaptable Test";
			sourceTree = "<group>";
		};
		B90670E72CCDD98A00DE3B76 /* Tabs */ = {
			isa = PBXGroup;
			children = (
				B961B7AC2C2BA38600F43EBF /* TabOverview.swift */,
				B923BA612CD89FA90000C09C /* TabTypeSwitcher.swift */,
				B90670EA2CCDD9FD00DE3B76 /* MobileTabsModel.swift */,
				B90670E82CCDD9BC00DE3B76 /* TabList.swift */,
			);
			path = Tabs;
			sourceTree = "<group>";
		};
		B91BCF422C3F1B660031581D /* Random Functions */ = {
			isa = PBXGroup;
			children = (
				B91BCF432C3F1B740031581D /* someKey.swift */,
				B91BCF452C3F1FDE0031581D /* Removing Duplicates.swift */,
			);
			path = "Random Functions";
			sourceTree = "<group>";
		};
		B91BCF672C3F43AF0031581D /* No Internet */ = {
			isa = PBXGroup;
			children = (
				B91BCF612C3F36420031581D /* NetworkMonitor.swift */,
				B91BCF632C3F367A0031581D /* NoWifi.swift */,
			);
			path = "No Internet";
			sourceTree = "<group>";
		};
		B9230FFD2BBDC06A0032C950 /* Frameworks */ = {
			isa = PBXGroup;
			children = (
			);
			name = Frameworks;
			sourceTree = "<group>";
		};
		B9272D302C240D5800B014D8 /* Browse for Me */ = {
			isa = PBXGroup;
			children = (
				B9272D312C240DDD00B014D8 /* Browse for Me.swift */,
				B90294502C325C07005DB4CA /* Browse for Me Mobile.swift */,
				B9272D482C26AA6900B014D8 /* Animations */,
				B9272D322C240DDD00B014D8 /* PerplexityRequest.swift */,
				B9272D332C240DDD00B014D8 /* MarkdownParser.swift */,
			);
			path = "Browse for Me";
			sourceTree = "<group>";
		};
		B9272D482C26AA6900B014D8 /* Animations */ = {
			isa = PBXGroup;
			children = (
				B9272D492C26AA7A00B014D8 /* WaveTextEffect.swift */,
			);
			path = Animations;
			sourceTree = "<group>";
		};
		B93440E42C486A6800D6BA35 /* Horizontal Sidebar */ = {
			isa = PBXGroup;
			children = (
				B93440E52C486A8100D6BA35 /* HorizontalSidebar.swift */,
			);
			path = "Horizontal Sidebar";
			sourceTree = "<group>";
		};
		B93441032C4C7F1300D6BA35 /* WebView SwiftUI */ = {
			isa = PBXGroup;
			children = (
				B93441042C4C7FA300D6BA35 /* ActivityIndicator.swift */,
				B93441052C4C7FA300D6BA35 /* BrowserView.swift */,
				B93441062C4C7FA300D6BA35 /* Utils.swift */,
				B93441072C4C7FA300D6BA35 /* WebViewStore.swift */,
				B93441082C4C7FA300D6BA35 /* WebViewStore+JS.swift */,
				B93441092C4C7FA300D6BA35 /* WebViewStore+Links.swift */,
			);
			path = "WebView SwiftUI";
			sourceTree = "<group>";
		};
		B934413C2C51F88300D6BA35 /* Reader */ = {
			isa = PBXGroup;
			children = (
				B934413D2C51F88A00D6BA35 /* Reader.swift */,
			);
			path = Reader;
			sourceTree = "<group>";
		};
		B93AE92E2C2A3EA5003D0E88 /* Launch Screen */ = {
			isa = PBXGroup;
			children = (
				B9FE53FC2BC8DFAC008E0434 /* Launch Screen.storyboard */,
				B93AE92F2C2A3EBF003D0E88 /* Launch Animation.swift */,
			);
			path = "Launch Screen";
			sourceTree = "<group>";
		};
		B93D9D2F2BDF35DA0002D01B /* Tabs */ = {
			isa = PBXGroup;
			children = (
				B93D9D2B2BDF31A80002D01B /* Today Tab.swift */,
				B93D9D2D2BDF34C90002D01B /* Pinned Tab.swift */,
			);
			path = Tabs;
			sourceTree = "<group>";
		};
		B943038A2C2D32E400D787A4 /* Components */ = {
			isa = PBXGroup;
			children = (
				B943038C2C2D32F400D787A4 /* UI Components */,
				B94ADB222C3EE0630054899D /* Button Styles */,
				B9FE8D162BDD87FA00BBF221 /* Animations */,
			);
			path = Components;
			sourceTree = "<group>";
		};
		B943038C2C2D32F400D787A4 /* UI Components */ = {
			isa = PBXGroup;
			children = (
				B94303932C2D34B900D787A4 /* LoadingIndicators.swift */,
				B9272D462C26A52300B014D8 /* VGrid.swift */,
				B94CA9262C28EB7500AD3921 /* SkewIcon.swift */,
			);
			path = "UI Components";
			sourceTree = "<group>";
		};
		B94303952C2D37FC00D787A4 /* AdBlock */ = {
			isa = PBXGroup;
			children = (
				B961B7B02C2BCDE000F43EBF /* adblock.json */,
				B9272D3C2C250CDD00B014D8 /* Adaway.json */,
			);
			path = AdBlock;
			sourceTree = "<group>";
		};
		B94ADB182C3EDE5E0054899D /* Old Files */ = {
			isa = PBXGroup;
			children = (
				B98256CD2BD2E38D00F997F5 /* ThreeDots.swift */,
				B91FBF942BC8EB0C001C317C /* Tab Bar.swift */,
				B97A807C2C3E5A5A00DB523B /* Old WebViews */,
				B90213742AB0174F00AB708D /* SizedSpacer.swift */,
			);
			path = "Old Files";
			sourceTree = "<group>";
		};
		B94ADB192C3EDEFC0054899D /* iOS */ = {
			isa = PBXGroup;
			children = (
				B90670E72CCDD98A00DE3B76 /* Tabs */,
				B90670E52CCDD95500DE3B76 /* WebPreview.swift */,
				B961B7AE2C2BA59200F43EBF /* iOS Webview.swift */,
				B99300DE2C309965000BBFA4 /* PlusButtonStyle.swift */,
				B90670C92CCD7FAB00DE3B76 /* ToolbarButtonStyle.swift */,
				B94CEA5D2C2F670900A62B70 /* WebSnapshot.swift */,
				B92FDE1A2C2E642900B07703 /* TabLocations.swift */,
				B961B7B42C2BF1FA00F43EBF /* WebsiteView.swift */,
				B961B7B22C2BD9A800F43EBF /* MobileHomepage.swift */,
			);
			path = iOS;
			sourceTree = "<group>";
		};
		B94ADB1A2C3EDF020054899D /* VisionOS */ = {
			isa = PBXGroup;
			children = (
				B93AE9322C2AA10A003D0E88 /* HoverButtonDisabled.swift */,
			);
			path = VisionOS;
			sourceTree = "<group>";
		};
		B94ADB1B2C3EDF0A0054899D /* Multiplatform */ = {
			isa = PBXGroup;
			children = (
				C1BD7D2A2BDE04AB0078D7B3 /* Views */,
				B9DDD2652C3C2AC600BC0CA4 /* Observable Objects */,
				C1BD7D172BDDF65F0078D7B3 /* Data Models */,
				B9D47D052C276C8E0059BE46 /* Settings */,
				C1BD7D1C2BDDF8DF0078D7B3 /* Helpers */,
				B98256CA2BD2E2F800F997F5 /* Extensions */,
				B94ADB182C3EDE5E0054899D /* Old Files */,
				B95B19E82AABBEE10013AC79 /* Assets.xcassets */,
			);
			path = Multiplatform;
			sourceTree = "<group>";
		};
		B94ADB1C2C3EDF470054899D /* URL Handling */ = {
			isa = PBXGroup;
			children = (
				B98A32F32BCDC59B00555AB9 /* urlFormatter.swift */,
				B9230FFB2BBD36FC0032C950 /* public_suffix_list.txt */,
				B9230FF92BBD36740032C950 /* TopDomains.json */,
			);
			path = "URL Handling";
			sourceTree = "<group>";
		};
		B94ADB1F2C3EDFC40054899D /* Color */ = {
			isa = PBXGroup;
			children = (
				B98953A52AABE3CB00EE3B42 /* Hex.swift */,
				B94ADB202C3EE0060054899D /* hexString.swift */,
				B94ADB1D2C3EDFB60054899D /* averageHex.swift */,
			);
			path = Color;
			sourceTree = "<group>";
		};
		B94ADB222C3EE0630054899D /* Button Styles */ = {
			isa = PBXGroup;
			children = (
				B90213722AAFDEE200AB708D /* Button Styles.swift */,
				B94ADB232C3EE0780054899D /* InnerShadow.swift */,
			);
			path = "Button Styles";
			sourceTree = "<group>";
		};
		B94ADB252C3EFBE80054899D /* Components */ = {
			isa = PBXGroup;
			children = (
				B94ADB262C3EFBFC0054899D /* Icons Picker */,
			);
			path = Components;
			sourceTree = "<group>";
		};
		B94ADB262C3EFBFC0054899D /* Icons Picker */ = {
			isa = PBXGroup;
			children = (
				B98A32F72BD01DCE00555AB9 /* IconsPicker.swift */,
				B9C537F92BED522200C7DB2B /* IconsArrayStorage.swift */,
				B9E474372C18052C0098C7C6 /* IconsArrayIOS18.swift */,
				B94ADB272C3EFCE00054899D /* Icons Arrays.swift */,
			);
			path = "Icons Picker";
			sourceTree = "<group>";
		};
		B94CA91D2C28C72E00AD3921 /* Boosts */ = {
			isa = PBXGroup;
			children = (
				B94CA91E2C28C73E00AD3921 /* BoostStorage.swift */,
				B94CA9202C28C78200AD3921 /* BoostEditor.swift */,
				B9AFB65A2C3CF25A009B89C5 /* RemoveHead.swift */,
				B9AFB65E2C3CF4DA009B89C5 /* ParseHTMLforAI.swift */,
				B9AFB6602C3CF4EE009B89C5 /* AIBoostGenerator.swift */,
			);
			path = Boosts;
			sourceTree = "<group>";
		};
		B95B19D82AABBEE00013AC79 = {
			isa = PBXGroup;
			children = (
				B9E4741F2C17EA800098C7C6 /* TestPlan.xctestplan */,
				B98A32F12BCDB62C00555AB9 /* README.md */,
				B95B19E32AABBEE00013AC79 /* Aura */,
				B9E474312C17EDE80098C7C6 /* Aura Tests */,
				B95B19E22AABBEE00013AC79 /* Products */,
				B9230FFD2BBDC06A0032C950 /* Frameworks */,
			);
			sourceTree = "<group>";
		};
		B95B19E22AABBEE00013AC79 /* Products */ = {
			isa = PBXGroup;
			children = (
				B95B19E12AABBEE00013AC79 /* Aura.app */,
			);
			name = Products;
			sourceTree = "<group>";
		};
		B95B19E32AABBEE00013AC79 /* Aura */ = {
			isa = PBXGroup;
			children = (
				B95B19E42AABBEE00013AC79 /* Aura_App.swift */,
				B98256C72BD2A87200F997F5 /* iPad browser.entitlements */,
				B98953A42AABD71300EE3B42 /* iPad-browser-Info.plist */,
				B98953A22AABCF7200EE3B42 /* GoogleService-Info.plist */,
				B94ADB1B2C3EDF0A0054899D /* Multiplatform */,
				B94ADB1A2C3EDF020054899D /* VisionOS */,
				B94ADB192C3EDEFC0054899D /* iOS */,
				B95B19EA2AABBEE10013AC79 /* Preview Content */,
			);
			path = Aura;
			sourceTree = "<group>";
		};
		B95B19EA2AABBEE10013AC79 /* Preview Content */ = {
			isa = PBXGroup;
			children = (
				B95B19EB2AABBEE10013AC79 /* Preview Assets.xcassets */,
			);
			path = "Preview Content";
			sourceTree = "<group>";
		};
		B97724FF2C0115F600A39E3A /* Sidebar */ = {
			isa = PBXGroup;
			children = (
				B97A807F2C3E5B6E00DB523B /* Sidebar.swift */,
				B95A4F472CBA6C8500A376BF /* SidebarObservable.swift */,
				B93440E72C48C7E300D6BA35 /* Sharing.swift */,
				B97725022C01292400A39E3A /* PagedSidebar.swift */,
				B95A4F452CBA609A00A376BF /* TabbedPagedSidebar.swift */,
				B93440E42C486A6800D6BA35 /* Horizontal Sidebar */,
				B93D9D2F2BDF35DA0002D01B /* Tabs */,
				B98256D12BD2E40C00F997F5 /* Toolbar Buttons.swift */,
				B97725002C0116BA00A39E3A /* Space Picker.swift */,
				B93441102C4CD90700D6BA35 /* Menu Space Picker.swift */,
				B97A807E2C3E5AA700DB523B /* Sidebar Experiments */,
			);
			path = Sidebar;
			sourceTree = "<group>";
		};
		B9798BFC2BF0B92A0012D98E /* Dashboard */ = {
			isa = PBXGroup;
			children = (
				B9798BFA2BF0AA4D0012D98E /* Dashboard.swift */,
				B9798BFD2BF0B9350012D98E /* Dashboard Widgets */,
			);
			path = Dashboard;
			sourceTree = "<group>";
		};
		B9798BFD2BF0B9350012D98E /* Dashboard Widgets */ = {
			isa = PBXGroup;
			children = (
				B90294552C333839005DB4CA /* Chat-GPT */,
				B90294542C333831005DB4CA /* Pinned Tabs */,
				B90294532C333825005DB4CA /* Tile Game */,
				B9C0ED7E2C0A532700AF6E31 /* Clock */,
				B9798C002BF1CEDB0012D98E /* Weather */,
			);
			path = "Dashboard Widgets";
			sourceTree = "<group>";
		};
		B9798C002BF1CEDB0012D98E /* Weather */ = {
			isa = PBXGroup;
			children = (
				B9798C402BF28EEB0012D98E /* WeatherManager.swift */,
				B9798C422BF28F100012D98E /* WeatherWidgetView.swift */,
				B9798C442BF2908B0012D98E /* LocationManager.swift */,
			);
			path = Weather;
			sourceTree = "<group>";
		};
		B97A807C2C3E5A5A00DB523B /* Old WebViews */ = {
			isa = PBXGroup;
			children = (
				C1BD7D2D2BDE05160078D7B3 /* navigationState.swift */,
				C1BD7D2F2BDE052F0078D7B3 /* WebView.swift */,
			);
			path = "Old WebViews";
			sourceTree = "<group>";
		};
		B97A807E2C3E5AA700DB523B /* Sidebar Experiments */ = {
			isa = PBXGroup;
			children = (
				B90294562C333AA3005DB4CA /* Sidebar Adaptable Test */,
				B9C0ED872C0C07BF00AF6E31 /* PagedTabbedSidebar.swift */,
			);
			path = "Sidebar Experiments";
			sourceTree = "<group>";
		};
		B98256CA2BD2E2F800F997F5 /* Extensions */ = {
			isa = PBXGroup;
			children = (
				B93AE92E2C2A3EA5003D0E88 /* Launch Screen */,
				B94ADB1F2C3EDFC40054899D /* Color */,
				C1BD7D222BDDF9C80078D7B3 /* ContentViewColor.swift */,
			);
			path = Extensions;
			sourceTree = "<group>";
		};
		B9C0ED7E2C0A532700AF6E31 /* Clock */ = {
			isa = PBXGroup;
			children = (
				B9C0ED7F2C0A532F00AF6E31 /* Clock.swift */,
				B9C0ED812C0A60A800AF6E31 /* DigitalClock.swift */,
				B9C0ED832C0A60AF00AF6E31 /* AnalogClock.swift */,
			);
			path = Clock;
			sourceTree = "<group>";
		};
		B9D47D052C276C8E0059BE46 /* Settings */ = {
			isa = PBXGroup;
			children = (
				B9D47D062C27772C0059BE46 /* Settings.swift */,
				B9D47D082C2780580059BE46 /* Settings Subpages */,
				B94CA9222C28E29700AD3921 /* Settings Images.xcassets */,
			);
			path = Settings;
			sourceTree = "<group>";
		};
		B9D47D082C2780580059BE46 /* Settings Subpages */ = {
			isa = PBXGroup;
			children = (
				B94CA92A2C290E7F00AD3921 /* General.swift */,
				B9D47D0B2C282A150059BE46 /* Appearance.swift */,
				B95A4F492CBB796B00A376BF /* BoostSettings.swift */,
				B91BCF402C3F1AED0031581D /* SearchEngine.swift */,
				B9D47D092C27806C0059BE46 /* Favicons.swift */,
				B91BCF682C3F54940031581D /* ShortcutSettings.swift */,
				B91BCF6A2C3F5ECF0031581D /* AISettings.swift */,
			);
			path = "Settings Subpages";
			sourceTree = "<group>";
		};
		B9DDD2652C3C2AC600BC0CA4 /* Observable Objects */ = {
			isa = PBXGroup;
			children = (
				B9DDD2662C3C2AD900BC0CA4 /* WebsiteManager.swift */,
				B9DDD2682C3C2AF300BC0CA4 /* ObservableVariables.swift */,
				B9DDD26A2C3C2B0D00BC0CA4 /* LinkViewModel.swift */,
				B9DDD26C2C3C2B2600BC0CA4 /* SettingsVariables.swift */,
				B9FA63BC2C3C2E1D00D492E6 /* KeyboardShortcuts.swift */,
				B9FA63BE2C3C2E2400D492E6 /* BoostDataStorage.swift */,
			);
			path = "Observable Objects";
			sourceTree = "<group>";
		};
		B9E474312C17EDE80098C7C6 /* Aura Tests */ = {
			isa = PBXGroup;
			children = (
				B9E474322C17EDE80098C7C6 /* Aura_Tests.swift */,
			);
			path = "Aura Tests";
			sourceTree = "<group>";
		};
		B9FE8D162BDD87FA00BBF221 /* Animations */ = {
			isa = PBXGroup;
			children = (
				B98A32ED2BCDA09C00555AB9 /* CircleAnimation.swift */,
				B96DEFD52BDA908A00DB5C32 /* LoadingAnimations.swift */,
			);
			path = Animations;
			sourceTree = "<group>";
		};
		C1BD7D172BDDF65F0078D7B3 /* Data Models */ = {
			isa = PBXGroup;
			children = (
				C1BD7D1A2BDDF6A30078D7B3 /* SpaceStorage.swift */,
				B9C6D0A02BF5E10E001DE904 /* DashboardWidgetStorage.swift */,
			);
			path = "Data Models";
			sourceTree = "<group>";
		};
		C1BD7D1C2BDDF8DF0078D7B3 /* Helpers */ = {
			isa = PBXGroup;
			children = (
				B94ADB1C2C3EDF470054899D /* URL Handling */,
				B943038A2C2D32E400D787A4 /* Components */,
				C1BD7D1D2BDDF8F10078D7B3 /* Suggestions */,
				B91BCF672C3F43AF0031581D /* No Internet */,
				B91BCF422C3F1B660031581D /* Random Functions */,
				B98256CB2BD2E33200F997F5 /* DropViewDelegate.swift */,
				B97724FD2C0094BB00A39E3A /* ScrollViewOffset.swift */,
				B943038D2C2D330000D787A4 /* Haptics.swift */,
				B90644112C40F3AF0056C5D3 /* History.swift */,
				B90644132C40F3B50056C5D3 /* HistoryObservable.swift */,
				B98256D32BD2E78100F997F5 /* Themes.swift */,
				B9C537FB2BEF37C700C7DB2B /* CustomSwitch.swift */,
				B94CA9282C28EB9A00AD3921 /* MotionManager.swift */,
			);
			path = Helpers;
			sourceTree = "<group>";
		};
		C1BD7D1D2BDDF8F10078D7B3 /* Suggestions */ = {
			isa = PBXGroup;
			children = (
				B9FD6CE12BE2A98000A7D0B1 /* CommandBar.swift */,
				B93D9D302BDF36130002D01B /* SuggestionsURLs.swift */,
			);
			path = Suggestions;
			sourceTree = "<group>";
		};
		C1BD7D2A2BDE04AB0078D7B3 /* Views */ = {
			isa = PBXGroup;
			children = (
				B98953A72AAC1F4B00EE3B42 /* ContentView.swift */,
				B934413C2C51F88300D6BA35 /* Reader */,
				B97724FF2C0115F600A39E3A /* Sidebar */,
				B90294522C3337A5005DB4CA /* WebViews */,
				B9272D302C240D5800B014D8 /* Browse for Me */,
				C1BD7D312BDE05550078D7B3 /* LoginView */,
				B9798BFC2BF0B92A0012D98E /* Dashboard */,
				B94ADB252C3EFBE80054899D /* Components */,
			);
			path = Views;
			sourceTree = "<group>";
		};
		C1BD7D312BDE05550078D7B3 /* LoginView */ = {
			isa = PBXGroup;
			children = (
				B98953A92AAD686100EE3B42 /* LoginView.swift */,
				C1BD7D322BDE05690078D7B3 /* DefaultsStorage.swift */,
			);
			path = LoginView;
			sourceTree = "<group>";
		};
/* End PBXGroup section */

/* Begin PBXNativeTarget section */
		B95B19E02AABBEE00013AC79 /* Aura */ = {
			isa = PBXNativeTarget;
			buildConfigurationList = B95B19EF2AABBEE10013AC79 /* Build configuration list for PBXNativeTarget "Aura" */;
			buildPhases = (
				B95B19DD2AABBEE00013AC79 /* Sources */,
				B95B19DE2AABBEE00013AC79 /* Frameworks */,
				B95B19DF2AABBEE00013AC79 /* Resources */,
			);
			buildRules = (
			);
			dependencies = (
			);
			name = Aura;
			packageProductDependencies = (
				B98A32FA2BD05CF000555AB9 /* FaviconFinder */,
				B9F7D6262BD851CC00E186B8 /* SDWebImageSwiftUI */,
				B9272D3A2C250A9D00B014D8 /* MarkdownUI */,
				B9272D4C2C26B59C00B014D8 /* YouTubePlayerKit */,
				B92652E52C3C9E3700DA2241 /* CodeEditor */,
				B9AFB6632C3CF58C009B89C5 /* OpenAI */,
			);
			productName = "iPad browser";
			productReference = B95B19E12AABBEE00013AC79 /* Aura.app */;
			productType = "com.apple.product-type.application";
		};
/* End PBXNativeTarget section */

/* Begin PBXProject section */
		B95B19D92AABBEE00013AC79 /* Project object */ = {
			isa = PBXProject;
			attributes = {
				BuildIndependentTargetsInParallel = 1;
				LastSwiftUpdateCheck = 1600;
				LastUpgradeCheck = 1500;
				TargetAttributes = {
					B95B19E02AABBEE00013AC79 = {
						CreatedOnToolsVersion = 15.0;
					};
				};
			};
			buildConfigurationList = B95B19DC2AABBEE00013AC79 /* Build configuration list for PBXProject "Aura" */;
			compatibilityVersion = "Xcode 14.0";
			developmentRegion = en;
			hasScannedForEncodings = 0;
			knownRegions = (
				en,
				Base,
			);
			mainGroup = B95B19D82AABBEE00013AC79;
			packageReferences = (
				B98A32F92BD05CF000555AB9 /* XCRemoteSwiftPackageReference "FaviconFinder" */,
				B9F7D6252BD851CC00E186B8 /* XCRemoteSwiftPackageReference "SDWebImageSwiftUI" */,
				B9ED10532C0F9FFC004F2AF3 /* XCRemoteSwiftPackageReference "WKDownloadHelper" */,
				B9272D392C250A9D00B014D8 /* XCRemoteSwiftPackageReference "swift-markdown-ui" */,
				B9272D4B2C26B59C00B014D8 /* XCRemoteSwiftPackageReference "YouTubePlayerKit" */,
				B92652E42C3C9E3700DA2241 /* XCRemoteSwiftPackageReference "CodeEditor" */,
				B9AFB6622C3CF58C009B89C5 /* XCRemoteSwiftPackageReference "OpenAI" */,
			);
			productRefGroup = B95B19E22AABBEE00013AC79 /* Products */;
			projectDirPath = "";
			projectRoot = "";
			targets = (
				B95B19E02AABBEE00013AC79 /* Aura */,
			);
		};
/* End PBXProject section */

/* Begin PBXResourcesBuildPhase section */
		B95B19DF2AABBEE00013AC79 /* Resources */ = {
			isa = PBXResourcesBuildPhase;
			buildActionMask = 2147483647;
			files = (
				B9272D3D2C250CDD00B014D8 /* Adaway.json in Resources */,
				B9FE53FD2BC8DFAC008E0434 /* Launch Screen.storyboard in Resources */,
				B98953A32AABCF7200EE3B42 /* GoogleService-Info.plist in Resources */,
				B9E474202C17EA800098C7C6 /* TestPlan.xctestplan in Resources */,
				B94CA9232C28E29700AD3921 /* Settings Images.xcassets in Resources */,
				B9230FFA2BBD36740032C950 /* TopDomains.json in Resources */,
				B98A32F22BCDB62C00555AB9 /* README.md in Resources */,
				B9230FFC2BBD36FC0032C950 /* public_suffix_list.txt in Resources */,
				B961B7B12C2BCDE700F43EBF /* adblock.json in Resources */,
				B95B19EC2AABBEE10013AC79 /* Preview Assets.xcassets in Resources */,
				B95B19E92AABBEE10013AC79 /* Assets.xcassets in Resources */,
			);
			runOnlyForDeploymentPostprocessing = 0;
		};
/* End PBXResourcesBuildPhase section */

/* Begin PBXSourcesBuildPhase section */
		B95B19DD2AABBEE00013AC79 /* Sources */ = {
			isa = PBXSourcesBuildPhase;
			buildActionMask = 2147483647;
			files = (
				B94303942C2D34B900D787A4 /* LoadingIndicators.swift in Sources */,
				B92FDE1B2C2E642900B07703 /* TabLocations.swift in Sources */,
				B9272D4A2C26AA7A00B014D8 /* WaveTextEffect.swift in Sources */,
				B98A32F42BCDC59B00555AB9 /* urlFormatter.swift in Sources */,
				B98953A62AABE3CB00EE3B42 /* Hex.swift in Sources */,
				B9E474382C18052C0098C7C6 /* IconsArrayIOS18.swift in Sources */,
				B923BA622CD89FA90000C09C /* TabTypeSwitcher.swift in Sources */,
				B90670E62CCDD95500DE3B76 /* WebPreview.swift in Sources */,
				B934413E2C51F88A00D6BA35 /* Reader.swift in Sources */,
				B94ADB212C3EE0060054899D /* hexString.swift in Sources */,
				B98953A82AAC1F4B00EE3B42 /* ContentView.swift in Sources */,
				B934410A2C4C7FA300D6BA35 /* WebViewStore+JS.swift in Sources */,
				B90670EB2CCDD9FD00DE3B76 /* MobileTabsModel.swift in Sources */,
				B934410B2C4C7FA300D6BA35 /* WebViewStore.swift in Sources */,
				B934410C2C4C7FA300D6BA35 /* Utils.swift in Sources */,
				B934410D2C4C7FA300D6BA35 /* WebViewStore+Links.swift in Sources */,
				B934410E2C4C7FA300D6BA35 /* BrowserView.swift in Sources */,
				B934410F2C4C7FA300D6BA35 /* ActivityIndicator.swift in Sources */,
				B91FBF952BC8EB0C001C317C /* Tab Bar.swift in Sources */,
				B961B7AF2C2BA59200F43EBF /* iOS Webview.swift in Sources */,
				B93440E62C486A8100D6BA35 /* HorizontalSidebar.swift in Sources */,
				B98A32F82BD01DCE00555AB9 /* IconsPicker.swift in Sources */,
				C1BD7D332BDE05690078D7B3 /* DefaultsStorage.swift in Sources */,
				B95A4F4A2CBB796B00A376BF /* BoostSettings.swift in Sources */,
				B94ADB242C3EE0780054899D /* InnerShadow.swift in Sources */,
				B94CA9272C28EB7500AD3921 /* SkewIcon.swift in Sources */,
				B90670CA2CCD7FAB00DE3B76 /* ToolbarButtonStyle.swift in Sources */,
				B9C0ED842C0A60AF00AF6E31 /* AnalogClock.swift in Sources */,
				B9798C412BF28EEB0012D98E /* WeatherManager.swift in Sources */,
				B94ADB1E2C3EDFB60054899D /* averageHex.swift in Sources */,
				B9C6D0A12BF5E10E001DE904 /* DashboardWidgetStorage.swift in Sources */,
				B93440E82C48C7E300D6BA35 /* Sharing.swift in Sources */,
				B9FA63BF2C3C2E2400D492E6 /* BoostDataStorage.swift in Sources */,
				B93AE9332C2AA10A003D0E88 /* HoverButtonDisabled.swift in Sources */,
				B94303922C2D347C00D787A4 /* CurrentWebView.swift in Sources */,
				B93D9D2E2BDF34C90002D01B /* Pinned Tab.swift in Sources */,
				B94ADB282C3EFCE00054899D /* Icons Arrays.swift in Sources */,
				B90644122C40F3B00056C5D3 /* History.swift in Sources */,
				B99300DF2C309965000BBFA4 /* PlusButtonStyle.swift in Sources */,
				B9798C432BF28F100012D98E /* WeatherWidgetView.swift in Sources */,
				B94CA91A2C28C27500AD3921 /* SwiftUISidebar.swift in Sources */,
				C1BD7D232BDDF9C80078D7B3 /* ContentViewColor.swift in Sources */,
				B9D47D0C2C282A150059BE46 /* Appearance.swift in Sources */,
				B9798BFF2BF0B9460012D98E /* Tile Game.swift in Sources */,
				B9D47D072C27772C0059BE46 /* Settings.swift in Sources */,
				B9272D472C26A52300B014D8 /* VGrid.swift in Sources */,
				B961B7B32C2BD9A800F43EBF /* MobileHomepage.swift in Sources */,
				B9C537FA2BED522200C7DB2B /* IconsArrayStorage.swift in Sources */,
				B90213732AAFDEE200AB708D /* Button Styles.swift in Sources */,
				B91BCF692C3F54940031581D /* ShortcutSettings.swift in Sources */,
				B98256CE2BD2E38D00F997F5 /* ThreeDots.swift in Sources */,
				B9272D342C240DDD00B014D8 /* Browse for Me.swift in Sources */,
				B9DDD26D2C3C2B2600BC0CA4 /* SettingsVariables.swift in Sources */,
				B94CA91C2C28C33100AD3921 /* SwiftUISidebarWebView.swift in Sources */,
				B94CA92B2C290E7F00AD3921 /* General.swift in Sources */,
				B9272D352C240DDD00B014D8 /* MarkdownParser.swift in Sources */,
				B9272D362C240DDD00B014D8 /* PerplexityRequest.swift in Sources */,
				B961B7AD2C2BA38600F43EBF /* TabOverview.swift in Sources */,
				B9C537FC2BEF37C700C7DB2B /* CustomSwitch.swift in Sources */,
				B93441112C4CD90700D6BA35 /* Menu Space Picker.swift in Sources */,
				B91BCF622C3F36420031581D /* NetworkMonitor.swift in Sources */,
				B90670E92CCDD9BC00DE3B76 /* TabList.swift in Sources */,
				B9C0ED822C0A60A800AF6E31 /* DigitalClock.swift in Sources */,
				B97724FE2C0094BB00A39E3A /* ScrollViewOffset.swift in Sources */,
				B9FE8D172BDD884000BBF221 /* CircleAnimation.swift in Sources */,
				B98256D22BD2E40C00F997F5 /* Toolbar Buttons.swift in Sources */,
				B9798BFB2BF0AA4D0012D98E /* Dashboard.swift in Sources */,
				B90213752AB0174F00AB708D /* SizedSpacer.swift in Sources */,
				B91BCF412C3F1AED0031581D /* SearchEngine.swift in Sources */,
				B9AFB65B2C3CF25A009B89C5 /* RemoveHead.swift in Sources */,
				B91BCF442C3F1B740031581D /* someKey.swift in Sources */,
				B9AFB65F2C3CF4DA009B89C5 /* ParseHTMLforAI.swift in Sources */,
				B94CEA5E2C2F670900A62B70 /* WebSnapshot.swift in Sources */,
				B93D9D312BDF36130002D01B /* SuggestionsURLs.swift in Sources */,
				B961B7B52C2BF1FA00F43EBF /* WebsiteView.swift in Sources */,
				B9FA63BD2C3C2E1D00D492E6 /* KeyboardShortcuts.swift in Sources */,
				B98256D42BD2E78100F997F5 /* Themes.swift in Sources */,
				B91BCF462C3F1FDE0031581D /* Removing Duplicates.swift in Sources */,
				B91BCF6B2C3F5ECF0031581D /* AISettings.swift in Sources */,
				B943038E2C2D330000D787A4 /* Haptics.swift in Sources */,
				B96DEFD62BDA908A00DB5C32 /* LoadingAnimations.swift in Sources */,
				B9DDD26B2C3C2B0D00BC0CA4 /* LinkViewModel.swift in Sources */,
				B93AE9302C2A3EBF003D0E88 /* Launch Animation.swift in Sources */,
				B9C0ED882C0C07BF00AF6E31 /* PagedTabbedSidebar.swift in Sources */,
				B9DDD2692C3C2AF300BC0CA4 /* ObservableVariables.swift in Sources */,
				B94CA9292C28EB9A00AD3921 /* MotionManager.swift in Sources */,
				B93D9D2C2BDF31A80002D01B /* Today Tab.swift in Sources */,
				C1BD7D302BDE052F0078D7B3 /* WebView.swift in Sources */,
				B9D47D0A2C27806C0059BE46 /* Favicons.swift in Sources */,
				B98256CC2BD2E33200F997F5 /* DropViewDelegate.swift in Sources */,
				B9FD6CE22BE2A98000A7D0B1 /* CommandBar.swift in Sources */,
				B94CA9212C28C78200AD3921 /* BoostEditor.swift in Sources */,
				B97725032C01292400A39E3A /* PagedSidebar.swift in Sources */,
				B9DDD2672C3C2AD900BC0CA4 /* WebsiteManager.swift in Sources */,
				B9AFB6612C3CF4EE009B89C5 /* AIBoostGenerator.swift in Sources */,
				B95A4F482CBA6C8500A376BF /* SidebarObservable.swift in Sources */,
				B98953AA2AAD686100EE3B42 /* LoginView.swift in Sources */,
				B95B19E52AABBEE00013AC79 /* Aura_App.swift in Sources */,
				B9C0ED802C0A532F00AF6E31 /* Clock.swift in Sources */,
				B94CA91F2C28C73E00AD3921 /* BoostStorage.swift in Sources */,
				C1BD7D2E2BDE05160078D7B3 /* navigationState.swift in Sources */,
				C1BD7D1B2BDDF6A30078D7B3 /* SpaceStorage.swift in Sources */,
				B90644142C40F3B50056C5D3 /* HistoryObservable.swift in Sources */,
				B91BCF642C3F367A0031581D /* NoWifi.swift in Sources */,
				B9798C452BF2908B0012D98E /* LocationManager.swift in Sources */,
				B90294512C325C07005DB4CA /* Browse for Me Mobile.swift in Sources */,
				B97725012C0116BA00A39E3A /* Space Picker.swift in Sources */,
				B934413B2C51EC4000D6BA35 /* ChatGPT.swift in Sources */,
				B95A4F462CBA609A00A376BF /* TabbedPagedSidebar.swift in Sources */,
				B97A80802C3E5B6E00DB523B /* Sidebar.swift in Sources */,
			);
			runOnlyForDeploymentPostprocessing = 0;
		};
/* End PBXSourcesBuildPhase section */

/* Begin XCBuildConfiguration section */
		B95B19ED2AABBEE10013AC79 /* Debug */ = {
			isa = XCBuildConfiguration;
			buildSettings = {
				ALWAYS_SEARCH_USER_PATHS = NO;
				ASSETCATALOG_COMPILER_GENERATE_SWIFT_ASSET_SYMBOL_EXTENSIONS = YES;
				CLANG_ANALYZER_NONNULL = YES;
				CLANG_ANALYZER_NUMBER_OBJECT_CONVERSION = YES_AGGRESSIVE;
				CLANG_CXX_LANGUAGE_STANDARD = "gnu++20";
				CLANG_ENABLE_MODULES = YES;
				CLANG_ENABLE_OBJC_ARC = YES;
				CLANG_ENABLE_OBJC_WEAK = YES;
				CLANG_WARN_BLOCK_CAPTURE_AUTORELEASING = YES;
				CLANG_WARN_BOOL_CONVERSION = YES;
				CLANG_WARN_COMMA = YES;
				CLANG_WARN_CONSTANT_CONVERSION = YES;
				CLANG_WARN_DEPRECATED_OBJC_IMPLEMENTATIONS = YES;
				CLANG_WARN_DIRECT_OBJC_ISA_USAGE = YES_ERROR;
				CLANG_WARN_DOCUMENTATION_COMMENTS = YES;
				CLANG_WARN_EMPTY_BODY = YES;
				CLANG_WARN_ENUM_CONVERSION = YES;
				CLANG_WARN_INFINITE_RECURSION = YES;
				CLANG_WARN_INT_CONVERSION = YES;
				CLANG_WARN_NON_LITERAL_NULL_CONVERSION = YES;
				CLANG_WARN_OBJC_IMPLICIT_RETAIN_SELF = YES;
				CLANG_WARN_OBJC_LITERAL_CONVERSION = YES;
				CLANG_WARN_OBJC_ROOT_CLASS = YES_ERROR;
				CLANG_WARN_QUOTED_INCLUDE_IN_FRAMEWORK_HEADER = YES;
				CLANG_WARN_RANGE_LOOP_ANALYSIS = YES;
				CLANG_WARN_STRICT_PROTOTYPES = YES;
				CLANG_WARN_SUSPICIOUS_MOVE = YES;
				CLANG_WARN_UNGUARDED_AVAILABILITY = YES_AGGRESSIVE;
				CLANG_WARN_UNREACHABLE_CODE = YES;
				CLANG_WARN__DUPLICATE_METHOD_MATCH = YES;
				COPY_PHASE_STRIP = NO;
				DEBUG_INFORMATION_FORMAT = dwarf;
				ENABLE_STRICT_OBJC_MSGSEND = YES;
				ENABLE_TESTABILITY = YES;
				ENABLE_USER_SCRIPT_SANDBOXING = YES;
				GCC_C_LANGUAGE_STANDARD = gnu17;
				GCC_DYNAMIC_NO_PIC = NO;
				GCC_NO_COMMON_BLOCKS = YES;
				GCC_OPTIMIZATION_LEVEL = 0;
				GCC_PREPROCESSOR_DEFINITIONS = (
					"DEBUG=1",
					"$(inherited)",
				);
				GCC_WARN_64_TO_32_BIT_CONVERSION = YES;
				GCC_WARN_ABOUT_RETURN_TYPE = YES_ERROR;
				GCC_WARN_UNDECLARED_SELECTOR = YES;
				GCC_WARN_UNINITIALIZED_AUTOS = YES_AGGRESSIVE;
				GCC_WARN_UNUSED_FUNCTION = YES;
				GCC_WARN_UNUSED_VARIABLE = YES;
				IPHONEOS_DEPLOYMENT_TARGET = 17.0;
				LOCALIZATION_PREFERS_STRING_CATALOGS = YES;
				MTL_ENABLE_DEBUG_INFO = INCLUDE_SOURCE;
				MTL_FAST_MATH = YES;
				ONLY_ACTIVE_ARCH = YES;
				SDKROOT = iphoneos;
				SWIFT_ACTIVE_COMPILATION_CONDITIONS = "DEBUG $(inherited)";
				SWIFT_OPTIMIZATION_LEVEL = "-Onone";
				XROS_DEPLOYMENT_TARGET = 1.0;
			};
			name = Debug;
		};
		B95B19EE2AABBEE10013AC79 /* Release */ = {
			isa = XCBuildConfiguration;
			buildSettings = {
				ALWAYS_SEARCH_USER_PATHS = NO;
				ASSETCATALOG_COMPILER_GENERATE_SWIFT_ASSET_SYMBOL_EXTENSIONS = YES;
				CLANG_ANALYZER_NONNULL = YES;
				CLANG_ANALYZER_NUMBER_OBJECT_CONVERSION = YES_AGGRESSIVE;
				CLANG_CXX_LANGUAGE_STANDARD = "gnu++20";
				CLANG_ENABLE_MODULES = YES;
				CLANG_ENABLE_OBJC_ARC = YES;
				CLANG_ENABLE_OBJC_WEAK = YES;
				CLANG_WARN_BLOCK_CAPTURE_AUTORELEASING = YES;
				CLANG_WARN_BOOL_CONVERSION = YES;
				CLANG_WARN_COMMA = YES;
				CLANG_WARN_CONSTANT_CONVERSION = YES;
				CLANG_WARN_DEPRECATED_OBJC_IMPLEMENTATIONS = YES;
				CLANG_WARN_DIRECT_OBJC_ISA_USAGE = YES_ERROR;
				CLANG_WARN_DOCUMENTATION_COMMENTS = YES;
				CLANG_WARN_EMPTY_BODY = YES;
				CLANG_WARN_ENUM_CONVERSION = YES;
				CLANG_WARN_INFINITE_RECURSION = YES;
				CLANG_WARN_INT_CONVERSION = YES;
				CLANG_WARN_NON_LITERAL_NULL_CONVERSION = YES;
				CLANG_WARN_OBJC_IMPLICIT_RETAIN_SELF = YES;
				CLANG_WARN_OBJC_LITERAL_CONVERSION = YES;
				CLANG_WARN_OBJC_ROOT_CLASS = YES_ERROR;
				CLANG_WARN_QUOTED_INCLUDE_IN_FRAMEWORK_HEADER = YES;
				CLANG_WARN_RANGE_LOOP_ANALYSIS = YES;
				CLANG_WARN_STRICT_PROTOTYPES = YES;
				CLANG_WARN_SUSPICIOUS_MOVE = YES;
				CLANG_WARN_UNGUARDED_AVAILABILITY = YES_AGGRESSIVE;
				CLANG_WARN_UNREACHABLE_CODE = YES;
				CLANG_WARN__DUPLICATE_METHOD_MATCH = YES;
				COPY_PHASE_STRIP = NO;
				DEBUG_INFORMATION_FORMAT = "dwarf-with-dsym";
				ENABLE_NS_ASSERTIONS = NO;
				ENABLE_STRICT_OBJC_MSGSEND = YES;
				ENABLE_USER_SCRIPT_SANDBOXING = YES;
				GCC_C_LANGUAGE_STANDARD = gnu17;
				GCC_NO_COMMON_BLOCKS = YES;
				GCC_WARN_64_TO_32_BIT_CONVERSION = YES;
				GCC_WARN_ABOUT_RETURN_TYPE = YES_ERROR;
				GCC_WARN_UNDECLARED_SELECTOR = YES;
				GCC_WARN_UNINITIALIZED_AUTOS = YES_AGGRESSIVE;
				GCC_WARN_UNUSED_FUNCTION = YES;
				GCC_WARN_UNUSED_VARIABLE = YES;
				IPHONEOS_DEPLOYMENT_TARGET = 17.0;
				LOCALIZATION_PREFERS_STRING_CATALOGS = YES;
				MTL_ENABLE_DEBUG_INFO = NO;
				MTL_FAST_MATH = YES;
				SDKROOT = iphoneos;
				SWIFT_COMPILATION_MODE = wholemodule;
				VALIDATE_PRODUCT = YES;
				XROS_DEPLOYMENT_TARGET = 1.0;
			};
			name = Release;
		};
		B95B19F02AABBEE10013AC79 /* Debug */ = {
			isa = XCBuildConfiguration;
			buildSettings = {
				ASSETCATALOG_COMPILER_APPICON_NAME = "iOS 18 Icon";
				"ASSETCATALOG_COMPILER_APPICON_NAME[sdk=xros*]" = "Vision Icon";
				"ASSETCATALOG_COMPILER_APPICON_NAME[sdk=xrsimulator*]" = "Vision Icon";
				ASSETCATALOG_COMPILER_GLOBAL_ACCENT_COLOR_NAME = AccentColor;
				ASSETCATALOG_COMPILER_INCLUDE_ALL_APPICON_ASSETS = YES;
				CODE_SIGN_ENTITLEMENTS = "Aura/iPad browser.entitlements";
				CODE_SIGN_IDENTITY = "Apple Development";
				CODE_SIGN_STYLE = Automatic;
				CURRENT_PROJECT_VERSION = 52;
				DEVELOPMENT_TEAM = 47J6H2LHDD;
				ENABLE_PREVIEWS = YES;
				GENERATE_INFOPLIST_FILE = YES;
				INFOPLIST_FILE = "iPad-browser-Info.plist";
				INFOPLIST_KEY_CFBundleDisplayName = Aura;
				INFOPLIST_KEY_LSApplicationCategoryType = "public.app-category.productivity";
				INFOPLIST_KEY_NSLocationWhenInUseUsageDescription = "Aura needs your location to load weather data for the dashboard.";
				INFOPLIST_KEY_NSPhotoLibraryAddUsageDescription = "Aura needs access to your photo library to save website photos.";
				INFOPLIST_KEY_UIApplicationSceneManifest_Generation = YES;
				INFOPLIST_KEY_UIApplicationSupportsIndirectInputEvents = YES;
				INFOPLIST_KEY_UILaunchScreen_Generation = YES;
				INFOPLIST_KEY_UILaunchStoryboardName = "Launch Screen.storyboard";
				INFOPLIST_KEY_UISupportedInterfaceOrientations = "UIInterfaceOrientationLandscapeLeft UIInterfaceOrientationLandscapeRight UIInterfaceOrientationPortrait UIInterfaceOrientationPortraitUpsideDown";
				IPHONEOS_DEPLOYMENT_TARGET = 17.0;
				LD_RUNPATH_SEARCH_PATHS = (
					"$(inherited)",
					"@executable_path/Frameworks",
				);
				MARKETING_VERSION = 1.0;
				PRODUCT_BUNDLE_IDENTIFIER = com.doorhingeapps.browser;
				PRODUCT_NAME = "$(TARGET_NAME)";
				PROVISIONING_PROFILE_SPECIFIER = "";
				REGISTER_APP_GROUPS = YES;
				SUPPORTED_PLATFORMS = "iphoneos iphonesimulator xros xrsimulator";
				SUPPORTS_MACCATALYST = YES;
				SUPPORTS_MAC_DESIGNED_FOR_IPHONE_IPAD = NO;
				SUPPORTS_XR_DESIGNED_FOR_IPHONE_IPAD = YES;
				SWIFT_EMIT_LOC_STRINGS = YES;
				SWIFT_VERSION = 5.0;
				TARGETED_DEVICE_FAMILY = "1,2,7";
				XROS_DEPLOYMENT_TARGET = 1.0;
				_EXPERIMENTAL_SWIFT_EXPLICIT_MODULES = YES;
			};
			name = Debug;
		};
		B95B19F12AABBEE10013AC79 /* Release */ = {
			isa = XCBuildConfiguration;
			buildSettings = {
				ASSETCATALOG_COMPILER_APPICON_NAME = "iOS 18 Icon";
				"ASSETCATALOG_COMPILER_APPICON_NAME[sdk=macosx*]" = "AppIcon 1";
				"ASSETCATALOG_COMPILER_APPICON_NAME[sdk=xros*]" = "Vision Icon";
				ASSETCATALOG_COMPILER_GLOBAL_ACCENT_COLOR_NAME = AccentColor;
				ASSETCATALOG_COMPILER_INCLUDE_ALL_APPICON_ASSETS = YES;
				CODE_SIGN_ENTITLEMENTS = "Aura/iPad browser.entitlements";
				CODE_SIGN_IDENTITY = "Apple Development";
				CODE_SIGN_STYLE = Automatic;
				CURRENT_PROJECT_VERSION = 52;
				DEVELOPMENT_TEAM = 47J6H2LHDD;
				ENABLE_PREVIEWS = YES;
				GENERATE_INFOPLIST_FILE = YES;
				INFOPLIST_FILE = "iPad-browser-Info.plist";
				INFOPLIST_KEY_CFBundleDisplayName = Aura;
				INFOPLIST_KEY_LSApplicationCategoryType = "public.app-category.productivity";
				INFOPLIST_KEY_NSLocationWhenInUseUsageDescription = "Aura needs your location to load weather data for the dashboard.";
				INFOPLIST_KEY_NSPhotoLibraryAddUsageDescription = "Aura needs access to your photo library to save website photos.";
				INFOPLIST_KEY_UIApplicationSceneManifest_Generation = YES;
				INFOPLIST_KEY_UIApplicationSupportsIndirectInputEvents = YES;
				INFOPLIST_KEY_UILaunchScreen_Generation = YES;
				INFOPLIST_KEY_UILaunchStoryboardName = "Launch Screen.storyboard";
				INFOPLIST_KEY_UISupportedInterfaceOrientations = "UIInterfaceOrientationLandscapeLeft UIInterfaceOrientationLandscapeRight UIInterfaceOrientationPortrait UIInterfaceOrientationPortraitUpsideDown";
				IPHONEOS_DEPLOYMENT_TARGET = 17.0;
				LD_RUNPATH_SEARCH_PATHS = (
					"$(inherited)",
					"@executable_path/Frameworks",
				);
				MARKETING_VERSION = 1.0;
				PRODUCT_BUNDLE_IDENTIFIER = com.doorhingeapps.browser;
				PRODUCT_NAME = "$(TARGET_NAME)";
				PROVISIONING_PROFILE_SPECIFIER = "";
				REGISTER_APP_GROUPS = YES;
				SUPPORTED_PLATFORMS = "iphoneos iphonesimulator xros xrsimulator";
				SUPPORTS_MACCATALYST = YES;
				SUPPORTS_MAC_DESIGNED_FOR_IPHONE_IPAD = NO;
				SUPPORTS_XR_DESIGNED_FOR_IPHONE_IPAD = YES;
				SWIFT_EMIT_LOC_STRINGS = YES;
				SWIFT_VERSION = 5.0;
				TARGETED_DEVICE_FAMILY = "1,2,7";
				XROS_DEPLOYMENT_TARGET = 1.0;
				_EXPERIMENTAL_SWIFT_EXPLICIT_MODULES = YES;
			};
			name = Release;
		};
/* End XCBuildConfiguration section */

/* Begin XCConfigurationList section */
		B95B19DC2AABBEE00013AC79 /* Build configuration list for PBXProject "Aura" */ = {
			isa = XCConfigurationList;
			buildConfigurations = (
				B95B19ED2AABBEE10013AC79 /* Debug */,
				B95B19EE2AABBEE10013AC79 /* Release */,
			);
			defaultConfigurationIsVisible = 0;
			defaultConfigurationName = Release;
		};
		B95B19EF2AABBEE10013AC79 /* Build configuration list for PBXNativeTarget "Aura" */ = {
			isa = XCConfigurationList;
			buildConfigurations = (
				B95B19F02AABBEE10013AC79 /* Debug */,
				B95B19F12AABBEE10013AC79 /* Release */,
			);
			defaultConfigurationIsVisible = 0;
			defaultConfigurationName = Release;
		};
/* End XCConfigurationList section */

/* Begin XCRemoteSwiftPackageReference section */
		B92652E42C3C9E3700DA2241 /* XCRemoteSwiftPackageReference "CodeEditor" */ = {
			isa = XCRemoteSwiftPackageReference;
			repositoryURL = "https://github.com/ZeeZide/CodeEditor";
			requirement = {
				kind = upToNextMinorVersion;
				minimumVersion = 1.2.6;
			};
		};
		B9272D392C250A9D00B014D8 /* XCRemoteSwiftPackageReference "swift-markdown-ui" */ = {
			isa = XCRemoteSwiftPackageReference;
			repositoryURL = "https://github.com/gonzalezreal/swift-markdown-ui";
			requirement = {
				kind = exactVersion;
				version = 2.4.1;
			};
		};
		B9272D4B2C26B59C00B014D8 /* XCRemoteSwiftPackageReference "YouTubePlayerKit" */ = {
			isa = XCRemoteSwiftPackageReference;
			repositoryURL = "https://github.com/SvenTiigi/YouTubePlayerKit";
			requirement = {
				kind = exactVersion;
				version = 1.9.0;
			};
		};
		B98A32F92BD05CF000555AB9 /* XCRemoteSwiftPackageReference "FaviconFinder" */ = {
			isa = XCRemoteSwiftPackageReference;
			repositoryURL = "https://github.com/will-lumley/FaviconFinder/";
			requirement = {
				kind = exactVersion;
				version = 5.1.4;
			};
		};
		B9AFB6622C3CF58C009B89C5 /* XCRemoteSwiftPackageReference "OpenAI" */ = {
			isa = XCRemoteSwiftPackageReference;
			repositoryURL = "https://github.com/MacPaw/OpenAI";
			requirement = {
				kind = exactVersion;
				version = 0.2.0;
			};
		};
		B9ED10532C0F9FFC004F2AF3 /* XCRemoteSwiftPackageReference "WKDownloadHelper" */ = {
			isa = XCRemoteSwiftPackageReference;
			repositoryURL = "https://github.com/gualtierofrigerio/WKDownloadHelper";
			requirement = {
				kind = exactVersion;
				version = 0.3.1;
			};
		};
		B9F7D6252BD851CC00E186B8 /* XCRemoteSwiftPackageReference "SDWebImageSwiftUI" */ = {
			isa = XCRemoteSwiftPackageReference;
			repositoryURL = "https://github.com/SDWebImage/SDWebImageSwiftUI";
			requirement = {
				kind = exactVersion;
				version = 3.1.3;
			};
		};
/* End XCRemoteSwiftPackageReference section */

/* Begin XCSwiftPackageProductDependency section */
		B92652E52C3C9E3700DA2241 /* CodeEditor */ = {
			isa = XCSwiftPackageProductDependency;
			package = B92652E42C3C9E3700DA2241 /* XCRemoteSwiftPackageReference "CodeEditor" */;
			productName = CodeEditor;
		};
		B9272D3A2C250A9D00B014D8 /* MarkdownUI */ = {
			isa = XCSwiftPackageProductDependency;
			package = B9272D392C250A9D00B014D8 /* XCRemoteSwiftPackageReference "swift-markdown-ui" */;
			productName = MarkdownUI;
		};
		B9272D4C2C26B59C00B014D8 /* YouTubePlayerKit */ = {
			isa = XCSwiftPackageProductDependency;
			package = B9272D4B2C26B59C00B014D8 /* XCRemoteSwiftPackageReference "YouTubePlayerKit" */;
			productName = YouTubePlayerKit;
		};
		B98A32FA2BD05CF000555AB9 /* FaviconFinder */ = {
			isa = XCSwiftPackageProductDependency;
			package = B98A32F92BD05CF000555AB9 /* XCRemoteSwiftPackageReference "FaviconFinder" */;
			productName = FaviconFinder;
		};
		B9AFB6632C3CF58C009B89C5 /* OpenAI */ = {
			isa = XCSwiftPackageProductDependency;
			package = B9AFB6622C3CF58C009B89C5 /* XCRemoteSwiftPackageReference "OpenAI" */;
			productName = OpenAI;
		};
		B9F7D6262BD851CC00E186B8 /* SDWebImageSwiftUI */ = {
			isa = XCSwiftPackageProductDependency;
			package = B9F7D6252BD851CC00E186B8 /* XCRemoteSwiftPackageReference "SDWebImageSwiftUI" */;
			productName = SDWebImageSwiftUI;
		};
/* End XCSwiftPackageProductDependency section */
	};
	rootObject = B95B19D92AABBEE00013AC79 /* Project object */;
}
