// !$*UTF8*$!
{
	archiveVersion = 1;
	classes = {
	};
	objectVersion = 56;
	objects = {

/* Begin PBXBuildFile section */
		B90213732AAFDEE200AB708D /* Button Styles.swift in Sources */ = {isa = PBXBuildFile; fileRef = B90213722AAFDEE200AB708D /* Button Styles.swift */; };
		B90213752AB0174F00AB708D /* Functions.swift in Sources */ = {isa = PBXBuildFile; fileRef = B90213742AB0174F00AB708D /* Functions.swift */; };
		B90932E52BC8FF03005292D6 /* FirebaseAnalytics in Frameworks */ = {isa = PBXBuildFile; productRef = B90932E42BC8FF03005292D6 /* FirebaseAnalytics */; };
		B90932E72BC8FF03005292D6 /* FirebaseAnalyticsOnDeviceConversion in Frameworks */ = {isa = PBXBuildFile; productRef = B90932E62BC8FF03005292D6 /* FirebaseAnalyticsOnDeviceConversion */; };
		B90932E92BC8FF03005292D6 /* FirebaseAnalyticsSwift in Frameworks */ = {isa = PBXBuildFile; productRef = B90932E82BC8FF03005292D6 /* FirebaseAnalyticsSwift */; };
		B90932EB2BC8FF03005292D6 /* FirebaseAnalyticsWithoutAdIdSupport in Frameworks */ = {isa = PBXBuildFile; productRef = B90932EA2BC8FF03005292D6 /* FirebaseAnalyticsWithoutAdIdSupport */; };
		B90932ED2BC8FF03005292D6 /* FirebaseAppCheck in Frameworks */ = {isa = PBXBuildFile; productRef = B90932EC2BC8FF03005292D6 /* FirebaseAppCheck */; };
		B90932EF2BC8FF03005292D6 /* FirebaseAppDistribution-Beta in Frameworks */ = {isa = PBXBuildFile; productRef = B90932EE2BC8FF03005292D6 /* FirebaseAppDistribution-Beta */; };
		B90932F12BC8FF03005292D6 /* FirebaseAuth in Frameworks */ = {isa = PBXBuildFile; productRef = B90932F02BC8FF03005292D6 /* FirebaseAuth */; };
		B90932F32BC8FF03005292D6 /* FirebaseAuthCombine-Community in Frameworks */ = {isa = PBXBuildFile; productRef = B90932F22BC8FF03005292D6 /* FirebaseAuthCombine-Community */; };
		B90932F52BC8FF03005292D6 /* FirebaseCrashlytics in Frameworks */ = {isa = PBXBuildFile; productRef = B90932F42BC8FF03005292D6 /* FirebaseCrashlytics */; };
		B90932F72BC8FF03005292D6 /* FirebaseDatabase in Frameworks */ = {isa = PBXBuildFile; productRef = B90932F62BC8FF03005292D6 /* FirebaseDatabase */; };
		B90932F92BC8FF03005292D6 /* FirebaseDatabaseSwift in Frameworks */ = {isa = PBXBuildFile; productRef = B90932F82BC8FF03005292D6 /* FirebaseDatabaseSwift */; };
		B90932FB2BC8FF03005292D6 /* FirebaseDynamicLinks in Frameworks */ = {isa = PBXBuildFile; productRef = B90932FA2BC8FF03005292D6 /* FirebaseDynamicLinks */; };
		B90932FD2BC8FF03005292D6 /* FirebaseFirestore in Frameworks */ = {isa = PBXBuildFile; productRef = B90932FC2BC8FF03005292D6 /* FirebaseFirestore */; };
		B90932FF2BC8FF03005292D6 /* FirebaseFirestoreCombine-Community in Frameworks */ = {isa = PBXBuildFile; productRef = B90932FE2BC8FF03005292D6 /* FirebaseFirestoreCombine-Community */; };
		B90933012BC8FF03005292D6 /* FirebaseFirestoreSwift in Frameworks */ = {isa = PBXBuildFile; productRef = B90933002BC8FF03005292D6 /* FirebaseFirestoreSwift */; };
		B90933032BC8FF03005292D6 /* FirebaseFunctions in Frameworks */ = {isa = PBXBuildFile; productRef = B90933022BC8FF03005292D6 /* FirebaseFunctions */; };
		B90933052BC8FF03005292D6 /* FirebaseFunctionsCombine-Community in Frameworks */ = {isa = PBXBuildFile; productRef = B90933042BC8FF03005292D6 /* FirebaseFunctionsCombine-Community */; };
		B90933072BC8FF03005292D6 /* FirebaseInAppMessaging-Beta in Frameworks */ = {isa = PBXBuildFile; productRef = B90933062BC8FF03005292D6 /* FirebaseInAppMessaging-Beta */; };
		B90933092BC8FF03005292D6 /* FirebaseInAppMessagingSwift-Beta in Frameworks */ = {isa = PBXBuildFile; productRef = B90933082BC8FF03005292D6 /* FirebaseInAppMessagingSwift-Beta */; };
		B909330B2BC8FF03005292D6 /* FirebaseInstallations in Frameworks */ = {isa = PBXBuildFile; productRef = B909330A2BC8FF03005292D6 /* FirebaseInstallations */; };
		B909330D2BC8FF03005292D6 /* FirebaseMLModelDownloader in Frameworks */ = {isa = PBXBuildFile; productRef = B909330C2BC8FF03005292D6 /* FirebaseMLModelDownloader */; };
		B909330F2BC8FF03005292D6 /* FirebaseMessaging in Frameworks */ = {isa = PBXBuildFile; productRef = B909330E2BC8FF03005292D6 /* FirebaseMessaging */; };
		B90933112BC8FF03005292D6 /* FirebasePerformance in Frameworks */ = {isa = PBXBuildFile; productRef = B90933102BC8FF03005292D6 /* FirebasePerformance */; };
		B90933132BC8FF03005292D6 /* FirebaseRemoteConfig in Frameworks */ = {isa = PBXBuildFile; productRef = B90933122BC8FF03005292D6 /* FirebaseRemoteConfig */; };
		B90933152BC8FF03005292D6 /* FirebaseRemoteConfigSwift in Frameworks */ = {isa = PBXBuildFile; productRef = B90933142BC8FF03005292D6 /* FirebaseRemoteConfigSwift */; };
		B90933172BC8FF03005292D6 /* FirebaseStorage in Frameworks */ = {isa = PBXBuildFile; productRef = B90933162BC8FF03005292D6 /* FirebaseStorage */; };
		B90933192BC8FF03005292D6 /* FirebaseStorageCombine-Community in Frameworks */ = {isa = PBXBuildFile; productRef = B90933182BC8FF03005292D6 /* FirebaseStorageCombine-Community */; };
		B918673C2BCB0AFD00C159AB /* Settings.swift in Sources */ = {isa = PBXBuildFile; fileRef = B918673B2BCB0AFD00C159AB /* Settings.swift */; };
		B91FBF952BC8EB0C001C317C /* Tab Bar.swift in Sources */ = {isa = PBXBuildFile; fileRef = B91FBF942BC8EB0C001C317C /* Tab Bar.swift */; };
		B9230FFA2BBD36740032C950 /* TopDomains.json in Resources */ = {isa = PBXBuildFile; fileRef = B9230FF92BBD36740032C950 /* TopDomains.json */; };
		B9230FFC2BBD36FC0032C950 /* public_suffix_list.txt in Resources */ = {isa = PBXBuildFile; fileRef = B9230FFB2BBD36FC0032C950 /* public_suffix_list.txt */; };
		B95B19E52AABBEE00013AC79 /* iPad_browserApp.swift in Sources */ = {isa = PBXBuildFile; fileRef = B95B19E42AABBEE00013AC79 /* iPad_browserApp.swift */; };
		B95B19E72AABBEE00013AC79 /* ContentView.swift in Sources */ = {isa = PBXBuildFile; fileRef = B95B19E62AABBEE00013AC79 /* ContentView.swift */; };
		B95B19E92AABBEE10013AC79 /* Assets.xcassets in Resources */ = {isa = PBXBuildFile; fileRef = B95B19E82AABBEE10013AC79 /* Assets.xcassets */; };
		B95B19EC2AABBEE10013AC79 /* Preview Assets.xcassets in Resources */ = {isa = PBXBuildFile; fileRef = B95B19EB2AABBEE10013AC79 /* Preview Assets.xcassets */; };
		B98256C92BD2E2D100F997F5 /* WebsiteHandling.swift in Sources */ = {isa = PBXBuildFile; fileRef = B98256C82BD2E2D100F997F5 /* WebsiteHandling.swift */; };
		B98256CC2BD2E33200F997F5 /* DropViewDelegate.swift in Sources */ = {isa = PBXBuildFile; fileRef = B98256CB2BD2E33200F997F5 /* DropViewDelegate.swift */; };
		B98256CE2BD2E38D00F997F5 /* ThreeDots.swift in Sources */ = {isa = PBXBuildFile; fileRef = B98256CD2BD2E38D00F997F5 /* ThreeDots.swift */; };
		B98256D02BD2E3D500F997F5 /* TemplateNavigationStates.swift in Sources */ = {isa = PBXBuildFile; fileRef = B98256CF2BD2E3D400F997F5 /* TemplateNavigationStates.swift */; };
		B98256D22BD2E40C00F997F5 /* Toolbar Buttons.swift in Sources */ = {isa = PBXBuildFile; fileRef = B98256D12BD2E40C00F997F5 /* Toolbar Buttons.swift */; };
		B98256D42BD2E78100F997F5 /* Themes.swift in Sources */ = {isa = PBXBuildFile; fileRef = B98256D32BD2E78100F997F5 /* Themes.swift */; };
		B98256D62BD2F7F900F997F5 /* FavoriteTabs.swift in Sources */ = {isa = PBXBuildFile; fileRef = B98256D52BD2F7F900F997F5 /* FavoriteTabs.swift */; };
		B98953A32AABCF7200EE3B42 /* GoogleService-Info.plist in Resources */ = {isa = PBXBuildFile; fileRef = B98953A22AABCF7200EE3B42 /* GoogleService-Info.plist */; };
		B98953A62AABE3CB00EE3B42 /* Hex.swift in Sources */ = {isa = PBXBuildFile; fileRef = B98953A52AABE3CB00EE3B42 /* Hex.swift */; };
		B98953A82AAC1F4B00EE3B42 /* TestingView.swift in Sources */ = {isa = PBXBuildFile; fileRef = B98953A72AAC1F4B00EE3B42 /* TestingView.swift */; };
		B98953AA2AAD686100EE3B42 /* LoginView.swift in Sources */ = {isa = PBXBuildFile; fileRef = B98953A92AAD686100EE3B42 /* LoginView.swift */; };
		B98A32EE2BCDA09C00555AB9 /* CircleAnimation.swift in Sources */ = {isa = PBXBuildFile; fileRef = B98A32ED2BCDA09C00555AB9 /* CircleAnimation.swift */; };
		B98A32F22BCDB62C00555AB9 /* README.md in Resources */ = {isa = PBXBuildFile; fileRef = B98A32F12BCDB62C00555AB9 /* README.md */; };
		B98A32F42BCDC59B00555AB9 /* urlFormatter.swift in Sources */ = {isa = PBXBuildFile; fileRef = B98A32F32BCDC59B00555AB9 /* urlFormatter.swift */; };
		B98A32F62BD01D8A00555AB9 /* Long Variables.swift in Sources */ = {isa = PBXBuildFile; fileRef = B98A32F52BD01D8A00555AB9 /* Long Variables.swift */; };
		B98A32F82BD01DCE00555AB9 /* IconsPicker.swift in Sources */ = {isa = PBXBuildFile; fileRef = B98A32F72BD01DCE00555AB9 /* IconsPicker.swift */; };
		B98A32FB2BD05CF000555AB9 /* FaviconFinder in Frameworks */ = {isa = PBXBuildFile; productRef = B98A32FA2BD05CF000555AB9 /* FaviconFinder */; };
		B9E9D8212BBDDEBA00579698 /* SuggestionsData.swift in Sources */ = {isa = PBXBuildFile; fileRef = B9E9D8202BBDDEBA00579698 /* SuggestionsData.swift */; };
		B9FE53FD2BC8DFAC008E0434 /* Launch Screen.storyboard in Resources */ = {isa = PBXBuildFile; fileRef = B9FE53FC2BC8DFAC008E0434 /* Launch Screen.storyboard */; };
/* End PBXBuildFile section */

/* Begin PBXFileReference section */
		B90213722AAFDEE200AB708D /* Button Styles.swift */ = {isa = PBXFileReference; lastKnownFileType = sourcecode.swift; path = "Button Styles.swift"; sourceTree = "<group>"; };
		B90213742AB0174F00AB708D /* Functions.swift */ = {isa = PBXFileReference; lastKnownFileType = sourcecode.swift; path = Functions.swift; sourceTree = "<group>"; };
		B918673B2BCB0AFD00C159AB /* Settings.swift */ = {isa = PBXFileReference; lastKnownFileType = sourcecode.swift; path = Settings.swift; sourceTree = "<group>"; };
		B91FBF942BC8EB0C001C317C /* Tab Bar.swift */ = {isa = PBXFileReference; lastKnownFileType = sourcecode.swift; path = "Tab Bar.swift"; sourceTree = "<group>"; };
		B9230FF92BBD36740032C950 /* TopDomains.json */ = {isa = PBXFileReference; fileEncoding = 4; lastKnownFileType = text.json; path = TopDomains.json; sourceTree = "<group>"; };
		B9230FFB2BBD36FC0032C950 /* public_suffix_list.txt */ = {isa = PBXFileReference; fileEncoding = 4; lastKnownFileType = text; path = public_suffix_list.txt; sourceTree = "<group>"; };
		B95B19E12AABBEE00013AC79 /* Aura.app */ = {isa = PBXFileReference; explicitFileType = wrapper.application; includeInIndex = 0; path = Aura.app; sourceTree = BUILT_PRODUCTS_DIR; };
		B95B19E42AABBEE00013AC79 /* iPad_browserApp.swift */ = {isa = PBXFileReference; lastKnownFileType = sourcecode.swift; path = iPad_browserApp.swift; sourceTree = "<group>"; };
		B95B19E62AABBEE00013AC79 /* ContentView.swift */ = {isa = PBXFileReference; lastKnownFileType = sourcecode.swift; path = ContentView.swift; sourceTree = "<group>"; };
		B95B19E82AABBEE10013AC79 /* Assets.xcassets */ = {isa = PBXFileReference; lastKnownFileType = folder.assetcatalog; path = Assets.xcassets; sourceTree = "<group>"; };
		B95B19EB2AABBEE10013AC79 /* Preview Assets.xcassets */ = {isa = PBXFileReference; lastKnownFileType = folder.assetcatalog; path = "Preview Assets.xcassets"; sourceTree = "<group>"; };
		B98256C72BD2A87200F997F5 /* iPad browser.entitlements */ = {isa = PBXFileReference; lastKnownFileType = text.plist.entitlements; path = "iPad browser.entitlements"; sourceTree = "<group>"; };
		B98256C82BD2E2D100F997F5 /* WebsiteHandling.swift */ = {isa = PBXFileReference; lastKnownFileType = sourcecode.swift; path = WebsiteHandling.swift; sourceTree = "<group>"; };
		B98256CB2BD2E33200F997F5 /* DropViewDelegate.swift */ = {isa = PBXFileReference; lastKnownFileType = sourcecode.swift; path = DropViewDelegate.swift; sourceTree = "<group>"; };
		B98256CD2BD2E38D00F997F5 /* ThreeDots.swift */ = {isa = PBXFileReference; lastKnownFileType = sourcecode.swift; path = ThreeDots.swift; sourceTree = "<group>"; };
		B98256CF2BD2E3D400F997F5 /* TemplateNavigationStates.swift */ = {isa = PBXFileReference; lastKnownFileType = sourcecode.swift; path = TemplateNavigationStates.swift; sourceTree = "<group>"; };
		B98256D12BD2E40C00F997F5 /* Toolbar Buttons.swift */ = {isa = PBXFileReference; lastKnownFileType = sourcecode.swift; path = "Toolbar Buttons.swift"; sourceTree = "<group>"; };
		B98256D32BD2E78100F997F5 /* Themes.swift */ = {isa = PBXFileReference; lastKnownFileType = sourcecode.swift; path = Themes.swift; sourceTree = "<group>"; };
		B98256D52BD2F7F900F997F5 /* FavoriteTabs.swift */ = {isa = PBXFileReference; lastKnownFileType = sourcecode.swift; path = FavoriteTabs.swift; sourceTree = "<group>"; };
		B98953A22AABCF7200EE3B42 /* GoogleService-Info.plist */ = {isa = PBXFileReference; fileEncoding = 4; lastKnownFileType = text.plist.xml; path = "GoogleService-Info.plist"; sourceTree = "<group>"; };
		B98953A42AABD71300EE3B42 /* iPad-browser-Info.plist */ = {isa = PBXFileReference; lastKnownFileType = text.plist; path = "iPad-browser-Info.plist"; sourceTree = SOURCE_ROOT; };
		B98953A52AABE3CB00EE3B42 /* Hex.swift */ = {isa = PBXFileReference; lastKnownFileType = sourcecode.swift; path = Hex.swift; sourceTree = "<group>"; };
		B98953A72AAC1F4B00EE3B42 /* TestingView.swift */ = {isa = PBXFileReference; lastKnownFileType = sourcecode.swift; path = TestingView.swift; sourceTree = "<group>"; };
		B98953A92AAD686100EE3B42 /* LoginView.swift */ = {isa = PBXFileReference; lastKnownFileType = sourcecode.swift; path = LoginView.swift; sourceTree = "<group>"; };
		B98A32ED2BCDA09C00555AB9 /* CircleAnimation.swift */ = {isa = PBXFileReference; lastKnownFileType = sourcecode.swift; path = CircleAnimation.swift; sourceTree = "<group>"; };
		B98A32F12BCDB62C00555AB9 /* README.md */ = {isa = PBXFileReference; lastKnownFileType = net.daringfireball.markdown; path = README.md; sourceTree = "<group>"; };
		B98A32F32BCDC59B00555AB9 /* urlFormatter.swift */ = {isa = PBXFileReference; lastKnownFileType = sourcecode.swift; path = urlFormatter.swift; sourceTree = "<group>"; };
		B98A32F52BD01D8A00555AB9 /* Long Variables.swift */ = {isa = PBXFileReference; lastKnownFileType = sourcecode.swift; path = "Long Variables.swift"; sourceTree = "<group>"; };
		B98A32F72BD01DCE00555AB9 /* IconsPicker.swift */ = {isa = PBXFileReference; lastKnownFileType = sourcecode.swift; path = IconsPicker.swift; sourceTree = "<group>"; };
		B9E9D8202BBDDEBA00579698 /* SuggestionsData.swift */ = {isa = PBXFileReference; lastKnownFileType = sourcecode.swift; path = SuggestionsData.swift; sourceTree = "<group>"; };
		B9FE53FC2BC8DFAC008E0434 /* Launch Screen.storyboard */ = {isa = PBXFileReference; lastKnownFileType = file.storyboard; path = "Launch Screen.storyboard"; sourceTree = "<group>"; };
/* End PBXFileReference section */

/* Begin PBXFrameworksBuildPhase section */
		B95B19DE2AABBEE00013AC79 /* Frameworks */ = {
			isa = PBXFrameworksBuildPhase;
			buildActionMask = 2147483647;
			files = (
				B90932F72BC8FF03005292D6 /* FirebaseDatabase in Frameworks */,
				B90933052BC8FF03005292D6 /* FirebaseFunctionsCombine-Community in Frameworks */,
				B90932FD2BC8FF03005292D6 /* FirebaseFirestore in Frameworks */,
				B90932E92BC8FF03005292D6 /* FirebaseAnalyticsSwift in Frameworks */,
				B90932E52BC8FF03005292D6 /* FirebaseAnalytics in Frameworks */,
				B90932E72BC8FF03005292D6 /* FirebaseAnalyticsOnDeviceConversion in Frameworks */,
				B909330D2BC8FF03005292D6 /* FirebaseMLModelDownloader in Frameworks */,
				B90933012BC8FF03005292D6 /* FirebaseFirestoreSwift in Frameworks */,
				B90932ED2BC8FF03005292D6 /* FirebaseAppCheck in Frameworks */,
				B90932EB2BC8FF03005292D6 /* FirebaseAnalyticsWithoutAdIdSupport in Frameworks */,
				B90932F12BC8FF03005292D6 /* FirebaseAuth in Frameworks */,
				B90932F52BC8FF03005292D6 /* FirebaseCrashlytics in Frameworks */,
				B90933152BC8FF03005292D6 /* FirebaseRemoteConfigSwift in Frameworks */,
				B90933072BC8FF03005292D6 /* FirebaseInAppMessaging-Beta in Frameworks */,
				B90932F92BC8FF03005292D6 /* FirebaseDatabaseSwift in Frameworks */,
				B90933032BC8FF03005292D6 /* FirebaseFunctions in Frameworks */,
				B90933192BC8FF03005292D6 /* FirebaseStorageCombine-Community in Frameworks */,
				B90933132BC8FF03005292D6 /* FirebaseRemoteConfig in Frameworks */,
				B90932EF2BC8FF03005292D6 /* FirebaseAppDistribution-Beta in Frameworks */,
				B90932F32BC8FF03005292D6 /* FirebaseAuthCombine-Community in Frameworks */,
				B90933112BC8FF03005292D6 /* FirebasePerformance in Frameworks */,
				B90933092BC8FF03005292D6 /* FirebaseInAppMessagingSwift-Beta in Frameworks */,
				B90933172BC8FF03005292D6 /* FirebaseStorage in Frameworks */,
				B90932FB2BC8FF03005292D6 /* FirebaseDynamicLinks in Frameworks */,
				B90932FF2BC8FF03005292D6 /* FirebaseFirestoreCombine-Community in Frameworks */,
				B909330F2BC8FF03005292D6 /* FirebaseMessaging in Frameworks */,
				B909330B2BC8FF03005292D6 /* FirebaseInstallations in Frameworks */,
				B98A32FB2BD05CF000555AB9 /* FaviconFinder in Frameworks */,
			);
			runOnlyForDeploymentPostprocessing = 0;
		};
/* End PBXFrameworksBuildPhase section */

/* Begin PBXGroup section */
		B9230FFD2BBDC06A0032C950 /* Frameworks */ = {
			isa = PBXGroup;
			children = (
			);
			name = Frameworks;
			sourceTree = "<group>";
		};
		B95B19D82AABBEE00013AC79 = {
			isa = PBXGroup;
			children = (
				B98A32F12BCDB62C00555AB9 /* README.md */,
				B95B19E32AABBEE00013AC79 /* iPad browser */,
				B95B19E22AABBEE00013AC79 /* Products */,
				B9230FFD2BBDC06A0032C950 /* Frameworks */,
			);
			sourceTree = "<group>";
		};
		B95B19E22AABBEE00013AC79 /* Products */ = {
			isa = PBXGroup;
			children = (
				B95B19E12AABBEE00013AC79 /* Aura.app */,
			);
			name = Products;
			sourceTree = "<group>";
		};
		B95B19E32AABBEE00013AC79 /* iPad browser */ = {
			isa = PBXGroup;
			children = (
				B98256C72BD2A87200F997F5 /* iPad browser.entitlements */,
				B98953A42AABD71300EE3B42 /* iPad-browser-Info.plist */,
				B98953A22AABCF7200EE3B42 /* GoogleService-Info.plist */,
				B95B19E42AABBEE00013AC79 /* iPad_browserApp.swift */,
				B98953A72AAC1F4B00EE3B42 /* TestingView.swift */,
				B98256D52BD2F7F900F997F5 /* FavoriteTabs.swift */,
				B98256CF2BD2E3D400F997F5 /* TemplateNavigationStates.swift */,
				B98256D12BD2E40C00F997F5 /* Toolbar Buttons.swift */,
				B98256D32BD2E78100F997F5 /* Themes.swift */,
				B98256CD2BD2E38D00F997F5 /* ThreeDots.swift */,
				B98256C82BD2E2D100F997F5 /* WebsiteHandling.swift */,
				B95B19E62AABBEE00013AC79 /* ContentView.swift */,
				B98A32F52BD01D8A00555AB9 /* Long Variables.swift */,
				B98A32F72BD01DCE00555AB9 /* IconsPicker.swift */,
				B98A32ED2BCDA09C00555AB9 /* CircleAnimation.swift */,
				B98A32F32BCDC59B00555AB9 /* urlFormatter.swift */,
				B91FBF942BC8EB0C001C317C /* Tab Bar.swift */,
				B98256CB2BD2E33200F997F5 /* DropViewDelegate.swift */,
				B9E9D8202BBDDEBA00579698 /* SuggestionsData.swift */,
				B98953A92AAD686100EE3B42 /* LoginView.swift */,
				B918673B2BCB0AFD00C159AB /* Settings.swift */,
				B98256CA2BD2E2F800F997F5 /* Extensions */,
				B95B19E82AABBEE10013AC79 /* Assets.xcassets */,
				B95B19EA2AABBEE10013AC79 /* Preview Content */,
			);
			path = "iPad browser";
			sourceTree = "<group>";
		};
		B95B19EA2AABBEE10013AC79 /* Preview Content */ = {
			isa = PBXGroup;
			children = (
				B95B19EB2AABBEE10013AC79 /* Preview Assets.xcassets */,
			);
			path = "Preview Content";
			sourceTree = "<group>";
		};
		B98256CA2BD2E2F800F997F5 /* Extensions */ = {
			isa = PBXGroup;
			children = (
				B9FE53FC2BC8DFAC008E0434 /* Launch Screen.storyboard */,
				B9230FF92BBD36740032C950 /* TopDomains.json */,
				B9230FFB2BBD36FC0032C950 /* public_suffix_list.txt */,
				B90213742AB0174F00AB708D /* Functions.swift */,
				B90213722AAFDEE200AB708D /* Button Styles.swift */,
				B98953A52AABE3CB00EE3B42 /* Hex.swift */,
			);
			path = Extensions;
			sourceTree = "<group>";
		};
/* End PBXGroup section */

/* Begin PBXNativeTarget section */
		B95B19E02AABBEE00013AC79 /* Aura */ = {
			isa = PBXNativeTarget;
			buildConfigurationList = B95B19EF2AABBEE10013AC79 /* Build configuration list for PBXNativeTarget "Aura" */;
			buildPhases = (
				B95B19DD2AABBEE00013AC79 /* Sources */,
				B95B19DE2AABBEE00013AC79 /* Frameworks */,
				B95B19DF2AABBEE00013AC79 /* Resources */,
			);
			buildRules = (
			);
			dependencies = (
			);
			name = Aura;
			packageProductDependencies = (
				B90932E42BC8FF03005292D6 /* FirebaseAnalytics */,
				B90932E62BC8FF03005292D6 /* FirebaseAnalyticsOnDeviceConversion */,
				B90932E82BC8FF03005292D6 /* FirebaseAnalyticsSwift */,
				B90932EA2BC8FF03005292D6 /* FirebaseAnalyticsWithoutAdIdSupport */,
				B90932EC2BC8FF03005292D6 /* FirebaseAppCheck */,
				B90932EE2BC8FF03005292D6 /* FirebaseAppDistribution-Beta */,
				B90932F02BC8FF03005292D6 /* FirebaseAuth */,
				B90932F22BC8FF03005292D6 /* FirebaseAuthCombine-Community */,
				B90932F42BC8FF03005292D6 /* FirebaseCrashlytics */,
				B90932F62BC8FF03005292D6 /* FirebaseDatabase */,
				B90932F82BC8FF03005292D6 /* FirebaseDatabaseSwift */,
				B90932FA2BC8FF03005292D6 /* FirebaseDynamicLinks */,
				B90932FC2BC8FF03005292D6 /* FirebaseFirestore */,
				B90932FE2BC8FF03005292D6 /* FirebaseFirestoreCombine-Community */,
				B90933002BC8FF03005292D6 /* FirebaseFirestoreSwift */,
				B90933022BC8FF03005292D6 /* FirebaseFunctions */,
				B90933042BC8FF03005292D6 /* FirebaseFunctionsCombine-Community */,
				B90933062BC8FF03005292D6 /* FirebaseInAppMessaging-Beta */,
				B90933082BC8FF03005292D6 /* FirebaseInAppMessagingSwift-Beta */,
				B909330A2BC8FF03005292D6 /* FirebaseInstallations */,
				B909330C2BC8FF03005292D6 /* FirebaseMLModelDownloader */,
				B909330E2BC8FF03005292D6 /* FirebaseMessaging */,
				B90933102BC8FF03005292D6 /* FirebasePerformance */,
				B90933122BC8FF03005292D6 /* FirebaseRemoteConfig */,
				B90933142BC8FF03005292D6 /* FirebaseRemoteConfigSwift */,
				B90933162BC8FF03005292D6 /* FirebaseStorage */,
				B90933182BC8FF03005292D6 /* FirebaseStorageCombine-Community */,
				B98A32FA2BD05CF000555AB9 /* FaviconFinder */,
			);
			productName = "iPad browser";
			productReference = B95B19E12AABBEE00013AC79 /* Aura.app */;
			productType = "com.apple.product-type.application";
		};
/* End PBXNativeTarget section */

/* Begin PBXProject section */
		B95B19D92AABBEE00013AC79 /* Project object */ = {
			isa = PBXProject;
			attributes = {
				BuildIndependentTargetsInParallel = 1;
				LastSwiftUpdateCheck = 1500;
				LastUpgradeCheck = 1500;
				TargetAttributes = {
					B95B19E02AABBEE00013AC79 = {
						CreatedOnToolsVersion = 15.0;
					};
				};
			};
			buildConfigurationList = B95B19DC2AABBEE00013AC79 /* Build configuration list for PBXProject "Aura" */;
			compatibilityVersion = "Xcode 14.0";
			developmentRegion = en;
			hasScannedForEncodings = 0;
			knownRegions = (
				en,
				Base,
			);
			mainGroup = B95B19D82AABBEE00013AC79;
			packageReferences = (
				B90932E32BC8FF03005292D6 /* XCRemoteSwiftPackageReference "firebase-ios-sdk" */,
				B98A32F92BD05CF000555AB9 /* XCRemoteSwiftPackageReference "FaviconFinder" */,
			);
			productRefGroup = B95B19E22AABBEE00013AC79 /* Products */;
			projectDirPath = "";
			projectRoot = "";
			targets = (
				B95B19E02AABBEE00013AC79 /* Aura */,
			);
		};
/* End PBXProject section */

/* Begin PBXResourcesBuildPhase section */
		B95B19DF2AABBEE00013AC79 /* Resources */ = {
			isa = PBXResourcesBuildPhase;
			buildActionMask = 2147483647;
			files = (
				B9FE53FD2BC8DFAC008E0434 /* Launch Screen.storyboard in Resources */,
				B98953A32AABCF7200EE3B42 /* GoogleService-Info.plist in Resources */,
				B9230FFA2BBD36740032C950 /* TopDomains.json in Resources */,
				B98A32F22BCDB62C00555AB9 /* README.md in Resources */,
				B9230FFC2BBD36FC0032C950 /* public_suffix_list.txt in Resources */,
				B95B19EC2AABBEE10013AC79 /* Preview Assets.xcassets in Resources */,
				B95B19E92AABBEE10013AC79 /* Assets.xcassets in Resources */,
			);
			runOnlyForDeploymentPostprocessing = 0;
		};
/* End PBXResourcesBuildPhase section */

/* Begin PBXSourcesBuildPhase section */
		B95B19DD2AABBEE00013AC79 /* Sources */ = {
			isa = PBXSourcesBuildPhase;
			buildActionMask = 2147483647;
			files = (
				B98A32F42BCDC59B00555AB9 /* urlFormatter.swift in Sources */,
				B98953A62AABE3CB00EE3B42 /* Hex.swift in Sources */,
				B98256D62BD2F7F900F997F5 /* FavoriteTabs.swift in Sources */,
				B98953A82AAC1F4B00EE3B42 /* TestingView.swift in Sources */,
				B91FBF952BC8EB0C001C317C /* Tab Bar.swift in Sources */,
				B98A32F82BD01DCE00555AB9 /* IconsPicker.swift in Sources */,
				B90213732AAFDEE200AB708D /* Button Styles.swift in Sources */,
				B98256CE2BD2E38D00F997F5 /* ThreeDots.swift in Sources */,
				B98256C92BD2E2D100F997F5 /* WebsiteHandling.swift in Sources */,
				B98A32EE2BCDA09C00555AB9 /* CircleAnimation.swift in Sources */,
				B98256D02BD2E3D500F997F5 /* TemplateNavigationStates.swift in Sources */,
				B918673C2BCB0AFD00C159AB /* Settings.swift in Sources */,
				B98256D22BD2E40C00F997F5 /* Toolbar Buttons.swift in Sources */,
				B90213752AB0174F00AB708D /* Functions.swift in Sources */,
				B98256D42BD2E78100F997F5 /* Themes.swift in Sources */,
				B95B19E72AABBEE00013AC79 /* ContentView.swift in Sources */,
				B9E9D8212BBDDEBA00579698 /* SuggestionsData.swift in Sources */,
				B98256CC2BD2E33200F997F5 /* DropViewDelegate.swift in Sources */,
				B98A32F62BD01D8A00555AB9 /* Long Variables.swift in Sources */,
				B98953AA2AAD686100EE3B42 /* LoginView.swift in Sources */,
				B95B19E52AABBEE00013AC79 /* iPad_browserApp.swift in Sources */,
			);
			runOnlyForDeploymentPostprocessing = 0;
		};
/* End PBXSourcesBuildPhase section */

/* Begin XCBuildConfiguration section */
		B95B19ED2AABBEE10013AC79 /* Debug */ = {
			isa = XCBuildConfiguration;
			buildSettings = {
				ALWAYS_SEARCH_USER_PATHS = NO;
				ASSETCATALOG_COMPILER_GENERATE_SWIFT_ASSET_SYMBOL_EXTENSIONS = YES;
				CLANG_ANALYZER_NONNULL = YES;
				CLANG_ANALYZER_NUMBER_OBJECT_CONVERSION = YES_AGGRESSIVE;
				CLANG_CXX_LANGUAGE_STANDARD = "gnu++20";
				CLANG_ENABLE_MODULES = YES;
				CLANG_ENABLE_OBJC_ARC = YES;
				CLANG_ENABLE_OBJC_WEAK = YES;
				CLANG_WARN_BLOCK_CAPTURE_AUTORELEASING = YES;
				CLANG_WARN_BOOL_CONVERSION = YES;
				CLANG_WARN_COMMA = YES;
				CLANG_WARN_CONSTANT_CONVERSION = YES;
				CLANG_WARN_DEPRECATED_OBJC_IMPLEMENTATIONS = YES;
				CLANG_WARN_DIRECT_OBJC_ISA_USAGE = YES_ERROR;
				CLANG_WARN_DOCUMENTATION_COMMENTS = YES;
				CLANG_WARN_EMPTY_BODY = YES;
				CLANG_WARN_ENUM_CONVERSION = YES;
				CLANG_WARN_INFINITE_RECURSION = YES;
				CLANG_WARN_INT_CONVERSION = YES;
				CLANG_WARN_NON_LITERAL_NULL_CONVERSION = YES;
				CLANG_WARN_OBJC_IMPLICIT_RETAIN_SELF = YES;
				CLANG_WARN_OBJC_LITERAL_CONVERSION = YES;
				CLANG_WARN_OBJC_ROOT_CLASS = YES_ERROR;
				CLANG_WARN_QUOTED_INCLUDE_IN_FRAMEWORK_HEADER = YES;
				CLANG_WARN_RANGE_LOOP_ANALYSIS = YES;
				CLANG_WARN_STRICT_PROTOTYPES = YES;
				CLANG_WARN_SUSPICIOUS_MOVE = YES;
				CLANG_WARN_UNGUARDED_AVAILABILITY = YES_AGGRESSIVE;
				CLANG_WARN_UNREACHABLE_CODE = YES;
				CLANG_WARN__DUPLICATE_METHOD_MATCH = YES;
				COPY_PHASE_STRIP = NO;
				DEBUG_INFORMATION_FORMAT = dwarf;
				ENABLE_STRICT_OBJC_MSGSEND = YES;
				ENABLE_TESTABILITY = YES;
				ENABLE_USER_SCRIPT_SANDBOXING = YES;
				GCC_C_LANGUAGE_STANDARD = gnu17;
				GCC_DYNAMIC_NO_PIC = NO;
				GCC_NO_COMMON_BLOCKS = YES;
				GCC_OPTIMIZATION_LEVEL = 0;
				GCC_PREPROCESSOR_DEFINITIONS = (
					"DEBUG=1",
					"$(inherited)",
				);
				GCC_WARN_64_TO_32_BIT_CONVERSION = YES;
				GCC_WARN_ABOUT_RETURN_TYPE = YES_ERROR;
				GCC_WARN_UNDECLARED_SELECTOR = YES;
				GCC_WARN_UNINITIALIZED_AUTOS = YES_AGGRESSIVE;
				GCC_WARN_UNUSED_FUNCTION = YES;
				GCC_WARN_UNUSED_VARIABLE = YES;
				IPHONEOS_DEPLOYMENT_TARGET = 17.0;
				LOCALIZATION_PREFERS_STRING_CATALOGS = YES;
				MTL_ENABLE_DEBUG_INFO = INCLUDE_SOURCE;
				MTL_FAST_MATH = YES;
				ONLY_ACTIVE_ARCH = YES;
				SDKROOT = iphoneos;
				SWIFT_ACTIVE_COMPILATION_CONDITIONS = "DEBUG $(inherited)";
				SWIFT_OPTIMIZATION_LEVEL = "-Onone";
			};
			name = Debug;
		};
		B95B19EE2AABBEE10013AC79 /* Release */ = {
			isa = XCBuildConfiguration;
			buildSettings = {
				ALWAYS_SEARCH_USER_PATHS = NO;
				ASSETCATALOG_COMPILER_GENERATE_SWIFT_ASSET_SYMBOL_EXTENSIONS = YES;
				CLANG_ANALYZER_NONNULL = YES;
				CLANG_ANALYZER_NUMBER_OBJECT_CONVERSION = YES_AGGRESSIVE;
				CLANG_CXX_LANGUAGE_STANDARD = "gnu++20";
				CLANG_ENABLE_MODULES = YES;
				CLANG_ENABLE_OBJC_ARC = YES;
				CLANG_ENABLE_OBJC_WEAK = YES;
				CLANG_WARN_BLOCK_CAPTURE_AUTORELEASING = YES;
				CLANG_WARN_BOOL_CONVERSION = YES;
				CLANG_WARN_COMMA = YES;
				CLANG_WARN_CONSTANT_CONVERSION = YES;
				CLANG_WARN_DEPRECATED_OBJC_IMPLEMENTATIONS = YES;
				CLANG_WARN_DIRECT_OBJC_ISA_USAGE = YES_ERROR;
				CLANG_WARN_DOCUMENTATION_COMMENTS = YES;
				CLANG_WARN_EMPTY_BODY = YES;
				CLANG_WARN_ENUM_CONVERSION = YES;
				CLANG_WARN_INFINITE_RECURSION = YES;
				CLANG_WARN_INT_CONVERSION = YES;
				CLANG_WARN_NON_LITERAL_NULL_CONVERSION = YES;
				CLANG_WARN_OBJC_IMPLICIT_RETAIN_SELF = YES;
				CLANG_WARN_OBJC_LITERAL_CONVERSION = YES;
				CLANG_WARN_OBJC_ROOT_CLASS = YES_ERROR;
				CLANG_WARN_QUOTED_INCLUDE_IN_FRAMEWORK_HEADER = YES;
				CLANG_WARN_RANGE_LOOP_ANALYSIS = YES;
				CLANG_WARN_STRICT_PROTOTYPES = YES;
				CLANG_WARN_SUSPICIOUS_MOVE = YES;
				CLANG_WARN_UNGUARDED_AVAILABILITY = YES_AGGRESSIVE;
				CLANG_WARN_UNREACHABLE_CODE = YES;
				CLANG_WARN__DUPLICATE_METHOD_MATCH = YES;
				COPY_PHASE_STRIP = NO;
				DEBUG_INFORMATION_FORMAT = "dwarf-with-dsym";
				ENABLE_NS_ASSERTIONS = NO;
				ENABLE_STRICT_OBJC_MSGSEND = YES;
				ENABLE_USER_SCRIPT_SANDBOXING = YES;
				GCC_C_LANGUAGE_STANDARD = gnu17;
				GCC_NO_COMMON_BLOCKS = YES;
				GCC_WARN_64_TO_32_BIT_CONVERSION = YES;
				GCC_WARN_ABOUT_RETURN_TYPE = YES_ERROR;
				GCC_WARN_UNDECLARED_SELECTOR = YES;
				GCC_WARN_UNINITIALIZED_AUTOS = YES_AGGRESSIVE;
				GCC_WARN_UNUSED_FUNCTION = YES;
				GCC_WARN_UNUSED_VARIABLE = YES;
				IPHONEOS_DEPLOYMENT_TARGET = 17.0;
				LOCALIZATION_PREFERS_STRING_CATALOGS = YES;
				MTL_ENABLE_DEBUG_INFO = NO;
				MTL_FAST_MATH = YES;
				SDKROOT = iphoneos;
				SWIFT_COMPILATION_MODE = wholemodule;
				VALIDATE_PRODUCT = YES;
			};
			name = Release;
		};
		B95B19F02AABBEE10013AC79 /* Debug */ = {
			isa = XCBuildConfiguration;
			buildSettings = {
				ASSETCATALOG_COMPILER_APPICON_NAME = AppIcon;
				ASSETCATALOG_COMPILER_GLOBAL_ACCENT_COLOR_NAME = AccentColor;
				CODE_SIGN_ENTITLEMENTS = "iPad browser/iPad browser.entitlements";
				CODE_SIGN_STYLE = Automatic;
				CURRENT_PROJECT_VERSION = 10;
				DEVELOPMENT_ASSET_PATHS = "\"iPad browser/Preview Content\"";
				DEVELOPMENT_TEAM = 47J6H2LHDD;
				ENABLE_PREVIEWS = YES;
				GENERATE_INFOPLIST_FILE = YES;
				INFOPLIST_FILE = "iPad-browser-Info.plist";
				INFOPLIST_KEY_CFBundleDisplayName = Aura;
				INFOPLIST_KEY_LSApplicationCategoryType = "public.app-category.productivity";
				INFOPLIST_KEY_NSPhotoLibraryAddUsageDescription = "Aura needs access to your photo library to save website photos.";
				INFOPLIST_KEY_UIApplicationSceneManifest_Generation = YES;
				INFOPLIST_KEY_UIApplicationSupportsIndirectInputEvents = YES;
				INFOPLIST_KEY_UILaunchScreen_Generation = YES;
				INFOPLIST_KEY_UILaunchStoryboardName = "Launch Screen.storyboard";
				INFOPLIST_KEY_UISupportedInterfaceOrientations = "UIInterfaceOrientationLandscapeLeft UIInterfaceOrientationLandscapeRight UIInterfaceOrientationPortrait UIInterfaceOrientationPortraitUpsideDown";
				IPHONEOS_DEPLOYMENT_TARGET = 17.0;
				LD_RUNPATH_SEARCH_PATHS = (
					"$(inherited)",
					"@executable_path/Frameworks",
				);
				MARKETING_VERSION = 1.0;
				PRODUCT_BUNDLE_IDENTIFIER = com.doorhingeapps.browser;
				PRODUCT_NAME = "$(TARGET_NAME)";
				SUPPORTED_PLATFORMS = "iphoneos iphonesimulator";
				SUPPORTS_MACCATALYST = YES;
				SUPPORTS_MAC_DESIGNED_FOR_IPHONE_IPAD = NO;
				SWIFT_EMIT_LOC_STRINGS = YES;
				SWIFT_VERSION = 5.0;
				TARGETED_DEVICE_FAMILY = 2;
			};
			name = Debug;
		};
		B95B19F12AABBEE10013AC79 /* Release */ = {
			isa = XCBuildConfiguration;
			buildSettings = {
				ASSETCATALOG_COMPILER_APPICON_NAME = AppIcon;
				ASSETCATALOG_COMPILER_GLOBAL_ACCENT_COLOR_NAME = AccentColor;
				CODE_SIGN_ENTITLEMENTS = "iPad browser/iPad browser.entitlements";
				CODE_SIGN_STYLE = Automatic;
				CURRENT_PROJECT_VERSION = 10;
				DEVELOPMENT_ASSET_PATHS = "\"iPad browser/Preview Content\"";
				DEVELOPMENT_TEAM = 47J6H2LHDD;
				ENABLE_PREVIEWS = YES;
				GENERATE_INFOPLIST_FILE = YES;
				INFOPLIST_FILE = "iPad-browser-Info.plist";
				INFOPLIST_KEY_CFBundleDisplayName = Aura;
				INFOPLIST_KEY_LSApplicationCategoryType = "public.app-category.productivity";
				INFOPLIST_KEY_NSPhotoLibraryAddUsageDescription = "Aura needs access to your photo library to save website photos.";
				INFOPLIST_KEY_UIApplicationSceneManifest_Generation = YES;
				INFOPLIST_KEY_UIApplicationSupportsIndirectInputEvents = YES;
				INFOPLIST_KEY_UILaunchScreen_Generation = YES;
				INFOPLIST_KEY_UILaunchStoryboardName = "Launch Screen.storyboard";
				INFOPLIST_KEY_UISupportedInterfaceOrientations = "UIInterfaceOrientationLandscapeLeft UIInterfaceOrientationLandscapeRight UIInterfaceOrientationPortrait UIInterfaceOrientationPortraitUpsideDown";
				IPHONEOS_DEPLOYMENT_TARGET = 17.0;
				LD_RUNPATH_SEARCH_PATHS = (
					"$(inherited)",
					"@executable_path/Frameworks",
				);
				MARKETING_VERSION = 1.0;
				PRODUCT_BUNDLE_IDENTIFIER = com.doorhingeapps.browser;
				PRODUCT_NAME = "$(TARGET_NAME)";
				SUPPORTED_PLATFORMS = "iphoneos iphonesimulator";
				SUPPORTS_MACCATALYST = YES;
				SUPPORTS_MAC_DESIGNED_FOR_IPHONE_IPAD = NO;
				SWIFT_EMIT_LOC_STRINGS = YES;
				SWIFT_VERSION = 5.0;
				TARGETED_DEVICE_FAMILY = 2;
			};
			name = Release;
		};
/* End XCBuildConfiguration section */

/* Begin XCConfigurationList section */
		B95B19DC2AABBEE00013AC79 /* Build configuration list for PBXProject "Aura" */ = {
			isa = XCConfigurationList;
			buildConfigurations = (
				B95B19ED2AABBEE10013AC79 /* Debug */,
				B95B19EE2AABBEE10013AC79 /* Release */,
			);
			defaultConfigurationIsVisible = 0;
			defaultConfigurationName = Release;
		};
		B95B19EF2AABBEE10013AC79 /* Build configuration list for PBXNativeTarget "Aura" */ = {
			isa = XCConfigurationList;
			buildConfigurations = (
				B95B19F02AABBEE10013AC79 /* Debug */,
				B95B19F12AABBEE10013AC79 /* Release */,
			);
			defaultConfigurationIsVisible = 0;
			defaultConfigurationName = Release;
		};
/* End XCConfigurationList section */

/* Begin XCRemoteSwiftPackageReference section */
		B90932E32BC8FF03005292D6 /* XCRemoteSwiftPackageReference "firebase-ios-sdk" */ = {
			isa = XCRemoteSwiftPackageReference;
			repositoryURL = "https://github.com/firebase/firebase-ios-sdk.git";
			requirement = {
				kind = exactVersion;
				version = 10.24.0;
			};
		};
		B98A32F92BD05CF000555AB9 /* XCRemoteSwiftPackageReference "FaviconFinder" */ = {
			isa = XCRemoteSwiftPackageReference;
			repositoryURL = "https://github.com/will-lumley/FaviconFinder/";
			requirement = {
				kind = upToNextMajorVersion;
				minimumVersion = 5.0.2;
			};
		};
/* End XCRemoteSwiftPackageReference section */

/* Begin XCSwiftPackageProductDependency section */
		B90932E42BC8FF03005292D6 /* FirebaseAnalytics */ = {
			isa = XCSwiftPackageProductDependency;
			package = B90932E32BC8FF03005292D6 /* XCRemoteSwiftPackageReference "firebase-ios-sdk" */;
			productName = FirebaseAnalytics;
		};
		B90932E62BC8FF03005292D6 /* FirebaseAnalyticsOnDeviceConversion */ = {
			isa = XCSwiftPackageProductDependency;
			package = B90932E32BC8FF03005292D6 /* XCRemoteSwiftPackageReference "firebase-ios-sdk" */;
			productName = FirebaseAnalyticsOnDeviceConversion;
		};
		B90932E82BC8FF03005292D6 /* FirebaseAnalyticsSwift */ = {
			isa = XCSwiftPackageProductDependency;
			package = B90932E32BC8FF03005292D6 /* XCRemoteSwiftPackageReference "firebase-ios-sdk" */;
			productName = FirebaseAnalyticsSwift;
		};
		B90932EA2BC8FF03005292D6 /* FirebaseAnalyticsWithoutAdIdSupport */ = {
			isa = XCSwiftPackageProductDependency;
			package = B90932E32BC8FF03005292D6 /* XCRemoteSwiftPackageReference "firebase-ios-sdk" */;
			productName = FirebaseAnalyticsWithoutAdIdSupport;
		};
		B90932EC2BC8FF03005292D6 /* FirebaseAppCheck */ = {
			isa = XCSwiftPackageProductDependency;
			package = B90932E32BC8FF03005292D6 /* XCRemoteSwiftPackageReference "firebase-ios-sdk" */;
			productName = FirebaseAppCheck;
		};
		B90932EE2BC8FF03005292D6 /* FirebaseAppDistribution-Beta */ = {
			isa = XCSwiftPackageProductDependency;
			package = B90932E32BC8FF03005292D6 /* XCRemoteSwiftPackageReference "firebase-ios-sdk" */;
			productName = "FirebaseAppDistribution-Beta";
		};
		B90932F02BC8FF03005292D6 /* FirebaseAuth */ = {
			isa = XCSwiftPackageProductDependency;
			package = B90932E32BC8FF03005292D6 /* XCRemoteSwiftPackageReference "firebase-ios-sdk" */;
			productName = FirebaseAuth;
		};
		B90932F22BC8FF03005292D6 /* FirebaseAuthCombine-Community */ = {
			isa = XCSwiftPackageProductDependency;
			package = B90932E32BC8FF03005292D6 /* XCRemoteSwiftPackageReference "firebase-ios-sdk" */;
			productName = "FirebaseAuthCombine-Community";
		};
		B90932F42BC8FF03005292D6 /* FirebaseCrashlytics */ = {
			isa = XCSwiftPackageProductDependency;
			package = B90932E32BC8FF03005292D6 /* XCRemoteSwiftPackageReference "firebase-ios-sdk" */;
			productName = FirebaseCrashlytics;
		};
		B90932F62BC8FF03005292D6 /* FirebaseDatabase */ = {
			isa = XCSwiftPackageProductDependency;
			package = B90932E32BC8FF03005292D6 /* XCRemoteSwiftPackageReference "firebase-ios-sdk" */;
			productName = FirebaseDatabase;
		};
		B90932F82BC8FF03005292D6 /* FirebaseDatabaseSwift */ = {
			isa = XCSwiftPackageProductDependency;
			package = B90932E32BC8FF03005292D6 /* XCRemoteSwiftPackageReference "firebase-ios-sdk" */;
			productName = FirebaseDatabaseSwift;
		};
		B90932FA2BC8FF03005292D6 /* FirebaseDynamicLinks */ = {
			isa = XCSwiftPackageProductDependency;
			package = B90932E32BC8FF03005292D6 /* XCRemoteSwiftPackageReference "firebase-ios-sdk" */;
			productName = FirebaseDynamicLinks;
		};
		B90932FC2BC8FF03005292D6 /* FirebaseFirestore */ = {
			isa = XCSwiftPackageProductDependency;
			package = B90932E32BC8FF03005292D6 /* XCRemoteSwiftPackageReference "firebase-ios-sdk" */;
			productName = FirebaseFirestore;
		};
		B90932FE2BC8FF03005292D6 /* FirebaseFirestoreCombine-Community */ = {
			isa = XCSwiftPackageProductDependency;
			package = B90932E32BC8FF03005292D6 /* XCRemoteSwiftPackageReference "firebase-ios-sdk" */;
			productName = "FirebaseFirestoreCombine-Community";
		};
		B90933002BC8FF03005292D6 /* FirebaseFirestoreSwift */ = {
			isa = XCSwiftPackageProductDependency;
			package = B90932E32BC8FF03005292D6 /* XCRemoteSwiftPackageReference "firebase-ios-sdk" */;
			productName = FirebaseFirestoreSwift;
		};
		B90933022BC8FF03005292D6 /* FirebaseFunctions */ = {
			isa = XCSwiftPackageProductDependency;
			package = B90932E32BC8FF03005292D6 /* XCRemoteSwiftPackageReference "firebase-ios-sdk" */;
			productName = FirebaseFunctions;
		};
		B90933042BC8FF03005292D6 /* FirebaseFunctionsCombine-Community */ = {
			isa = XCSwiftPackageProductDependency;
			package = B90932E32BC8FF03005292D6 /* XCRemoteSwiftPackageReference "firebase-ios-sdk" */;
			productName = "FirebaseFunctionsCombine-Community";
		};
		B90933062BC8FF03005292D6 /* FirebaseInAppMessaging-Beta */ = {
			isa = XCSwiftPackageProductDependency;
			package = B90932E32BC8FF03005292D6 /* XCRemoteSwiftPackageReference "firebase-ios-sdk" */;
			productName = "FirebaseInAppMessaging-Beta";
		};
		B90933082BC8FF03005292D6 /* FirebaseInAppMessagingSwift-Beta */ = {
			isa = XCSwiftPackageProductDependency;
			package = B90932E32BC8FF03005292D6 /* XCRemoteSwiftPackageReference "firebase-ios-sdk" */;
			productName = "FirebaseInAppMessagingSwift-Beta";
		};
		B909330A2BC8FF03005292D6 /* FirebaseInstallations */ = {
			isa = XCSwiftPackageProductDependency;
			package = B90932E32BC8FF03005292D6 /* XCRemoteSwiftPackageReference "firebase-ios-sdk" */;
			productName = FirebaseInstallations;
		};
		B909330C2BC8FF03005292D6 /* FirebaseMLModelDownloader */ = {
			isa = XCSwiftPackageProductDependency;
			package = B90932E32BC8FF03005292D6 /* XCRemoteSwiftPackageReference "firebase-ios-sdk" */;
			productName = FirebaseMLModelDownloader;
		};
		B909330E2BC8FF03005292D6 /* FirebaseMessaging */ = {
			isa = XCSwiftPackageProductDependency;
			package = B90932E32BC8FF03005292D6 /* XCRemoteSwiftPackageReference "firebase-ios-sdk" */;
			productName = FirebaseMessaging;
		};
		B90933102BC8FF03005292D6 /* FirebasePerformance */ = {
			isa = XCSwiftPackageProductDependency;
			package = B90932E32BC8FF03005292D6 /* XCRemoteSwiftPackageReference "firebase-ios-sdk" */;
			productName = FirebasePerformance;
		};
		B90933122BC8FF03005292D6 /* FirebaseRemoteConfig */ = {
			isa = XCSwiftPackageProductDependency;
			package = B90932E32BC8FF03005292D6 /* XCRemoteSwiftPackageReference "firebase-ios-sdk" */;
			productName = FirebaseRemoteConfig;
		};
		B90933142BC8FF03005292D6 /* FirebaseRemoteConfigSwift */ = {
			isa = XCSwiftPackageProductDependency;
			package = B90932E32BC8FF03005292D6 /* XCRemoteSwiftPackageReference "firebase-ios-sdk" */;
			productName = FirebaseRemoteConfigSwift;
		};
		B90933162BC8FF03005292D6 /* FirebaseStorage */ = {
			isa = XCSwiftPackageProductDependency;
			package = B90932E32BC8FF03005292D6 /* XCRemoteSwiftPackageReference "firebase-ios-sdk" */;
			productName = FirebaseStorage;
		};
		B90933182BC8FF03005292D6 /* FirebaseStorageCombine-Community */ = {
			isa = XCSwiftPackageProductDependency;
			package = B90932E32BC8FF03005292D6 /* XCRemoteSwiftPackageReference "firebase-ios-sdk" */;
			productName = "FirebaseStorageCombine-Community";
		};
		B98A32FA2BD05CF000555AB9 /* FaviconFinder */ = {
			isa = XCSwiftPackageProductDependency;
			package = B98A32F92BD05CF000555AB9 /* XCRemoteSwiftPackageReference "FaviconFinder" */;
			productName = FaviconFinder;
		};
/* End XCSwiftPackageProductDependency section */
	};
	rootObject = B95B19D92AABBEE00013AC79 /* Project object */;
}
