// !$*UTF8*$!
{
	archiveVersion = 1;
	classes = {
	};
	objectVersion = 56;
	objects = {

/* Begin PBXBuildFile section */
		B90213732AAFDEE200AB708D /* Button Styles.swift in Sources */ = {isa = PBXBuildFile; fileRef = B90213722AAFDEE200AB708D /* Button Styles.swift */; };
		B90213752AB0174F00AB708D /* Functions.swift in Sources */ = {isa = PBXBuildFile; fileRef = B90213742AB0174F00AB708D /* Functions.swift */; };
		B91FBF952BC8EB0C001C317C /* Tab Bar.swift in Sources */ = {isa = PBXBuildFile; fileRef = B91FBF942BC8EB0C001C317C /* Tab Bar.swift */; };
		B91FBF982BC8EE7E001C317C /* SwiftUIReorderableForEach in Frameworks */ = {isa = PBXBuildFile; productRef = B91FBF972BC8EE7E001C317C /* SwiftUIReorderableForEach */; };
		B9230FFA2BBD36740032C950 /* TopDomains.json in Resources */ = {isa = PBXBuildFile; fileRef = B9230FF92BBD36740032C950 /* TopDomains.json */; };
		B9230FFC2BBD36FC0032C950 /* public_suffix_list.txt in Resources */ = {isa = PBXBuildFile; fileRef = B9230FFB2BBD36FC0032C950 /* public_suffix_list.txt */; };
		B9230FFF2BBDC06A0032C950 /* FirebaseAnalytics in Frameworks */ = {isa = PBXBuildFile; productRef = B9230FFE2BBDC06A0032C950 /* FirebaseAnalytics */; };
		B92310012BBDC06A0032C950 /* FirebaseAnalyticsOnDeviceConversion in Frameworks */ = {isa = PBXBuildFile; productRef = B92310002BBDC06A0032C950 /* FirebaseAnalyticsOnDeviceConversion */; };
		B92310032BBDC06A0032C950 /* FirebaseAnalyticsSwift in Frameworks */ = {isa = PBXBuildFile; productRef = B92310022BBDC06A0032C950 /* FirebaseAnalyticsSwift */; };
		B92310052BBDC06A0032C950 /* FirebaseAnalyticsWithoutAdIdSupport in Frameworks */ = {isa = PBXBuildFile; productRef = B92310042BBDC06A0032C950 /* FirebaseAnalyticsWithoutAdIdSupport */; };
		B92310072BBDC06A0032C950 /* FirebaseAppCheck in Frameworks */ = {isa = PBXBuildFile; productRef = B92310062BBDC06A0032C950 /* FirebaseAppCheck */; };
		B92310092BBDC06A0032C950 /* FirebaseAppDistribution-Beta in Frameworks */ = {isa = PBXBuildFile; productRef = B92310082BBDC06A0032C950 /* FirebaseAppDistribution-Beta */; };
		B923100B2BBDC06A0032C950 /* FirebaseAuth in Frameworks */ = {isa = PBXBuildFile; productRef = B923100A2BBDC06A0032C950 /* FirebaseAuth */; };
		B923100D2BBDC06A0032C950 /* FirebaseAuthCombine-Community in Frameworks */ = {isa = PBXBuildFile; productRef = B923100C2BBDC06A0032C950 /* FirebaseAuthCombine-Community */; };
		B923100F2BBDC06A0032C950 /* FirebaseCrashlytics in Frameworks */ = {isa = PBXBuildFile; productRef = B923100E2BBDC06A0032C950 /* FirebaseCrashlytics */; };
		B92310112BBDC06A0032C950 /* FirebaseDatabase in Frameworks */ = {isa = PBXBuildFile; productRef = B92310102BBDC06A0032C950 /* FirebaseDatabase */; };
		B92310132BBDC06A0032C950 /* FirebaseDatabaseSwift in Frameworks */ = {isa = PBXBuildFile; productRef = B92310122BBDC06A0032C950 /* FirebaseDatabaseSwift */; };
		B92310152BBDC06A0032C950 /* FirebaseDynamicLinks in Frameworks */ = {isa = PBXBuildFile; productRef = B92310142BBDC06A0032C950 /* FirebaseDynamicLinks */; };
		B92310172BBDC06A0032C950 /* FirebaseFirestore in Frameworks */ = {isa = PBXBuildFile; productRef = B92310162BBDC06A0032C950 /* FirebaseFirestore */; };
		B92310192BBDC06B0032C950 /* FirebaseFirestoreCombine-Community in Frameworks */ = {isa = PBXBuildFile; productRef = B92310182BBDC06B0032C950 /* FirebaseFirestoreCombine-Community */; };
		B923101B2BBDC06B0032C950 /* FirebaseFirestoreSwift in Frameworks */ = {isa = PBXBuildFile; productRef = B923101A2BBDC06B0032C950 /* FirebaseFirestoreSwift */; };
		B923101D2BBDC06B0032C950 /* FirebaseFunctions in Frameworks */ = {isa = PBXBuildFile; productRef = B923101C2BBDC06B0032C950 /* FirebaseFunctions */; };
		B923101F2BBDC06B0032C950 /* FirebaseFunctionsCombine-Community in Frameworks */ = {isa = PBXBuildFile; productRef = B923101E2BBDC06B0032C950 /* FirebaseFunctionsCombine-Community */; };
		B92310212BBDC06B0032C950 /* FirebaseInAppMessaging-Beta in Frameworks */ = {isa = PBXBuildFile; productRef = B92310202BBDC06B0032C950 /* FirebaseInAppMessaging-Beta */; };
		B92310232BBDC06B0032C950 /* FirebaseInAppMessagingSwift-Beta in Frameworks */ = {isa = PBXBuildFile; productRef = B92310222BBDC06B0032C950 /* FirebaseInAppMessagingSwift-Beta */; };
		B92310252BBDC06B0032C950 /* FirebaseInstallations in Frameworks */ = {isa = PBXBuildFile; productRef = B92310242BBDC06B0032C950 /* FirebaseInstallations */; };
		B92310272BBDC06B0032C950 /* FirebaseMessaging in Frameworks */ = {isa = PBXBuildFile; productRef = B92310262BBDC06B0032C950 /* FirebaseMessaging */; };
		B92310292BBDC06B0032C950 /* FirebaseMLModelDownloader in Frameworks */ = {isa = PBXBuildFile; productRef = B92310282BBDC06B0032C950 /* FirebaseMLModelDownloader */; };
		B923102B2BBDC06B0032C950 /* FirebasePerformance in Frameworks */ = {isa = PBXBuildFile; productRef = B923102A2BBDC06B0032C950 /* FirebasePerformance */; };
		B923102D2BBDC06B0032C950 /* FirebaseRemoteConfig in Frameworks */ = {isa = PBXBuildFile; productRef = B923102C2BBDC06B0032C950 /* FirebaseRemoteConfig */; };
		B923102F2BBDC06B0032C950 /* FirebaseRemoteConfigSwift in Frameworks */ = {isa = PBXBuildFile; productRef = B923102E2BBDC06B0032C950 /* FirebaseRemoteConfigSwift */; };
		B92310312BBDC06B0032C950 /* FirebaseStorage in Frameworks */ = {isa = PBXBuildFile; productRef = B92310302BBDC06B0032C950 /* FirebaseStorage */; };
		B92310332BBDC06B0032C950 /* FirebaseStorageCombine-Community in Frameworks */ = {isa = PBXBuildFile; productRef = B92310322BBDC06B0032C950 /* FirebaseStorageCombine-Community */; };
		B95B19E52AABBEE00013AC79 /* iPad_browserApp.swift in Sources */ = {isa = PBXBuildFile; fileRef = B95B19E42AABBEE00013AC79 /* iPad_browserApp.swift */; };
		B95B19E72AABBEE00013AC79 /* ContentView.swift in Sources */ = {isa = PBXBuildFile; fileRef = B95B19E62AABBEE00013AC79 /* ContentView.swift */; };
		B95B19E92AABBEE10013AC79 /* Assets.xcassets in Resources */ = {isa = PBXBuildFile; fileRef = B95B19E82AABBEE10013AC79 /* Assets.xcassets */; };
		B95B19EC2AABBEE10013AC79 /* Preview Assets.xcassets in Resources */ = {isa = PBXBuildFile; fileRef = B95B19EB2AABBEE10013AC79 /* Preview Assets.xcassets */; };
		B98953A32AABCF7200EE3B42 /* GoogleService-Info.plist in Resources */ = {isa = PBXBuildFile; fileRef = B98953A22AABCF7200EE3B42 /* GoogleService-Info.plist */; };
		B98953A62AABE3CB00EE3B42 /* Hex.swift in Sources */ = {isa = PBXBuildFile; fileRef = B98953A52AABE3CB00EE3B42 /* Hex.swift */; };
		B98953A82AAC1F4B00EE3B42 /* TestingView.swift in Sources */ = {isa = PBXBuildFile; fileRef = B98953A72AAC1F4B00EE3B42 /* TestingView.swift */; };
		B98953AA2AAD686100EE3B42 /* LoginView.swift in Sources */ = {isa = PBXBuildFile; fileRef = B98953A92AAD686100EE3B42 /* LoginView.swift */; };
		B9E9D8212BBDDEBA00579698 /* SuggestionsData.swift in Sources */ = {isa = PBXBuildFile; fileRef = B9E9D8202BBDDEBA00579698 /* SuggestionsData.swift */; };
		B9FE53FD2BC8DFAC008E0434 /* Launch Screen.storyboard in Resources */ = {isa = PBXBuildFile; fileRef = B9FE53FC2BC8DFAC008E0434 /* Launch Screen.storyboard */; };
/* End PBXBuildFile section */

/* Begin PBXFileReference section */
		B90213722AAFDEE200AB708D /* Button Styles.swift */ = {isa = PBXFileReference; lastKnownFileType = sourcecode.swift; path = "Button Styles.swift"; sourceTree = "<group>"; };
		B90213742AB0174F00AB708D /* Functions.swift */ = {isa = PBXFileReference; lastKnownFileType = sourcecode.swift; path = Functions.swift; sourceTree = "<group>"; };
		B91FBF942BC8EB0C001C317C /* Tab Bar.swift */ = {isa = PBXFileReference; lastKnownFileType = sourcecode.swift; path = "Tab Bar.swift"; sourceTree = "<group>"; };
		B9230FF92BBD36740032C950 /* TopDomains.json */ = {isa = PBXFileReference; fileEncoding = 4; lastKnownFileType = text.json; path = TopDomains.json; sourceTree = "<group>"; };
		B9230FFB2BBD36FC0032C950 /* public_suffix_list.txt */ = {isa = PBXFileReference; fileEncoding = 4; lastKnownFileType = text; path = public_suffix_list.txt; sourceTree = "<group>"; };
		B95B19E12AABBEE00013AC79 /* iPad browser.app */ = {isa = PBXFileReference; explicitFileType = wrapper.application; includeInIndex = 0; path = "iPad browser.app"; sourceTree = BUILT_PRODUCTS_DIR; };
		B95B19E42AABBEE00013AC79 /* iPad_browserApp.swift */ = {isa = PBXFileReference; lastKnownFileType = sourcecode.swift; path = iPad_browserApp.swift; sourceTree = "<group>"; };
		B95B19E62AABBEE00013AC79 /* ContentView.swift */ = {isa = PBXFileReference; lastKnownFileType = sourcecode.swift; path = ContentView.swift; sourceTree = "<group>"; };
		B95B19E82AABBEE10013AC79 /* Assets.xcassets */ = {isa = PBXFileReference; lastKnownFileType = folder.assetcatalog; path = Assets.xcassets; sourceTree = "<group>"; };
		B95B19EB2AABBEE10013AC79 /* Preview Assets.xcassets */ = {isa = PBXFileReference; lastKnownFileType = folder.assetcatalog; path = "Preview Assets.xcassets"; sourceTree = "<group>"; };
		B98953A22AABCF7200EE3B42 /* GoogleService-Info.plist */ = {isa = PBXFileReference; fileEncoding = 4; lastKnownFileType = text.plist.xml; path = "GoogleService-Info.plist"; sourceTree = "<group>"; };
		B98953A42AABD71300EE3B42 /* iPad-browser-Info.plist */ = {isa = PBXFileReference; lastKnownFileType = text.plist; path = "iPad-browser-Info.plist"; sourceTree = SOURCE_ROOT; };
		B98953A52AABE3CB00EE3B42 /* Hex.swift */ = {isa = PBXFileReference; lastKnownFileType = sourcecode.swift; path = Hex.swift; sourceTree = "<group>"; };
		B98953A72AAC1F4B00EE3B42 /* TestingView.swift */ = {isa = PBXFileReference; lastKnownFileType = sourcecode.swift; path = TestingView.swift; sourceTree = "<group>"; };
		B98953A92AAD686100EE3B42 /* LoginView.swift */ = {isa = PBXFileReference; lastKnownFileType = sourcecode.swift; path = LoginView.swift; sourceTree = "<group>"; };
		B9E9D8202BBDDEBA00579698 /* SuggestionsData.swift */ = {isa = PBXFileReference; lastKnownFileType = sourcecode.swift; path = SuggestionsData.swift; sourceTree = "<group>"; };
		B9FE53FC2BC8DFAC008E0434 /* Launch Screen.storyboard */ = {isa = PBXFileReference; lastKnownFileType = file.storyboard; path = "Launch Screen.storyboard"; sourceTree = "<group>"; };
/* End PBXFileReference section */

/* Begin PBXFrameworksBuildPhase section */
		B95B19DE2AABBEE00013AC79 /* Frameworks */ = {
			isa = PBXFrameworksBuildPhase;
			buildActionMask = 2147483647;
			files = (
				B92310112BBDC06A0032C950 /* FirebaseDatabase in Frameworks */,
				B923101F2BBDC06B0032C950 /* FirebaseFunctionsCombine-Community in Frameworks */,
				B92310172BBDC06A0032C950 /* FirebaseFirestore in Frameworks */,
				B92310032BBDC06A0032C950 /* FirebaseAnalyticsSwift in Frameworks */,
				B9230FFF2BBDC06A0032C950 /* FirebaseAnalytics in Frameworks */,
				B92310012BBDC06A0032C950 /* FirebaseAnalyticsOnDeviceConversion in Frameworks */,
				B923101B2BBDC06B0032C950 /* FirebaseFirestoreSwift in Frameworks */,
				B92310292BBDC06B0032C950 /* FirebaseMLModelDownloader in Frameworks */,
				B92310072BBDC06A0032C950 /* FirebaseAppCheck in Frameworks */,
				B92310052BBDC06A0032C950 /* FirebaseAnalyticsWithoutAdIdSupport in Frameworks */,
				B92310272BBDC06B0032C950 /* FirebaseMessaging in Frameworks */,
				B923100B2BBDC06A0032C950 /* FirebaseAuth in Frameworks */,
				B923102F2BBDC06B0032C950 /* FirebaseRemoteConfigSwift in Frameworks */,
				B923100F2BBDC06A0032C950 /* FirebaseCrashlytics in Frameworks */,
				B92310212BBDC06B0032C950 /* FirebaseInAppMessaging-Beta in Frameworks */,
				B92310132BBDC06A0032C950 /* FirebaseDatabaseSwift in Frameworks */,
				B92310332BBDC06B0032C950 /* FirebaseStorageCombine-Community in Frameworks */,
				B923102D2BBDC06B0032C950 /* FirebaseRemoteConfig in Frameworks */,
				B923101D2BBDC06B0032C950 /* FirebaseFunctions in Frameworks */,
				B92310092BBDC06A0032C950 /* FirebaseAppDistribution-Beta in Frameworks */,
				B923102B2BBDC06B0032C950 /* FirebasePerformance in Frameworks */,
				B923100D2BBDC06A0032C950 /* FirebaseAuthCombine-Community in Frameworks */,
				B92310312BBDC06B0032C950 /* FirebaseStorage in Frameworks */,
				B92310232BBDC06B0032C950 /* FirebaseInAppMessagingSwift-Beta in Frameworks */,
				B92310152BBDC06A0032C950 /* FirebaseDynamicLinks in Frameworks */,
				B92310192BBDC06B0032C950 /* FirebaseFirestoreCombine-Community in Frameworks */,
				B92310252BBDC06B0032C950 /* FirebaseInstallations in Frameworks */,
				B91FBF982BC8EE7E001C317C /* SwiftUIReorderableForEach in Frameworks */,
			);
			runOnlyForDeploymentPostprocessing = 0;
		};
/* End PBXFrameworksBuildPhase section */

/* Begin PBXGroup section */
		B9230FFD2BBDC06A0032C950 /* Frameworks */ = {
			isa = PBXGroup;
			children = (
			);
			name = Frameworks;
			sourceTree = "<group>";
		};
		B95B19D82AABBEE00013AC79 = {
			isa = PBXGroup;
			children = (
				B95B19E32AABBEE00013AC79 /* iPad browser */,
				B95B19E22AABBEE00013AC79 /* Products */,
				B9230FFD2BBDC06A0032C950 /* Frameworks */,
			);
			sourceTree = "<group>";
		};
		B95B19E22AABBEE00013AC79 /* Products */ = {
			isa = PBXGroup;
			children = (
				B95B19E12AABBEE00013AC79 /* iPad browser.app */,
			);
			name = Products;
			sourceTree = "<group>";
		};
		B95B19E32AABBEE00013AC79 /* iPad browser */ = {
			isa = PBXGroup;
			children = (
				B98953A42AABD71300EE3B42 /* iPad-browser-Info.plist */,
				B98953A22AABCF7200EE3B42 /* GoogleService-Info.plist */,
				B95B19E42AABBEE00013AC79 /* iPad_browserApp.swift */,
				B95B19E62AABBEE00013AC79 /* ContentView.swift */,
				B9FE53FC2BC8DFAC008E0434 /* Launch Screen.storyboard */,
				B98953A72AAC1F4B00EE3B42 /* TestingView.swift */,
				B91FBF942BC8EB0C001C317C /* Tab Bar.swift */,
				B9230FF92BBD36740032C950 /* TopDomains.json */,
				B9E9D8202BBDDEBA00579698 /* SuggestionsData.swift */,
				B9230FFB2BBD36FC0032C950 /* public_suffix_list.txt */,
				B98953A92AAD686100EE3B42 /* LoginView.swift */,
				B90213742AB0174F00AB708D /* Functions.swift */,
				B90213722AAFDEE200AB708D /* Button Styles.swift */,
				B98953A52AABE3CB00EE3B42 /* Hex.swift */,
				B95B19E82AABBEE10013AC79 /* Assets.xcassets */,
				B95B19EA2AABBEE10013AC79 /* Preview Content */,
			);
			path = "iPad browser";
			sourceTree = "<group>";
		};
		B95B19EA2AABBEE10013AC79 /* Preview Content */ = {
			isa = PBXGroup;
			children = (
				B95B19EB2AABBEE10013AC79 /* Preview Assets.xcassets */,
			);
			path = "Preview Content";
			sourceTree = "<group>";
		};
/* End PBXGroup section */

/* Begin PBXNativeTarget section */
		B95B19E02AABBEE00013AC79 /* iPad browser */ = {
			isa = PBXNativeTarget;
			buildConfigurationList = B95B19EF2AABBEE10013AC79 /* Build configuration list for PBXNativeTarget "iPad browser" */;
			buildPhases = (
				B95B19DD2AABBEE00013AC79 /* Sources */,
				B95B19DE2AABBEE00013AC79 /* Frameworks */,
				B95B19DF2AABBEE00013AC79 /* Resources */,
			);
			buildRules = (
			);
			dependencies = (
			);
			name = "iPad browser";
			packageProductDependencies = (
				B9230FFE2BBDC06A0032C950 /* FirebaseAnalytics */,
				B92310002BBDC06A0032C950 /* FirebaseAnalyticsOnDeviceConversion */,
				B92310022BBDC06A0032C950 /* FirebaseAnalyticsSwift */,
				B92310042BBDC06A0032C950 /* FirebaseAnalyticsWithoutAdIdSupport */,
				B92310062BBDC06A0032C950 /* FirebaseAppCheck */,
				B92310082BBDC06A0032C950 /* FirebaseAppDistribution-Beta */,
				B923100A2BBDC06A0032C950 /* FirebaseAuth */,
				B923100C2BBDC06A0032C950 /* FirebaseAuthCombine-Community */,
				B923100E2BBDC06A0032C950 /* FirebaseCrashlytics */,
				B92310102BBDC06A0032C950 /* FirebaseDatabase */,
				B92310122BBDC06A0032C950 /* FirebaseDatabaseSwift */,
				B92310142BBDC06A0032C950 /* FirebaseDynamicLinks */,
				B92310162BBDC06A0032C950 /* FirebaseFirestore */,
				B92310182BBDC06B0032C950 /* FirebaseFirestoreCombine-Community */,
				B923101A2BBDC06B0032C950 /* FirebaseFirestoreSwift */,
				B923101C2BBDC06B0032C950 /* FirebaseFunctions */,
				B923101E2BBDC06B0032C950 /* FirebaseFunctionsCombine-Community */,
				B92310202BBDC06B0032C950 /* FirebaseInAppMessaging-Beta */,
				B92310222BBDC06B0032C950 /* FirebaseInAppMessagingSwift-Beta */,
				B92310242BBDC06B0032C950 /* FirebaseInstallations */,
				B92310262BBDC06B0032C950 /* FirebaseMessaging */,
				B92310282BBDC06B0032C950 /* FirebaseMLModelDownloader */,
				B923102A2BBDC06B0032C950 /* FirebasePerformance */,
				B923102C2BBDC06B0032C950 /* FirebaseRemoteConfig */,
				B923102E2BBDC06B0032C950 /* FirebaseRemoteConfigSwift */,
				B92310302BBDC06B0032C950 /* FirebaseStorage */,
				B92310322BBDC06B0032C950 /* FirebaseStorageCombine-Community */,
				B91FBF972BC8EE7E001C317C /* SwiftUIReorderableForEach */,
			);
			productName = "iPad browser";
			productReference = B95B19E12AABBEE00013AC79 /* iPad browser.app */;
			productType = "com.apple.product-type.application";
		};
/* End PBXNativeTarget section */

/* Begin PBXProject section */
		B95B19D92AABBEE00013AC79 /* Project object */ = {
			isa = PBXProject;
			attributes = {
				BuildIndependentTargetsInParallel = 1;
				LastSwiftUpdateCheck = 1500;
				LastUpgradeCheck = 1500;
				TargetAttributes = {
					B95B19E02AABBEE00013AC79 = {
						CreatedOnToolsVersion = 15.0;
					};
				};
			};
			buildConfigurationList = B95B19DC2AABBEE00013AC79 /* Build configuration list for PBXProject "iPad browser" */;
			compatibilityVersion = "Xcode 14.0";
			developmentRegion = en;
			hasScannedForEncodings = 0;
			knownRegions = (
				en,
				Base,
			);
			mainGroup = B95B19D82AABBEE00013AC79;
			packageReferences = (
				B95B19F22AABC40D0013AC79 /* XCRemoteSwiftPackageReference "firebase-ios-sdk" */,
				B91FBF962BC8EE7E001C317C /* XCRemoteSwiftPackageReference "swiftui-reorderable-foreach" */,
			);
			productRefGroup = B95B19E22AABBEE00013AC79 /* Products */;
			projectDirPath = "";
			projectRoot = "";
			targets = (
				B95B19E02AABBEE00013AC79 /* iPad browser */,
			);
		};
/* End PBXProject section */

/* Begin PBXResourcesBuildPhase section */
		B95B19DF2AABBEE00013AC79 /* Resources */ = {
			isa = PBXResourcesBuildPhase;
			buildActionMask = 2147483647;
			files = (
				B9FE53FD2BC8DFAC008E0434 /* Launch Screen.storyboard in Resources */,
				B98953A32AABCF7200EE3B42 /* GoogleService-Info.plist in Resources */,
				B9230FFA2BBD36740032C950 /* TopDomains.json in Resources */,
				B9230FFC2BBD36FC0032C950 /* public_suffix_list.txt in Resources */,
				B95B19EC2AABBEE10013AC79 /* Preview Assets.xcassets in Resources */,
				B95B19E92AABBEE10013AC79 /* Assets.xcassets in Resources */,
			);
			runOnlyForDeploymentPostprocessing = 0;
		};
/* End PBXResourcesBuildPhase section */

/* Begin PBXSourcesBuildPhase section */
		B95B19DD2AABBEE00013AC79 /* Sources */ = {
			isa = PBXSourcesBuildPhase;
			buildActionMask = 2147483647;
			files = (
				B98953A62AABE3CB00EE3B42 /* Hex.swift in Sources */,
				B98953A82AAC1F4B00EE3B42 /* TestingView.swift in Sources */,
				B91FBF952BC8EB0C001C317C /* Tab Bar.swift in Sources */,
				B90213732AAFDEE200AB708D /* Button Styles.swift in Sources */,
				B90213752AB0174F00AB708D /* Functions.swift in Sources */,
				B95B19E72AABBEE00013AC79 /* ContentView.swift in Sources */,
				B9E9D8212BBDDEBA00579698 /* SuggestionsData.swift in Sources */,
				B98953AA2AAD686100EE3B42 /* LoginView.swift in Sources */,
				B95B19E52AABBEE00013AC79 /* iPad_browserApp.swift in Sources */,
			);
			runOnlyForDeploymentPostprocessing = 0;
		};
/* End PBXSourcesBuildPhase section */

/* Begin XCBuildConfiguration section */
		B95B19ED2AABBEE10013AC79 /* Debug */ = {
			isa = XCBuildConfiguration;
			buildSettings = {
				ALWAYS_SEARCH_USER_PATHS = NO;
				ASSETCATALOG_COMPILER_GENERATE_SWIFT_ASSET_SYMBOL_EXTENSIONS = YES;
				CLANG_ANALYZER_NONNULL = YES;
				CLANG_ANALYZER_NUMBER_OBJECT_CONVERSION = YES_AGGRESSIVE;
				CLANG_CXX_LANGUAGE_STANDARD = "gnu++20";
				CLANG_ENABLE_MODULES = YES;
				CLANG_ENABLE_OBJC_ARC = YES;
				CLANG_ENABLE_OBJC_WEAK = YES;
				CLANG_WARN_BLOCK_CAPTURE_AUTORELEASING = YES;
				CLANG_WARN_BOOL_CONVERSION = YES;
				CLANG_WARN_COMMA = YES;
				CLANG_WARN_CONSTANT_CONVERSION = YES;
				CLANG_WARN_DEPRECATED_OBJC_IMPLEMENTATIONS = YES;
				CLANG_WARN_DIRECT_OBJC_ISA_USAGE = YES_ERROR;
				CLANG_WARN_DOCUMENTATION_COMMENTS = YES;
				CLANG_WARN_EMPTY_BODY = YES;
				CLANG_WARN_ENUM_CONVERSION = YES;
				CLANG_WARN_INFINITE_RECURSION = YES;
				CLANG_WARN_INT_CONVERSION = YES;
				CLANG_WARN_NON_LITERAL_NULL_CONVERSION = YES;
				CLANG_WARN_OBJC_IMPLICIT_RETAIN_SELF = YES;
				CLANG_WARN_OBJC_LITERAL_CONVERSION = YES;
				CLANG_WARN_OBJC_ROOT_CLASS = YES_ERROR;
				CLANG_WARN_QUOTED_INCLUDE_IN_FRAMEWORK_HEADER = YES;
				CLANG_WARN_RANGE_LOOP_ANALYSIS = YES;
				CLANG_WARN_STRICT_PROTOTYPES = YES;
				CLANG_WARN_SUSPICIOUS_MOVE = YES;
				CLANG_WARN_UNGUARDED_AVAILABILITY = YES_AGGRESSIVE;
				CLANG_WARN_UNREACHABLE_CODE = YES;
				CLANG_WARN__DUPLICATE_METHOD_MATCH = YES;
				COPY_PHASE_STRIP = NO;
				DEBUG_INFORMATION_FORMAT = dwarf;
				ENABLE_STRICT_OBJC_MSGSEND = YES;
				ENABLE_TESTABILITY = YES;
				ENABLE_USER_SCRIPT_SANDBOXING = YES;
				GCC_C_LANGUAGE_STANDARD = gnu17;
				GCC_DYNAMIC_NO_PIC = NO;
				GCC_NO_COMMON_BLOCKS = YES;
				GCC_OPTIMIZATION_LEVEL = 0;
				GCC_PREPROCESSOR_DEFINITIONS = (
					"DEBUG=1",
					"$(inherited)",
				);
				GCC_WARN_64_TO_32_BIT_CONVERSION = YES;
				GCC_WARN_ABOUT_RETURN_TYPE = YES_ERROR;
				GCC_WARN_UNDECLARED_SELECTOR = YES;
				GCC_WARN_UNINITIALIZED_AUTOS = YES_AGGRESSIVE;
				GCC_WARN_UNUSED_FUNCTION = YES;
				GCC_WARN_UNUSED_VARIABLE = YES;
				IPHONEOS_DEPLOYMENT_TARGET = 17.0;
				LOCALIZATION_PREFERS_STRING_CATALOGS = YES;
				MTL_ENABLE_DEBUG_INFO = INCLUDE_SOURCE;
				MTL_FAST_MATH = YES;
				ONLY_ACTIVE_ARCH = YES;
				SDKROOT = iphoneos;
				SWIFT_ACTIVE_COMPILATION_CONDITIONS = "DEBUG $(inherited)";
				SWIFT_OPTIMIZATION_LEVEL = "-Onone";
			};
			name = Debug;
		};
		B95B19EE2AABBEE10013AC79 /* Release */ = {
			isa = XCBuildConfiguration;
			buildSettings = {
				ALWAYS_SEARCH_USER_PATHS = NO;
				ASSETCATALOG_COMPILER_GENERATE_SWIFT_ASSET_SYMBOL_EXTENSIONS = YES;
				CLANG_ANALYZER_NONNULL = YES;
				CLANG_ANALYZER_NUMBER_OBJECT_CONVERSION = YES_AGGRESSIVE;
				CLANG_CXX_LANGUAGE_STANDARD = "gnu++20";
				CLANG_ENABLE_MODULES = YES;
				CLANG_ENABLE_OBJC_ARC = YES;
				CLANG_ENABLE_OBJC_WEAK = YES;
				CLANG_WARN_BLOCK_CAPTURE_AUTORELEASING = YES;
				CLANG_WARN_BOOL_CONVERSION = YES;
				CLANG_WARN_COMMA = YES;
				CLANG_WARN_CONSTANT_CONVERSION = YES;
				CLANG_WARN_DEPRECATED_OBJC_IMPLEMENTATIONS = YES;
				CLANG_WARN_DIRECT_OBJC_ISA_USAGE = YES_ERROR;
				CLANG_WARN_DOCUMENTATION_COMMENTS = YES;
				CLANG_WARN_EMPTY_BODY = YES;
				CLANG_WARN_ENUM_CONVERSION = YES;
				CLANG_WARN_INFINITE_RECURSION = YES;
				CLANG_WARN_INT_CONVERSION = YES;
				CLANG_WARN_NON_LITERAL_NULL_CONVERSION = YES;
				CLANG_WARN_OBJC_IMPLICIT_RETAIN_SELF = YES;
				CLANG_WARN_OBJC_LITERAL_CONVERSION = YES;
				CLANG_WARN_OBJC_ROOT_CLASS = YES_ERROR;
				CLANG_WARN_QUOTED_INCLUDE_IN_FRAMEWORK_HEADER = YES;
				CLANG_WARN_RANGE_LOOP_ANALYSIS = YES;
				CLANG_WARN_STRICT_PROTOTYPES = YES;
				CLANG_WARN_SUSPICIOUS_MOVE = YES;
				CLANG_WARN_UNGUARDED_AVAILABILITY = YES_AGGRESSIVE;
				CLANG_WARN_UNREACHABLE_CODE = YES;
				CLANG_WARN__DUPLICATE_METHOD_MATCH = YES;
				COPY_PHASE_STRIP = NO;
				DEBUG_INFORMATION_FORMAT = "dwarf-with-dsym";
				ENABLE_NS_ASSERTIONS = NO;
				ENABLE_STRICT_OBJC_MSGSEND = YES;
				ENABLE_USER_SCRIPT_SANDBOXING = YES;
				GCC_C_LANGUAGE_STANDARD = gnu17;
				GCC_NO_COMMON_BLOCKS = YES;
				GCC_WARN_64_TO_32_BIT_CONVERSION = YES;
				GCC_WARN_ABOUT_RETURN_TYPE = YES_ERROR;
				GCC_WARN_UNDECLARED_SELECTOR = YES;
				GCC_WARN_UNINITIALIZED_AUTOS = YES_AGGRESSIVE;
				GCC_WARN_UNUSED_FUNCTION = YES;
				GCC_WARN_UNUSED_VARIABLE = YES;
				IPHONEOS_DEPLOYMENT_TARGET = 17.0;
				LOCALIZATION_PREFERS_STRING_CATALOGS = YES;
				MTL_ENABLE_DEBUG_INFO = NO;
				MTL_FAST_MATH = YES;
				SDKROOT = iphoneos;
				SWIFT_COMPILATION_MODE = wholemodule;
				VALIDATE_PRODUCT = YES;
			};
			name = Release;
		};
		B95B19F02AABBEE10013AC79 /* Debug */ = {
			isa = XCBuildConfiguration;
			buildSettings = {
				ASSETCATALOG_COMPILER_APPICON_NAME = AppIcon;
				ASSETCATALOG_COMPILER_GLOBAL_ACCENT_COLOR_NAME = AccentColor;
				CODE_SIGN_STYLE = Automatic;
				CURRENT_PROJECT_VERSION = 1;
				DEVELOPMENT_ASSET_PATHS = "\"iPad browser/Preview Content\"";
				DEVELOPMENT_TEAM = 47J6H2LHDD;
				ENABLE_PREVIEWS = YES;
				GENERATE_INFOPLIST_FILE = YES;
				INFOPLIST_FILE = "iPad-browser-Info.plist";
				INFOPLIST_KEY_CFBundleDisplayName = Aura;
				INFOPLIST_KEY_LSApplicationCategoryType = "public.app-category.productivity";
				INFOPLIST_KEY_UIApplicationSceneManifest_Generation = YES;
				INFOPLIST_KEY_UIApplicationSupportsIndirectInputEvents = YES;
				INFOPLIST_KEY_UILaunchScreen_Generation = YES;
				INFOPLIST_KEY_UILaunchStoryboardName = "Launch Screen.storyboard";
				INFOPLIST_KEY_UISupportedInterfaceOrientations = "UIInterfaceOrientationLandscapeLeft UIInterfaceOrientationLandscapeRight UIInterfaceOrientationPortrait UIInterfaceOrientationPortraitUpsideDown";
				LD_RUNPATH_SEARCH_PATHS = (
					"$(inherited)",
					"@executable_path/Frameworks",
				);
				MARKETING_VERSION = 1.0;
				PRODUCT_BUNDLE_IDENTIFIER = com.doorhingeapps.browser;
				PRODUCT_NAME = "$(TARGET_NAME)";
				SWIFT_EMIT_LOC_STRINGS = YES;
				SWIFT_VERSION = 5.0;
				TARGETED_DEVICE_FAMILY = "1,2";
			};
			name = Debug;
		};
		B95B19F12AABBEE10013AC79 /* Release */ = {
			isa = XCBuildConfiguration;
			buildSettings = {
				ASSETCATALOG_COMPILER_APPICON_NAME = AppIcon;
				ASSETCATALOG_COMPILER_GLOBAL_ACCENT_COLOR_NAME = AccentColor;
				CODE_SIGN_STYLE = Automatic;
				CURRENT_PROJECT_VERSION = 1;
				DEVELOPMENT_ASSET_PATHS = "\"iPad browser/Preview Content\"";
				DEVELOPMENT_TEAM = 47J6H2LHDD;
				ENABLE_PREVIEWS = YES;
				GENERATE_INFOPLIST_FILE = YES;
				INFOPLIST_FILE = "iPad-browser-Info.plist";
				INFOPLIST_KEY_CFBundleDisplayName = Aura;
				INFOPLIST_KEY_LSApplicationCategoryType = "public.app-category.productivity";
				INFOPLIST_KEY_UIApplicationSceneManifest_Generation = YES;
				INFOPLIST_KEY_UIApplicationSupportsIndirectInputEvents = YES;
				INFOPLIST_KEY_UILaunchScreen_Generation = YES;
				INFOPLIST_KEY_UILaunchStoryboardName = "Launch Screen.storyboard";
				INFOPLIST_KEY_UISupportedInterfaceOrientations = "UIInterfaceOrientationLandscapeLeft UIInterfaceOrientationLandscapeRight UIInterfaceOrientationPortrait UIInterfaceOrientationPortraitUpsideDown";
				LD_RUNPATH_SEARCH_PATHS = (
					"$(inherited)",
					"@executable_path/Frameworks",
				);
				MARKETING_VERSION = 1.0;
				PRODUCT_BUNDLE_IDENTIFIER = com.doorhingeapps.browser;
				PRODUCT_NAME = "$(TARGET_NAME)";
				SWIFT_EMIT_LOC_STRINGS = YES;
				SWIFT_VERSION = 5.0;
				TARGETED_DEVICE_FAMILY = "1,2";
			};
			name = Release;
		};
/* End XCBuildConfiguration section */

/* Begin XCConfigurationList section */
		B95B19DC2AABBEE00013AC79 /* Build configuration list for PBXProject "iPad browser" */ = {
			isa = XCConfigurationList;
			buildConfigurations = (
				B95B19ED2AABBEE10013AC79 /* Debug */,
				B95B19EE2AABBEE10013AC79 /* Release */,
			);
			defaultConfigurationIsVisible = 0;
			defaultConfigurationName = Release;
		};
		B95B19EF2AABBEE10013AC79 /* Build configuration list for PBXNativeTarget "iPad browser" */ = {
			isa = XCConfigurationList;
			buildConfigurations = (
				B95B19F02AABBEE10013AC79 /* Debug */,
				B95B19F12AABBEE10013AC79 /* Release */,
			);
			defaultConfigurationIsVisible = 0;
			defaultConfigurationName = Release;
		};
/* End XCConfigurationList section */

/* Begin XCRemoteSwiftPackageReference section */
		B91FBF962BC8EE7E001C317C /* XCRemoteSwiftPackageReference "swiftui-reorderable-foreach" */ = {
			isa = XCRemoteSwiftPackageReference;
			repositoryURL = "https://github.com/globulus/swiftui-reorderable-foreach";
			requirement = {
				kind = upToNextMajorVersion;
				minimumVersion = 1.0.0;
			};
		};
		B95B19F22AABC40D0013AC79 /* XCRemoteSwiftPackageReference "firebase-ios-sdk" */ = {
			isa = XCRemoteSwiftPackageReference;
			repositoryURL = "https://github.com/firebase/firebase-ios-sdk.git";
			requirement = {
				kind = exactVersion;
				version = 10.22.1;
			};
		};
/* End XCRemoteSwiftPackageReference section */

/* Begin XCSwiftPackageProductDependency section */
		B91FBF972BC8EE7E001C317C /* SwiftUIReorderableForEach */ = {
			isa = XCSwiftPackageProductDependency;
			package = B91FBF962BC8EE7E001C317C /* XCRemoteSwiftPackageReference "swiftui-reorderable-foreach" */;
			productName = SwiftUIReorderableForEach;
		};
		B9230FFE2BBDC06A0032C950 /* FirebaseAnalytics */ = {
			isa = XCSwiftPackageProductDependency;
			package = B95B19F22AABC40D0013AC79 /* XCRemoteSwiftPackageReference "firebase-ios-sdk" */;
			productName = FirebaseAnalytics;
		};
		B92310002BBDC06A0032C950 /* FirebaseAnalyticsOnDeviceConversion */ = {
			isa = XCSwiftPackageProductDependency;
			package = B95B19F22AABC40D0013AC79 /* XCRemoteSwiftPackageReference "firebase-ios-sdk" */;
			productName = FirebaseAnalyticsOnDeviceConversion;
		};
		B92310022BBDC06A0032C950 /* FirebaseAnalyticsSwift */ = {
			isa = XCSwiftPackageProductDependency;
			package = B95B19F22AABC40D0013AC79 /* XCRemoteSwiftPackageReference "firebase-ios-sdk" */;
			productName = FirebaseAnalyticsSwift;
		};
		B92310042BBDC06A0032C950 /* FirebaseAnalyticsWithoutAdIdSupport */ = {
			isa = XCSwiftPackageProductDependency;
			package = B95B19F22AABC40D0013AC79 /* XCRemoteSwiftPackageReference "firebase-ios-sdk" */;
			productName = FirebaseAnalyticsWithoutAdIdSupport;
		};
		B92310062BBDC06A0032C950 /* FirebaseAppCheck */ = {
			isa = XCSwiftPackageProductDependency;
			package = B95B19F22AABC40D0013AC79 /* XCRemoteSwiftPackageReference "firebase-ios-sdk" */;
			productName = FirebaseAppCheck;
		};
		B92310082BBDC06A0032C950 /* FirebaseAppDistribution-Beta */ = {
			isa = XCSwiftPackageProductDependency;
			package = B95B19F22AABC40D0013AC79 /* XCRemoteSwiftPackageReference "firebase-ios-sdk" */;
			productName = "FirebaseAppDistribution-Beta";
		};
		B923100A2BBDC06A0032C950 /* FirebaseAuth */ = {
			isa = XCSwiftPackageProductDependency;
			package = B95B19F22AABC40D0013AC79 /* XCRemoteSwiftPackageReference "firebase-ios-sdk" */;
			productName = FirebaseAuth;
		};
		B923100C2BBDC06A0032C950 /* FirebaseAuthCombine-Community */ = {
			isa = XCSwiftPackageProductDependency;
			package = B95B19F22AABC40D0013AC79 /* XCRemoteSwiftPackageReference "firebase-ios-sdk" */;
			productName = "FirebaseAuthCombine-Community";
		};
		B923100E2BBDC06A0032C950 /* FirebaseCrashlytics */ = {
			isa = XCSwiftPackageProductDependency;
			package = B95B19F22AABC40D0013AC79 /* XCRemoteSwiftPackageReference "firebase-ios-sdk" */;
			productName = FirebaseCrashlytics;
		};
		B92310102BBDC06A0032C950 /* FirebaseDatabase */ = {
			isa = XCSwiftPackageProductDependency;
			package = B95B19F22AABC40D0013AC79 /* XCRemoteSwiftPackageReference "firebase-ios-sdk" */;
			productName = FirebaseDatabase;
		};
		B92310122BBDC06A0032C950 /* FirebaseDatabaseSwift */ = {
			isa = XCSwiftPackageProductDependency;
			package = B95B19F22AABC40D0013AC79 /* XCRemoteSwiftPackageReference "firebase-ios-sdk" */;
			productName = FirebaseDatabaseSwift;
		};
		B92310142BBDC06A0032C950 /* FirebaseDynamicLinks */ = {
			isa = XCSwiftPackageProductDependency;
			package = B95B19F22AABC40D0013AC79 /* XCRemoteSwiftPackageReference "firebase-ios-sdk" */;
			productName = FirebaseDynamicLinks;
		};
		B92310162BBDC06A0032C950 /* FirebaseFirestore */ = {
			isa = XCSwiftPackageProductDependency;
			package = B95B19F22AABC40D0013AC79 /* XCRemoteSwiftPackageReference "firebase-ios-sdk" */;
			productName = FirebaseFirestore;
		};
		B92310182BBDC06B0032C950 /* FirebaseFirestoreCombine-Community */ = {
			isa = XCSwiftPackageProductDependency;
			package = B95B19F22AABC40D0013AC79 /* XCRemoteSwiftPackageReference "firebase-ios-sdk" */;
			productName = "FirebaseFirestoreCombine-Community";
		};
		B923101A2BBDC06B0032C950 /* FirebaseFirestoreSwift */ = {
			isa = XCSwiftPackageProductDependency;
			package = B95B19F22AABC40D0013AC79 /* XCRemoteSwiftPackageReference "firebase-ios-sdk" */;
			productName = FirebaseFirestoreSwift;
		};
		B923101C2BBDC06B0032C950 /* FirebaseFunctions */ = {
			isa = XCSwiftPackageProductDependency;
			package = B95B19F22AABC40D0013AC79 /* XCRemoteSwiftPackageReference "firebase-ios-sdk" */;
			productName = FirebaseFunctions;
		};
		B923101E2BBDC06B0032C950 /* FirebaseFunctionsCombine-Community */ = {
			isa = XCSwiftPackageProductDependency;
			package = B95B19F22AABC40D0013AC79 /* XCRemoteSwiftPackageReference "firebase-ios-sdk" */;
			productName = "FirebaseFunctionsCombine-Community";
		};
		B92310202BBDC06B0032C950 /* FirebaseInAppMessaging-Beta */ = {
			isa = XCSwiftPackageProductDependency;
			package = B95B19F22AABC40D0013AC79 /* XCRemoteSwiftPackageReference "firebase-ios-sdk" */;
			productName = "FirebaseInAppMessaging-Beta";
		};
		B92310222BBDC06B0032C950 /* FirebaseInAppMessagingSwift-Beta */ = {
			isa = XCSwiftPackageProductDependency;
			package = B95B19F22AABC40D0013AC79 /* XCRemoteSwiftPackageReference "firebase-ios-sdk" */;
			productName = "FirebaseInAppMessagingSwift-Beta";
		};
		B92310242BBDC06B0032C950 /* FirebaseInstallations */ = {
			isa = XCSwiftPackageProductDependency;
			package = B95B19F22AABC40D0013AC79 /* XCRemoteSwiftPackageReference "firebase-ios-sdk" */;
			productName = FirebaseInstallations;
		};
		B92310262BBDC06B0032C950 /* FirebaseMessaging */ = {
			isa = XCSwiftPackageProductDependency;
			package = B95B19F22AABC40D0013AC79 /* XCRemoteSwiftPackageReference "firebase-ios-sdk" */;
			productName = FirebaseMessaging;
		};
		B92310282BBDC06B0032C950 /* FirebaseMLModelDownloader */ = {
			isa = XCSwiftPackageProductDependency;
			package = B95B19F22AABC40D0013AC79 /* XCRemoteSwiftPackageReference "firebase-ios-sdk" */;
			productName = FirebaseMLModelDownloader;
		};
		B923102A2BBDC06B0032C950 /* FirebasePerformance */ = {
			isa = XCSwiftPackageProductDependency;
			package = B95B19F22AABC40D0013AC79 /* XCRemoteSwiftPackageReference "firebase-ios-sdk" */;
			productName = FirebasePerformance;
		};
		B923102C2BBDC06B0032C950 /* FirebaseRemoteConfig */ = {
			isa = XCSwiftPackageProductDependency;
			package = B95B19F22AABC40D0013AC79 /* XCRemoteSwiftPackageReference "firebase-ios-sdk" */;
			productName = FirebaseRemoteConfig;
		};
		B923102E2BBDC06B0032C950 /* FirebaseRemoteConfigSwift */ = {
			isa = XCSwiftPackageProductDependency;
			package = B95B19F22AABC40D0013AC79 /* XCRemoteSwiftPackageReference "firebase-ios-sdk" */;
			productName = FirebaseRemoteConfigSwift;
		};
		B92310302BBDC06B0032C950 /* FirebaseStorage */ = {
			isa = XCSwiftPackageProductDependency;
			package = B95B19F22AABC40D0013AC79 /* XCRemoteSwiftPackageReference "firebase-ios-sdk" */;
			productName = FirebaseStorage;
		};
		B92310322BBDC06B0032C950 /* FirebaseStorageCombine-Community */ = {
			isa = XCSwiftPackageProductDependency;
			package = B95B19F22AABC40D0013AC79 /* XCRemoteSwiftPackageReference "firebase-ios-sdk" */;
			productName = "FirebaseStorageCombine-Community";
		};
/* End XCSwiftPackageProductDependency section */
	};
	rootObject = B95B19D92AABBEE00013AC79 /* Project object */;
}
